
Microsoft Visual Studio Solution File, Format Version 12.00
# Visual Studio Version 17
VisualStudioVersion = 17.1.32104.313
MinimumVisualStudioVersion = 10.0.40219.1
Project("{2150E333-8FDC-42A3-9474-1A3956D46DE8}") = "Infrastructure", "Infrastructure", "{AC0C69E8-0150-4FF0-9DA1-F5091C342BB4}"
EndProject
Project("{9A19103F-16F7-4668-BE54-9A1E7A4F7556}") = "Infrastructure", "Infrastructure\Infrastructure\Infrastructure.csproj", "{C1E57EE6-322D-42BF-B999-82781E8380DD}"
EndProject
Project("{2150E333-8FDC-42A3-9474-1A3956D46DE8}") = "Persistence", "Persistence", "{00ECE11A-6631-41EA-86A1-93224D598135}"
EndProject
Project("{9A19103F-16F7-4668-BE54-9A1E7A4F7556}") = "Persistence.Nhb", "Infrastructure\Persistence\Persistence.Nhb\Persistence.Nhb.csproj", "{E53F423B-564A-468C-9D79-6A7653E20DD5}"
EndProject
Project("{9A19103F-16F7-4668-BE54-9A1E7A4F7556}") = "Persistence.LiteDB", "Infrastructure\Persistence\Persistence.LiteDB\Persistence.LiteDB.csproj", "{6A7E4574-98D7-483D-8293-B289B47C3C9C}"
EndProject
Project("{9A19103F-16F7-4668-BE54-9A1E7A4F7556}") = "Persistence.Memory", "Infrastructure\Persistence\Persistence.Memory\Persistence.Memory.csproj", "{8F95F797-1DF0-4EC0-92BB-D810814427F9}"
EndProject
Project("{2150E333-8FDC-42A3-9474-1A3956D46DE8}") = "Application", "Application", "{218BD38C-925D-4175-AA6A-5AC48910AFD6}"
EndProject
Project("{9A19103F-16F7-4668-BE54-9A1E7A4F7556}") = "Application", "Application\Application\Application.csproj", "{F818F9C3-D2C9-4F7F-B5FB-D4AA23277E97}"
EndProject
Project("{2150E333-8FDC-42A3-9474-1A3956D46DE8}") = "Presentation", "Presentation", "{7B9E0C15-653E-4082-AC9C-0A0055FFC246}"
EndProject
Project("{2150E333-8FDC-42A3-9474-1A3956D46DE8}") = "WPF", "WPF", "{A09CF539-0ADD-4DF2-A035-8BE1184D40C6}"
EndProject
Project("{9A19103F-16F7-4668-BE54-9A1E7A4F7556}") = "WpfBackend", "Presentation\Wpf\WpfBackend\WpfBackend.csproj", "{175CD36C-FEAA-4926-8155-73AE9A3024C9}"
EndProject
Project("{9A19103F-16F7-4668-BE54-9A1E7A4F7556}") = "WpfApp", "Presentation\Wpf\WpfApp\WpfApp.csproj", "{4D323700-8E44-434B-A843-463008590BBE}"
EndProject
Project("{9A19103F-16F7-4668-BE54-9A1E7A4F7556}") = "WpfMetroApp", "Presentation\Wpf\WpfMetroApp\WpfMetroApp.csproj", "{8CDDB88E-D681-4070-A7C2-7FD58918FD90}"
EndProject
Project("{2150E333-8FDC-42A3-9474-1A3956D46DE8}") = "Forms", "Forms", "{2E604FB5-D1DE-4DF5-9E5B-D9DF3B27B8C7}"
EndProject
Project("{9A19103F-16F7-4668-BE54-9A1E7A4F7556}") = "AppForm", "Presentation\Forms\AppForm\AppForm.csproj", "{45CF5B4A-5F3C-463C-840C-5883F3F35634}"
EndProject
Project("{2150E333-8FDC-42A3-9474-1A3956D46DE8}") = "Domain", "Domain", "{434240B9-B84D-4CEB-9308-F2B21B7EBBE3}"
EndProject
Project("{9A19103F-16F7-4668-BE54-9A1E7A4F7556}") = "Domain", "Domain\Domain\Domain.csproj", "{0984AACF-7481-4370-A4FC-E8BF6311D50D}"
EndProject
Project("{2150E333-8FDC-42A3-9474-1A3956D46DE8}") = "Test", "Test", "{D5E2AB2F-BE81-4F68-AC88-F74A7543C4F2}"
EndProject
Project("{9A19103F-16F7-4668-BE54-9A1E7A4F7556}") = "TestDomain", "Test\CiccioGest.Test.Domain\TestDomain.csproj", "{2846C227-A9FD-4740-8714-47DA6DFEF74C}"
EndProject
Project("{2150E333-8FDC-42A3-9474-1A3956D46DE8}") = "WinUi", "WinUi", "{4EAC07D5-6933-4200-A570-67A14E2E2A70}"
EndProject
Project("{9A19103F-16F7-4668-BE54-9A1E7A4F7556}") = "WinUiBackend", "Presentation\WinUi\WinUiBackend\WinUiBackend.csproj", "{FFB9018D-E43D-462F-99C0-9D306CF7CFCA}"
EndProject
Project("{9A19103F-16F7-4668-BE54-9A1E7A4F7556}") = "WinUiMenu", "Presentation\WinUi\WinUiMenu\WinUiMenu.csproj", "{BA511ED2-ED79-4CC3-AF07-FBFED183A7AF}"
EndProject
Project("{9A19103F-16F7-4668-BE54-9A1E7A4F7556}") = "WinUiNav", "Presentation\WinUi\WinUiNav\WinUiNav.csproj", "{3D55E66F-1019-43D2-9EFB-C8A682C87D3B}"
EndProject
Project("{9A19103F-16F7-4668-BE54-9A1E7A4F7556}") = "Mvvm", "Presentation\Mvvm\Mvvm.csproj", "{715352BD-56CD-4B69-B315-961514B38121}"
EndProject
Global
	GlobalSection(SolutionConfigurationPlatforms) = preSolution
		Debug|Any CPU = Debug|Any CPU
		Debug|ARM64 = Debug|ARM64
		Debug|x64 = Debug|x64
		Debug|x86 = Debug|x86
		Release|Any CPU = Release|Any CPU
		Release|ARM64 = Release|ARM64
		Release|x64 = Release|x64
		Release|x86 = Release|x86
	EndGlobalSection
	GlobalSection(ProjectConfigurationPlatforms) = postSolution
		{C1E57EE6-322D-42BF-B999-82781E8380DD}.Debug|Any CPU.ActiveCfg = Debug|x64
		{C1E57EE6-322D-42BF-B999-82781E8380DD}.Debug|Any CPU.Build.0 = Debug|x64
		{C1E57EE6-322D-42BF-B999-82781E8380DD}.Debug|ARM64.ActiveCfg = Debug|x64
		{C1E57EE6-322D-42BF-B999-82781E8380DD}.Debug|ARM64.Build.0 = Debug|x64
		{C1E57EE6-322D-42BF-B999-82781E8380DD}.Debug|x64.ActiveCfg = Debug|x64
		{C1E57EE6-322D-42BF-B999-82781E8380DD}.Debug|x64.Build.0 = Debug|x64
		{C1E57EE6-322D-42BF-B999-82781E8380DD}.Debug|x86.ActiveCfg = Debug|x86
		{C1E57EE6-322D-42BF-B999-82781E8380DD}.Debug|x86.Build.0 = Debug|x86
		{C1E57EE6-322D-42BF-B999-82781E8380DD}.Release|Any CPU.ActiveCfg = Release|x64
		{C1E57EE6-322D-42BF-B999-82781E8380DD}.Release|Any CPU.Build.0 = Release|x64
		{C1E57EE6-322D-42BF-B999-82781E8380DD}.Release|ARM64.ActiveCfg = Release|x64
		{C1E57EE6-322D-42BF-B999-82781E8380DD}.Release|ARM64.Build.0 = Release|x64
		{C1E57EE6-322D-42BF-B999-82781E8380DD}.Release|x64.ActiveCfg = Release|x64
		{C1E57EE6-322D-42BF-B999-82781E8380DD}.Release|x64.Build.0 = Release|x64
		{C1E57EE6-322D-42BF-B999-82781E8380DD}.Release|x86.ActiveCfg = Release|x86
		{C1E57EE6-322D-42BF-B999-82781E8380DD}.Release|x86.Build.0 = Release|x86
		{E53F423B-564A-468C-9D79-6A7653E20DD5}.Debug|Any CPU.ActiveCfg = Debug|x64
		{E53F423B-564A-468C-9D79-6A7653E20DD5}.Debug|Any CPU.Build.0 = Debug|x64
		{E53F423B-564A-468C-9D79-6A7653E20DD5}.Debug|ARM64.ActiveCfg = Debug|x64
		{E53F423B-564A-468C-9D79-6A7653E20DD5}.Debug|ARM64.Build.0 = Debug|x64
		{E53F423B-564A-468C-9D79-6A7653E20DD5}.Debug|x64.ActiveCfg = Debug|x64
		{E53F423B-564A-468C-9D79-6A7653E20DD5}.Debug|x64.Build.0 = Debug|x64
		{E53F423B-564A-468C-9D79-6A7653E20DD5}.Debug|x86.ActiveCfg = Debug|x86
		{E53F423B-564A-468C-9D79-6A7653E20DD5}.Debug|x86.Build.0 = Debug|x86
		{E53F423B-564A-468C-9D79-6A7653E20DD5}.Release|Any CPU.ActiveCfg = Release|x64
		{E53F423B-564A-468C-9D79-6A7653E20DD5}.Release|Any CPU.Build.0 = Release|x64
		{E53F423B-564A-468C-9D79-6A7653E20DD5}.Release|ARM64.ActiveCfg = Release|x64
		{E53F423B-564A-468C-9D79-6A7653E20DD5}.Release|ARM64.Build.0 = Release|x64
		{E53F423B-564A-468C-9D79-6A7653E20DD5}.Release|x64.ActiveCfg = Release|x64
		{E53F423B-564A-468C-9D79-6A7653E20DD5}.Release|x64.Build.0 = Release|x64
		{E53F423B-564A-468C-9D79-6A7653E20DD5}.Release|x86.ActiveCfg = Release|x86
		{E53F423B-564A-468C-9D79-6A7653E20DD5}.Release|x86.Build.0 = Release|x86
		{6A7E4574-98D7-483D-8293-B289B47C3C9C}.Debug|Any CPU.ActiveCfg = Debug|x64
		{6A7E4574-98D7-483D-8293-B289B47C3C9C}.Debug|Any CPU.Build.0 = Debug|x64
		{6A7E4574-98D7-483D-8293-B289B47C3C9C}.Debug|ARM64.ActiveCfg = Debug|x64
		{6A7E4574-98D7-483D-8293-B289B47C3C9C}.Debug|ARM64.Build.0 = Debug|x64
		{6A7E4574-98D7-483D-8293-B289B47C3C9C}.Debug|x64.ActiveCfg = Debug|x64
		{6A7E4574-98D7-483D-8293-B289B47C3C9C}.Debug|x64.Build.0 = Debug|x64
		{6A7E4574-98D7-483D-8293-B289B47C3C9C}.Debug|x86.ActiveCfg = Debug|x86
		{6A7E4574-98D7-483D-8293-B289B47C3C9C}.Debug|x86.Build.0 = Debug|x86
		{6A7E4574-98D7-483D-8293-B289B47C3C9C}.Release|Any CPU.ActiveCfg = Release|x64
		{6A7E4574-98D7-483D-8293-B289B47C3C9C}.Release|Any CPU.Build.0 = Release|x64
		{6A7E4574-98D7-483D-8293-B289B47C3C9C}.Release|ARM64.ActiveCfg = Release|x64
		{6A7E4574-98D7-483D-8293-B289B47C3C9C}.Release|ARM64.Build.0 = Release|x64
		{6A7E4574-98D7-483D-8293-B289B47C3C9C}.Release|x64.ActiveCfg = Release|x64
		{6A7E4574-98D7-483D-8293-B289B47C3C9C}.Release|x64.Build.0 = Release|x64
		{6A7E4574-98D7-483D-8293-B289B47C3C9C}.Release|x86.ActiveCfg = Release|x86
		{6A7E4574-98D7-483D-8293-B289B47C3C9C}.Release|x86.Build.0 = Release|x86
		{8F95F797-1DF0-4EC0-92BB-D810814427F9}.Debug|Any CPU.ActiveCfg = Debug|x64
		{8F95F797-1DF0-4EC0-92BB-D810814427F9}.Debug|Any CPU.Build.0 = Debug|x64
		{8F95F797-1DF0-4EC0-92BB-D810814427F9}.Debug|ARM64.ActiveCfg = Debug|x64
		{8F95F797-1DF0-4EC0-92BB-D810814427F9}.Debug|ARM64.Build.0 = Debug|x64
		{8F95F797-1DF0-4EC0-92BB-D810814427F9}.Debug|x64.ActiveCfg = Debug|x64
		{8F95F797-1DF0-4EC0-92BB-D810814427F9}.Debug|x64.Build.0 = Debug|x64
		{8F95F797-1DF0-4EC0-92BB-D810814427F9}.Debug|x86.ActiveCfg = Debug|x86
		{8F95F797-1DF0-4EC0-92BB-D810814427F9}.Debug|x86.Build.0 = Debug|x86
		{8F95F797-1DF0-4EC0-92BB-D810814427F9}.Release|Any CPU.ActiveCfg = Release|x64
		{8F95F797-1DF0-4EC0-92BB-D810814427F9}.Release|Any CPU.Build.0 = Release|x64
		{8F95F797-1DF0-4EC0-92BB-D810814427F9}.Release|ARM64.ActiveCfg = Release|x64
		{8F95F797-1DF0-4EC0-92BB-D810814427F9}.Release|ARM64.Build.0 = Release|x64
		{8F95F797-1DF0-4EC0-92BB-D810814427F9}.Release|x64.ActiveCfg = Release|x64
		{8F95F797-1DF0-4EC0-92BB-D810814427F9}.Release|x64.Build.0 = Release|x64
		{8F95F797-1DF0-4EC0-92BB-D810814427F9}.Release|x86.ActiveCfg = Release|x86
		{8F95F797-1DF0-4EC0-92BB-D810814427F9}.Release|x86.Build.0 = Release|x86
		{F818F9C3-D2C9-4F7F-B5FB-D4AA23277E97}.Debug|Any CPU.ActiveCfg = Debug|x64
		{F818F9C3-D2C9-4F7F-B5FB-D4AA23277E97}.Debug|Any CPU.Build.0 = Debug|x64
		{F818F9C3-D2C9-4F7F-B5FB-D4AA23277E97}.Debug|ARM64.ActiveCfg = Debug|x64
		{F818F9C3-D2C9-4F7F-B5FB-D4AA23277E97}.Debug|ARM64.Build.0 = Debug|x64
		{F818F9C3-D2C9-4F7F-B5FB-D4AA23277E97}.Debug|x64.ActiveCfg = Debug|x64
		{F818F9C3-D2C9-4F7F-B5FB-D4AA23277E97}.Debug|x64.Build.0 = Debug|x64
		{F818F9C3-D2C9-4F7F-B5FB-D4AA23277E97}.Debug|x86.ActiveCfg = Debug|x86
		{F818F9C3-D2C9-4F7F-B5FB-D4AA23277E97}.Debug|x86.Build.0 = Debug|x86
		{F818F9C3-D2C9-4F7F-B5FB-D4AA23277E97}.Release|Any CPU.ActiveCfg = Release|x64
		{F818F9C3-D2C9-4F7F-B5FB-D4AA23277E97}.Release|Any CPU.Build.0 = Release|x64
		{F818F9C3-D2C9-4F7F-B5FB-D4AA23277E97}.Release|ARM64.ActiveCfg = Release|x64
		{F818F9C3-D2C9-4F7F-B5FB-D4AA23277E97}.Release|ARM64.Build.0 = Release|x64
		{F818F9C3-D2C9-4F7F-B5FB-D4AA23277E97}.Release|x64.ActiveCfg = Release|x64
		{F818F9C3-D2C9-4F7F-B5FB-D4AA23277E97}.Release|x64.Build.0 = Release|x64
		{F818F9C3-D2C9-4F7F-B5FB-D4AA23277E97}.Release|x86.ActiveCfg = Release|x86
		{F818F9C3-D2C9-4F7F-B5FB-D4AA23277E97}.Release|x86.Build.0 = Release|x86
		{175CD36C-FEAA-4926-8155-73AE9A3024C9}.Debug|Any CPU.ActiveCfg = Debug|x64
		{175CD36C-FEAA-4926-8155-73AE9A3024C9}.Debug|Any CPU.Build.0 = Debug|x64
		{175CD36C-FEAA-4926-8155-73AE9A3024C9}.Debug|ARM64.ActiveCfg = Debug|x64
		{175CD36C-FEAA-4926-8155-73AE9A3024C9}.Debug|x64.ActiveCfg = Debug|x64
		{175CD36C-FEAA-4926-8155-73AE9A3024C9}.Debug|x64.Build.0 = Debug|x64
		{175CD36C-FEAA-4926-8155-73AE9A3024C9}.Debug|x86.ActiveCfg = Debug|x86
		{175CD36C-FEAA-4926-8155-73AE9A3024C9}.Debug|x86.Build.0 = Debug|x86
		{175CD36C-FEAA-4926-8155-73AE9A3024C9}.Release|Any CPU.ActiveCfg = Release|x64
		{175CD36C-FEAA-4926-8155-73AE9A3024C9}.Release|Any CPU.Build.0 = Release|x64
		{175CD36C-FEAA-4926-8155-73AE9A3024C9}.Release|ARM64.ActiveCfg = Release|x64
		{175CD36C-FEAA-4926-8155-73AE9A3024C9}.Release|x64.ActiveCfg = Release|x64
		{175CD36C-FEAA-4926-8155-73AE9A3024C9}.Release|x64.Build.0 = Release|x64
		{175CD36C-FEAA-4926-8155-73AE9A3024C9}.Release|x86.ActiveCfg = Release|x86
		{175CD36C-FEAA-4926-8155-73AE9A3024C9}.Release|x86.Build.0 = Release|x86
		{4D323700-8E44-434B-A843-463008590BBE}.Debug|Any CPU.ActiveCfg = Debug|x64
		{4D323700-8E44-434B-A843-463008590BBE}.Debug|Any CPU.Build.0 = Debug|x64
		{4D323700-8E44-434B-A843-463008590BBE}.Debug|ARM64.ActiveCfg = Debug|x64
		{4D323700-8E44-434B-A843-463008590BBE}.Debug|x64.ActiveCfg = Debug|x64
		{4D323700-8E44-434B-A843-463008590BBE}.Debug|x64.Build.0 = Debug|x64
		{4D323700-8E44-434B-A843-463008590BBE}.Debug|x86.ActiveCfg = Debug|x86
		{4D323700-8E44-434B-A843-463008590BBE}.Debug|x86.Build.0 = Debug|x86
		{4D323700-8E44-434B-A843-463008590BBE}.Release|Any CPU.ActiveCfg = Release|x64
		{4D323700-8E44-434B-A843-463008590BBE}.Release|Any CPU.Build.0 = Release|x64
		{4D323700-8E44-434B-A843-463008590BBE}.Release|ARM64.ActiveCfg = Release|x64
		{4D323700-8E44-434B-A843-463008590BBE}.Release|x64.ActiveCfg = Release|x64
		{4D323700-8E44-434B-A843-463008590BBE}.Release|x64.Build.0 = Release|x64
		{4D323700-8E44-434B-A843-463008590BBE}.Release|x86.ActiveCfg = Release|x86
		{4D323700-8E44-434B-A843-463008590BBE}.Release|x86.Build.0 = Release|x86
		{8CDDB88E-D681-4070-A7C2-7FD58918FD90}.Debug|Any CPU.ActiveCfg = Debug|x64
		{8CDDB88E-D681-4070-A7C2-7FD58918FD90}.Debug|Any CPU.Build.0 = Debug|x64
		{8CDDB88E-D681-4070-A7C2-7FD58918FD90}.Debug|ARM64.ActiveCfg = Debug|x64
		{8CDDB88E-D681-4070-A7C2-7FD58918FD90}.Debug|x64.ActiveCfg = Debug|x64
		{8CDDB88E-D681-4070-A7C2-7FD58918FD90}.Debug|x64.Build.0 = Debug|x64
		{8CDDB88E-D681-4070-A7C2-7FD58918FD90}.Debug|x86.ActiveCfg = Debug|x86
		{8CDDB88E-D681-4070-A7C2-7FD58918FD90}.Debug|x86.Build.0 = Debug|x86
		{8CDDB88E-D681-4070-A7C2-7FD58918FD90}.Release|Any CPU.ActiveCfg = Release|x64
		{8CDDB88E-D681-4070-A7C2-7FD58918FD90}.Release|Any CPU.Build.0 = Release|x64
		{8CDDB88E-D681-4070-A7C2-7FD58918FD90}.Release|ARM64.ActiveCfg = Release|x64
		{8CDDB88E-D681-4070-A7C2-7FD58918FD90}.Release|x64.ActiveCfg = Release|x64
		{8CDDB88E-D681-4070-A7C2-7FD58918FD90}.Release|x64.Build.0 = Release|x64
		{8CDDB88E-D681-4070-A7C2-7FD58918FD90}.Release|x86.ActiveCfg = Release|x86
		{8CDDB88E-D681-4070-A7C2-7FD58918FD90}.Release|x86.Build.0 = Release|x86
		{45CF5B4A-5F3C-463C-840C-5883F3F35634}.Debug|Any CPU.ActiveCfg = Debug|x64
		{45CF5B4A-5F3C-463C-840C-5883F3F35634}.Debug|Any CPU.Build.0 = Debug|x64
		{45CF5B4A-5F3C-463C-840C-5883F3F35634}.Debug|ARM64.ActiveCfg = Debug|x64
		{45CF5B4A-5F3C-463C-840C-5883F3F35634}.Debug|x64.ActiveCfg = Debug|x64
		{45CF5B4A-5F3C-463C-840C-5883F3F35634}.Debug|x64.Build.0 = Debug|x64
		{45CF5B4A-5F3C-463C-840C-5883F3F35634}.Debug|x86.ActiveCfg = Debug|x86
		{45CF5B4A-5F3C-463C-840C-5883F3F35634}.Debug|x86.Build.0 = Debug|x86
		{45CF5B4A-5F3C-463C-840C-5883F3F35634}.Release|Any CPU.ActiveCfg = Release|x64
		{45CF5B4A-5F3C-463C-840C-5883F3F35634}.Release|Any CPU.Build.0 = Release|x64
		{45CF5B4A-5F3C-463C-840C-5883F3F35634}.Release|ARM64.ActiveCfg = Release|x64
		{45CF5B4A-5F3C-463C-840C-5883F3F35634}.Release|x64.ActiveCfg = Release|x64
		{45CF5B4A-5F3C-463C-840C-5883F3F35634}.Release|x64.Build.0 = Release|x64
		{45CF5B4A-5F3C-463C-840C-5883F3F35634}.Release|x86.ActiveCfg = Release|x86
		{45CF5B4A-5F3C-463C-840C-5883F3F35634}.Release|x86.Build.0 = Release|x86
		{0984AACF-7481-4370-A4FC-E8BF6311D50D}.Debug|Any CPU.ActiveCfg = Debug|x64
		{0984AACF-7481-4370-A4FC-E8BF6311D50D}.Debug|Any CPU.Build.0 = Debug|x64
		{0984AACF-7481-4370-A4FC-E8BF6311D50D}.Debug|ARM64.ActiveCfg = Debug|x64
		{0984AACF-7481-4370-A4FC-E8BF6311D50D}.Debug|ARM64.Build.0 = Debug|x64
		{0984AACF-7481-4370-A4FC-E8BF6311D50D}.Debug|x64.ActiveCfg = Debug|x64
		{0984AACF-7481-4370-A4FC-E8BF6311D50D}.Debug|x64.Build.0 = Debug|x64
		{0984AACF-7481-4370-A4FC-E8BF6311D50D}.Debug|x86.ActiveCfg = Debug|x86
		{0984AACF-7481-4370-A4FC-E8BF6311D50D}.Debug|x86.Build.0 = Debug|x86
		{0984AACF-7481-4370-A4FC-E8BF6311D50D}.Release|Any CPU.ActiveCfg = Release|x64
		{0984AACF-7481-4370-A4FC-E8BF6311D50D}.Release|Any CPU.Build.0 = Release|x64
		{0984AACF-7481-4370-A4FC-E8BF6311D50D}.Release|ARM64.ActiveCfg = Release|x64
		{0984AACF-7481-4370-A4FC-E8BF6311D50D}.Release|ARM64.Build.0 = Release|x64
		{0984AACF-7481-4370-A4FC-E8BF6311D50D}.Release|x64.ActiveCfg = Release|x64
		{0984AACF-7481-4370-A4FC-E8BF6311D50D}.Release|x64.Build.0 = Release|x64
		{0984AACF-7481-4370-A4FC-E8BF6311D50D}.Release|x86.ActiveCfg = Release|x86
		{0984AACF-7481-4370-A4FC-E8BF6311D50D}.Release|x86.Build.0 = Release|x86
		{2846C227-A9FD-4740-8714-47DA6DFEF74C}.Debug|Any CPU.ActiveCfg = Debug|x64
		{2846C227-A9FD-4740-8714-47DA6DFEF74C}.Debug|ARM64.ActiveCfg = Debug|x64
		{2846C227-A9FD-4740-8714-47DA6DFEF74C}.Debug|x64.ActiveCfg = Debug|x64
		{2846C227-A9FD-4740-8714-47DA6DFEF74C}.Debug|x64.Build.0 = Debug|x64
		{2846C227-A9FD-4740-8714-47DA6DFEF74C}.Debug|x86.ActiveCfg = Debug|x86
		{2846C227-A9FD-4740-8714-47DA6DFEF74C}.Debug|x86.Build.0 = Debug|x86
		{2846C227-A9FD-4740-8714-47DA6DFEF74C}.Release|Any CPU.ActiveCfg = Release|x64
		{2846C227-A9FD-4740-8714-47DA6DFEF74C}.Release|ARM64.ActiveCfg = Release|x64
		{2846C227-A9FD-4740-8714-47DA6DFEF74C}.Release|x64.ActiveCfg = Release|x64
		{2846C227-A9FD-4740-8714-47DA6DFEF74C}.Release|x64.Build.0 = Release|x64
		{2846C227-A9FD-4740-8714-47DA6DFEF74C}.Release|x86.ActiveCfg = Release|x86
		{2846C227-A9FD-4740-8714-47DA6DFEF74C}.Release|x86.Build.0 = Release|x86
		{FFB9018D-E43D-462F-99C0-9D306CF7CFCA}.Debug|Any CPU.ActiveCfg = Debug|x64
		{FFB9018D-E43D-462F-99C0-9D306CF7CFCA}.Debug|Any CPU.Build.0 = Debug|x64
		{FFB9018D-E43D-462F-99C0-9D306CF7CFCA}.Debug|ARM64.ActiveCfg = Debug|x64
		{FFB9018D-E43D-462F-99C0-9D306CF7CFCA}.Debug|ARM64.Build.0 = Debug|x64
		{FFB9018D-E43D-462F-99C0-9D306CF7CFCA}.Debug|x64.ActiveCfg = Debug|x64
		{FFB9018D-E43D-462F-99C0-9D306CF7CFCA}.Debug|x64.Build.0 = Debug|x64
		{FFB9018D-E43D-462F-99C0-9D306CF7CFCA}.Debug|x86.ActiveCfg = Debug|x86
		{FFB9018D-E43D-462F-99C0-9D306CF7CFCA}.Debug|x86.Build.0 = Debug|x86
		{FFB9018D-E43D-462F-99C0-9D306CF7CFCA}.Release|Any CPU.ActiveCfg = Release|x64
		{FFB9018D-E43D-462F-99C0-9D306CF7CFCA}.Release|Any CPU.Build.0 = Release|x64
		{FFB9018D-E43D-462F-99C0-9D306CF7CFCA}.Release|ARM64.ActiveCfg = Release|x64
		{FFB9018D-E43D-462F-99C0-9D306CF7CFCA}.Release|ARM64.Build.0 = Release|x64
		{FFB9018D-E43D-462F-99C0-9D306CF7CFCA}.Release|x64.ActiveCfg = Release|x64
		{FFB9018D-E43D-462F-99C0-9D306CF7CFCA}.Release|x64.Build.0 = Release|x64
		{FFB9018D-E43D-462F-99C0-9D306CF7CFCA}.Release|x86.ActiveCfg = Release|x86
		{FFB9018D-E43D-462F-99C0-9D306CF7CFCA}.Release|x86.Build.0 = Release|x86
		{BA511ED2-ED79-4CC3-AF07-FBFED183A7AF}.Debug|Any CPU.ActiveCfg = Debug|x64
		{BA511ED2-ED79-4CC3-AF07-FBFED183A7AF}.Debug|Any CPU.Build.0 = Debug|x64
		{BA511ED2-ED79-4CC3-AF07-FBFED183A7AF}.Debug|Any CPU.Deploy.0 = Debug|x64
		{BA511ED2-ED79-4CC3-AF07-FBFED183A7AF}.Debug|ARM64.ActiveCfg = Debug|x64
		{BA511ED2-ED79-4CC3-AF07-FBFED183A7AF}.Debug|ARM64.Build.0 = Debug|x64
		{BA511ED2-ED79-4CC3-AF07-FBFED183A7AF}.Debug|ARM64.Deploy.0 = Debug|x64
		{BA511ED2-ED79-4CC3-AF07-FBFED183A7AF}.Debug|x64.ActiveCfg = Debug|x64
		{BA511ED2-ED79-4CC3-AF07-FBFED183A7AF}.Debug|x64.Build.0 = Debug|x64
		{BA511ED2-ED79-4CC3-AF07-FBFED183A7AF}.Debug|x64.Deploy.0 = Debug|x64
		{BA511ED2-ED79-4CC3-AF07-FBFED183A7AF}.Debug|x86.ActiveCfg = Debug|x86
		{BA511ED2-ED79-4CC3-AF07-FBFED183A7AF}.Debug|x86.Build.0 = Debug|x86
		{BA511ED2-ED79-4CC3-AF07-FBFED183A7AF}.Debug|x86.Deploy.0 = Debug|x86
		{BA511ED2-ED79-4CC3-AF07-FBFED183A7AF}.Release|Any CPU.ActiveCfg = Release|x64
		{BA511ED2-ED79-4CC3-AF07-FBFED183A7AF}.Release|Any CPU.Build.0 = Release|x64
		{BA511ED2-ED79-4CC3-AF07-FBFED183A7AF}.Release|Any CPU.Deploy.0 = Release|x64
		{BA511ED2-ED79-4CC3-AF07-FBFED183A7AF}.Release|ARM64.ActiveCfg = Release|x64
		{BA511ED2-ED79-4CC3-AF07-FBFED183A7AF}.Release|ARM64.Build.0 = Release|x64
		{BA511ED2-ED79-4CC3-AF07-FBFED183A7AF}.Release|ARM64.Deploy.0 = Release|x64
		{BA511ED2-ED79-4CC3-AF07-FBFED183A7AF}.Release|x64.ActiveCfg = Release|x64
		{BA511ED2-ED79-4CC3-AF07-FBFED183A7AF}.Release|x64.Build.0 = Release|x64
		{BA511ED2-ED79-4CC3-AF07-FBFED183A7AF}.Release|x64.Deploy.0 = Release|x64
		{BA511ED2-ED79-4CC3-AF07-FBFED183A7AF}.Release|x86.ActiveCfg = Release|x86
		{BA511ED2-ED79-4CC3-AF07-FBFED183A7AF}.Release|x86.Build.0 = Release|x86
		{BA511ED2-ED79-4CC3-AF07-FBFED183A7AF}.Release|x86.Deploy.0 = Release|x86
		{3D55E66F-1019-43D2-9EFB-C8A682C87D3B}.Debug|Any CPU.ActiveCfg = Debug|x64
		{3D55E66F-1019-43D2-9EFB-C8A682C87D3B}.Debug|Any CPU.Build.0 = Debug|x64
		{3D55E66F-1019-43D2-9EFB-C8A682C87D3B}.Debug|Any CPU.Deploy.0 = Debug|x64
		{3D55E66F-1019-43D2-9EFB-C8A682C87D3B}.Debug|ARM64.ActiveCfg = Debug|x64
		{3D55E66F-1019-43D2-9EFB-C8A682C87D3B}.Debug|ARM64.Build.0 = Debug|x64
		{3D55E66F-1019-43D2-9EFB-C8A682C87D3B}.Debug|ARM64.Deploy.0 = Debug|x64
		{3D55E66F-1019-43D2-9EFB-C8A682C87D3B}.Debug|x64.ActiveCfg = Debug|x64
		{3D55E66F-1019-43D2-9EFB-C8A682C87D3B}.Debug|x64.Build.0 = Debug|x64
		{3D55E66F-1019-43D2-9EFB-C8A682C87D3B}.Debug|x64.Deploy.0 = Debug|x64
		{3D55E66F-1019-43D2-9EFB-C8A682C87D3B}.Debug|x86.ActiveCfg = Debug|x86
		{3D55E66F-1019-43D2-9EFB-C8A682C87D3B}.Debug|x86.Build.0 = Debug|x86
		{3D55E66F-1019-43D2-9EFB-C8A682C87D3B}.Debug|x86.Deploy.0 = Debug|x86
		{3D55E66F-1019-43D2-9EFB-C8A682C87D3B}.Release|Any CPU.ActiveCfg = Release|x64
		{3D55E66F-1019-43D2-9EFB-C8A682C87D3B}.Release|Any CPU.Build.0 = Release|x64
		{3D55E66F-1019-43D2-9EFB-C8A682C87D3B}.Release|Any CPU.Deploy.0 = Release|x64
		{3D55E66F-1019-43D2-9EFB-C8A682C87D3B}.Release|ARM64.ActiveCfg = Release|x64
		{3D55E66F-1019-43D2-9EFB-C8A682C87D3B}.Release|ARM64.Build.0 = Release|x64
		{3D55E66F-1019-43D2-9EFB-C8A682C87D3B}.Release|ARM64.Deploy.0 = Release|x64
		{3D55E66F-1019-43D2-9EFB-C8A682C87D3B}.Release|x64.ActiveCfg = Release|x64
		{3D55E66F-1019-43D2-9EFB-C8A682C87D3B}.Release|x64.Build.0 = Release|x64
		{3D55E66F-1019-43D2-9EFB-C8A682C87D3B}.Release|x64.Deploy.0 = Release|x64
		{3D55E66F-1019-43D2-9EFB-C8A682C87D3B}.Release|x86.ActiveCfg = Release|x86
		{3D55E66F-1019-43D2-9EFB-C8A682C87D3B}.Release|x86.Build.0 = Release|x86
		{3D55E66F-1019-43D2-9EFB-C8A682C87D3B}.Release|x86.Deploy.0 = Release|x86
		{715352BD-56CD-4B69-B315-961514B38121}.Debug|Any CPU.ActiveCfg = Debug|x64
		{715352BD-56CD-4B69-B315-961514B38121}.Debug|ARM64.ActiveCfg = Debug|x64
		{715352BD-56CD-4B69-B315-961514B38121}.Debug|x64.ActiveCfg = Debug|x64
		{715352BD-56CD-4B69-B315-961514B38121}.Debug|x64.Build.0 = Debug|x64
		{715352BD-56CD-4B69-B315-961514B38121}.Debug|x86.ActiveCfg = Debug|x86
		{715352BD-56CD-4B69-B315-961514B38121}.Release|Any CPU.ActiveCfg = Release|x64
		{715352BD-56CD-4B69-B315-961514B38121}.Release|ARM64.ActiveCfg = Release|x64
		{715352BD-56CD-4B69-B315-961514B38121}.Release|x64.ActiveCfg = Release|x64
		{715352BD-56CD-4B69-B315-961514B38121}.Release|x86.ActiveCfg = Release|x86
	EndGlobalSection
	GlobalSection(SolutionProperties) = preSolution
		HideSolutionNode = FALSE
	EndGlobalSection
	GlobalSection(NestedProjects) = preSolution
		{C1E57EE6-322D-42BF-B999-82781E8380DD} = {AC0C69E8-0150-4FF0-9DA1-F5091C342BB4}
		{00ECE11A-6631-41EA-86A1-93224D598135} = {AC0C69E8-0150-4FF0-9DA1-F5091C342BB4}
		{E53F423B-564A-468C-9D79-6A7653E20DD5} = {00ECE11A-6631-41EA-86A1-93224D598135}
		{6A7E4574-98D7-483D-8293-B289B47C3C9C} = {00ECE11A-6631-41EA-86A1-93224D598135}
		{8F95F797-1DF0-4EC0-92BB-D810814427F9} = {00ECE11A-6631-41EA-86A1-93224D598135}
		{F818F9C3-D2C9-4F7F-B5FB-D4AA23277E97} = {218BD38C-925D-4175-AA6A-5AC48910AFD6}
		{A09CF539-0ADD-4DF2-A035-8BE1184D40C6} = {7B9E0C15-653E-4082-AC9C-0A0055FFC246}
		{175CD36C-FEAA-4926-8155-73AE9A3024C9} = {A09CF539-0ADD-4DF2-A035-8BE1184D40C6}
		{4D323700-8E44-434B-A843-463008590BBE} = {A09CF539-0ADD-4DF2-A035-8BE1184D40C6}
		{8CDDB88E-D681-4070-A7C2-7FD58918FD90} = {A09CF539-0ADD-4DF2-A035-8BE1184D40C6}
		{2E604FB5-D1DE-4DF5-9E5B-D9DF3B27B8C7} = {7B9E0C15-653E-4082-AC9C-0A0055FFC246}
		{45CF5B4A-5F3C-463C-840C-5883F3F35634} = {2E604FB5-D1DE-4DF5-9E5B-D9DF3B27B8C7}
		{0984AACF-7481-4370-A4FC-E8BF6311D50D} = {434240B9-B84D-4CEB-9308-F2B21B7EBBE3}
		{2846C227-A9FD-4740-8714-47DA6DFEF74C} = {D5E2AB2F-BE81-4F68-AC88-F74A7543C4F2}
		{4EAC07D5-6933-4200-A570-67A14E2E2A70} = {7B9E0C15-653E-4082-AC9C-0A0055FFC246}
		{FFB9018D-E43D-462F-99C0-9D306CF7CFCA} = {4EAC07D5-6933-4200-A570-67A14E2E2A70}
		{BA511ED2-ED79-4CC3-AF07-FBFED183A7AF} = {4EAC07D5-6933-4200-A570-67A14E2E2A70}
		{3D55E66F-1019-43D2-9EFB-C8A682C87D3B} = {4EAC07D5-6933-4200-A570-67A14E2E2A70}
		{715352BD-56CD-4B69-B315-961514B38121} = {7B9E0C15-653E-4082-AC9C-0A0055FFC246}
	EndGlobalSection
	GlobalSection(ExtensibilityGlobals) = postSolution
		SolutionGuid = {F268A144-AA14-4125-BE0A-DDFB22EDE62E}
	EndGlobalSection
EndGlobal
