
Microsoft Visual Studio Solution File, Format Version 12.00
# Visual Studio Version 16
VisualStudioVersion = 16.0.29020.237
MinimumVisualStudioVersion = 10.0.40219.1
Project("{2150E333-8FDC-42A3-9474-1A3956D46DE8}") = "Presentation", "Presentation", "{145CF822-F5C4-482A-9E2B-D0B143AB04F6}"
EndProject
Project("{2150E333-8FDC-42A3-9474-1A3956D46DE8}") = "Interface", "Interface", "{B3DACDD9-9778-41D0-9108-2BB7BC21F3C3}"
EndProject
Project("{2150E333-8FDC-42A3-9474-1A3956D46DE8}") = "Test", "Test", "{A46DD0B3-1569-472D-9C7D-3CFCF02E0797}"
EndProject
Project("{9A19103F-16F7-4668-BE54-9A1E7A4F7556}") = "ClientCore", "Presentation\ClientCore\ClientCore.csproj", "{320B9D9F-7F13-4A35-9CD0-1694D87DF975}"
EndProject
Project("{9A19103F-16F7-4668-BE54-9A1E7A4F7556}") = "LoadSampleData", "Presentation\LoadSampleData\LoadSampleData.csproj", "{EF865CC4-35E7-46DF-B26F-6DA34D55FF03}"
EndProject
Project("{9A19103F-16F7-4668-BE54-9A1E7A4F7556}") = "TestDomain", "Test\CiccioGest.Test.Domain\TestDomain.csproj", "{A47AA02C-6BEB-4228-B8C2-6351D2464CB1}"
EndProject
Project("{2150E333-8FDC-42A3-9474-1A3956D46DE8}") = "Infrastructure", "Infrastructure", "{55BC4F6C-BA81-4FBD-B21A-18895C5DF30A}"
EndProject
Project("{9A19103F-16F7-4668-BE54-9A1E7A4F7556}") = "Infrastructure", "Infrastructure\Infrastructure\Infrastructure.csproj", "{EDE3CB02-6D67-4ACE-9928-0869DCF97810}"
EndProject
Project("{2150E333-8FDC-42A3-9474-1A3956D46DE8}") = "Persistence", "Persistence", "{E252F5BF-71B0-49F0-B4F5-6B6F232288CA}"
EndProject
Project("{9A19103F-16F7-4668-BE54-9A1E7A4F7556}") = "Persistence.Nhb", "Infrastructure\Persistence\Persistence.Nhb\Persistence.Nhb.csproj", "{4E93EB05-271F-473A-B0B2-76D4E5003A40}"
EndProject
Project("{2150E333-8FDC-42A3-9474-1A3956D46DE8}") = "Application", "Application", "{E23AC699-5252-49EE-AE4B-D7574AE80C50}"
EndProject
Project("{9A19103F-16F7-4668-BE54-9A1E7A4F7556}") = "Application", "Application\Application\Application.csproj", "{02223AD0-1E4E-4815-8CE4-F9B2176B30B9}"
EndProject
Project("{9A19103F-16F7-4668-BE54-9A1E7A4F7556}") = "Application.Impl", "Application\Application.Impl\Application.Impl.csproj", "{E5891A3C-DEAE-4D01-A834-46F710047E20}"
EndProject
Project("{2150E333-8FDC-42A3-9474-1A3956D46DE8}") = "Domain", "Domain", "{42194B3D-59E7-493D-9A64-53368B6BAE4A}"
EndProject
Project("{9A19103F-16F7-4668-BE54-9A1E7A4F7556}") = "Domain", "Domain\Domain\Domain.csproj", "{5638149C-0825-4CC3-BCC3-C69143426B2B}"
EndProject
Project("{2150E333-8FDC-42A3-9474-1A3956D46DE8}") = "Wcf", "Wcf", "{4EF48EA5-FDBC-4B92-95AD-DA88F4BB2AD1}"
EndProject
Project("{FAE04EC0-301F-11D3-BF4B-00C04F79EFBC}") = "WebService", "Interface\Wcf\WebService\WebService.csproj", "{3C8014F3-5EFA-48F0-8081-19FF30AE5423}"
EndProject
Project("{FAE04EC0-301F-11D3-BF4B-00C04F79EFBC}") = "AppWcf", "Interface\Wcf\AppWcf\AppWcf.csproj", "{FF544710-8B00-46A0-953D-6BE52A305483}"
EndProject
Project("{2150E333-8FDC-42A3-9474-1A3956D46DE8}") = "Wpf", "Wpf", "{442F3125-E541-4FEE-B8EF-5C4E03804CD6}"
EndProject
Project("{2150E333-8FDC-42A3-9474-1A3956D46DE8}") = "Uwp", "Uwp", "{8D2CBA03-F180-4586-9E63-FEA8006E2D1D}"
EndProject
Project("{FAE04EC0-301F-11D3-BF4B-00C04F79EFBC}") = "AppUwp1", "Presentation\Uwp\AppUwp1\AppUwp1.csproj", "{E926D760-A087-41E6-8F62-A873E0B6ED93}"
EndProject
Project("{FAE04EC0-301F-11D3-BF4B-00C04F79EFBC}") = "AppUwp2", "Presentation\Uwp\AppUwp2\AppUwp2.csproj", "{382FC147-E240-417E-8979-0A81F1508B6C}"
EndProject
Project("{9A19103F-16F7-4668-BE54-9A1E7A4F7556}") = "Persistence.LiteDB", "Infrastructure\Persistence\Persistence.LiteDB\Persistence.LiteDB.csproj", "{026F32D4-2E97-4993-AB3F-AAB03B3D520C}"
EndProject
Project("{9A19103F-16F7-4668-BE54-9A1E7A4F7556}") = "App1", "Presentation\Wpf\App1\App1.csproj", "{06F8D467-BED2-4E5A-A67A-A3FAB252AA30}"
EndProject
Project("{9A19103F-16F7-4668-BE54-9A1E7A4F7556}") = "App2", "Presentation\Wpf\App2\App2.csproj", "{8553A63D-79AB-464F-A587-74CACD107FA9}"
EndProject
Global
	GlobalSection(SolutionConfigurationPlatforms) = preSolution
		Debug|Any CPU = Debug|Any CPU
		Debug|ARM = Debug|ARM
		Debug|ARM64 = Debug|ARM64
		Debug|x64 = Debug|x64
		Debug|x86 = Debug|x86
		Release|Any CPU = Release|Any CPU
		Release|ARM = Release|ARM
		Release|ARM64 = Release|ARM64
		Release|x64 = Release|x64
		Release|x86 = Release|x86
	EndGlobalSection
	GlobalSection(ProjectConfigurationPlatforms) = postSolution
		{320B9D9F-7F13-4A35-9CD0-1694D87DF975}.Debug|Any CPU.ActiveCfg = Debug|Any CPU
		{320B9D9F-7F13-4A35-9CD0-1694D87DF975}.Debug|Any CPU.Build.0 = Debug|Any CPU
		{320B9D9F-7F13-4A35-9CD0-1694D87DF975}.Debug|ARM.ActiveCfg = Debug|Any CPU
		{320B9D9F-7F13-4A35-9CD0-1694D87DF975}.Debug|ARM.Build.0 = Debug|Any CPU
		{320B9D9F-7F13-4A35-9CD0-1694D87DF975}.Debug|ARM64.ActiveCfg = Debug|Any CPU
		{320B9D9F-7F13-4A35-9CD0-1694D87DF975}.Debug|ARM64.Build.0 = Debug|Any CPU
		{320B9D9F-7F13-4A35-9CD0-1694D87DF975}.Debug|x64.ActiveCfg = Debug|Any CPU
		{320B9D9F-7F13-4A35-9CD0-1694D87DF975}.Debug|x64.Build.0 = Debug|Any CPU
		{320B9D9F-7F13-4A35-9CD0-1694D87DF975}.Debug|x86.ActiveCfg = Debug|Any CPU
		{320B9D9F-7F13-4A35-9CD0-1694D87DF975}.Debug|x86.Build.0 = Debug|Any CPU
		{320B9D9F-7F13-4A35-9CD0-1694D87DF975}.Release|Any CPU.ActiveCfg = Release|Any CPU
		{320B9D9F-7F13-4A35-9CD0-1694D87DF975}.Release|Any CPU.Build.0 = Release|Any CPU
		{320B9D9F-7F13-4A35-9CD0-1694D87DF975}.Release|ARM.ActiveCfg = Release|Any CPU
		{320B9D9F-7F13-4A35-9CD0-1694D87DF975}.Release|ARM.Build.0 = Release|Any CPU
		{320B9D9F-7F13-4A35-9CD0-1694D87DF975}.Release|ARM64.ActiveCfg = Release|Any CPU
		{320B9D9F-7F13-4A35-9CD0-1694D87DF975}.Release|ARM64.Build.0 = Release|Any CPU
		{320B9D9F-7F13-4A35-9CD0-1694D87DF975}.Release|x64.ActiveCfg = Release|Any CPU
		{320B9D9F-7F13-4A35-9CD0-1694D87DF975}.Release|x64.Build.0 = Release|Any CPU
		{320B9D9F-7F13-4A35-9CD0-1694D87DF975}.Release|x86.ActiveCfg = Release|Any CPU
		{320B9D9F-7F13-4A35-9CD0-1694D87DF975}.Release|x86.Build.0 = Release|Any CPU
		{EF865CC4-35E7-46DF-B26F-6DA34D55FF03}.Debug|Any CPU.ActiveCfg = Debug|Any CPU
		{EF865CC4-35E7-46DF-B26F-6DA34D55FF03}.Debug|Any CPU.Build.0 = Debug|Any CPU
		{EF865CC4-35E7-46DF-B26F-6DA34D55FF03}.Debug|ARM.ActiveCfg = Debug|Any CPU
		{EF865CC4-35E7-46DF-B26F-6DA34D55FF03}.Debug|ARM.Build.0 = Debug|Any CPU
		{EF865CC4-35E7-46DF-B26F-6DA34D55FF03}.Debug|ARM64.ActiveCfg = Debug|Any CPU
		{EF865CC4-35E7-46DF-B26F-6DA34D55FF03}.Debug|ARM64.Build.0 = Debug|Any CPU
		{EF865CC4-35E7-46DF-B26F-6DA34D55FF03}.Debug|x64.ActiveCfg = Debug|Any CPU
		{EF865CC4-35E7-46DF-B26F-6DA34D55FF03}.Debug|x64.Build.0 = Debug|Any CPU
		{EF865CC4-35E7-46DF-B26F-6DA34D55FF03}.Debug|x86.ActiveCfg = Debug|Any CPU
		{EF865CC4-35E7-46DF-B26F-6DA34D55FF03}.Debug|x86.Build.0 = Debug|Any CPU
		{EF865CC4-35E7-46DF-B26F-6DA34D55FF03}.Release|Any CPU.ActiveCfg = Release|Any CPU
		{EF865CC4-35E7-46DF-B26F-6DA34D55FF03}.Release|Any CPU.Build.0 = Release|Any CPU
		{EF865CC4-35E7-46DF-B26F-6DA34D55FF03}.Release|ARM.ActiveCfg = Release|Any CPU
		{EF865CC4-35E7-46DF-B26F-6DA34D55FF03}.Release|ARM.Build.0 = Release|Any CPU
		{EF865CC4-35E7-46DF-B26F-6DA34D55FF03}.Release|ARM64.ActiveCfg = Release|Any CPU
		{EF865CC4-35E7-46DF-B26F-6DA34D55FF03}.Release|ARM64.Build.0 = Release|Any CPU
		{EF865CC4-35E7-46DF-B26F-6DA34D55FF03}.Release|x64.ActiveCfg = Release|Any CPU
		{EF865CC4-35E7-46DF-B26F-6DA34D55FF03}.Release|x64.Build.0 = Release|Any CPU
		{EF865CC4-35E7-46DF-B26F-6DA34D55FF03}.Release|x86.ActiveCfg = Release|Any CPU
		{EF865CC4-35E7-46DF-B26F-6DA34D55FF03}.Release|x86.Build.0 = Release|Any CPU
		{A47AA02C-6BEB-4228-B8C2-6351D2464CB1}.Debug|Any CPU.ActiveCfg = Debug|Any CPU
		{A47AA02C-6BEB-4228-B8C2-6351D2464CB1}.Debug|Any CPU.Build.0 = Debug|Any CPU
		{A47AA02C-6BEB-4228-B8C2-6351D2464CB1}.Debug|ARM.ActiveCfg = Debug|Any CPU
		{A47AA02C-6BEB-4228-B8C2-6351D2464CB1}.Debug|ARM.Build.0 = Debug|Any CPU
		{A47AA02C-6BEB-4228-B8C2-6351D2464CB1}.Debug|ARM64.ActiveCfg = Debug|Any CPU
		{A47AA02C-6BEB-4228-B8C2-6351D2464CB1}.Debug|ARM64.Build.0 = Debug|Any CPU
		{A47AA02C-6BEB-4228-B8C2-6351D2464CB1}.Debug|x64.ActiveCfg = Debug|Any CPU
		{A47AA02C-6BEB-4228-B8C2-6351D2464CB1}.Debug|x64.Build.0 = Debug|Any CPU
		{A47AA02C-6BEB-4228-B8C2-6351D2464CB1}.Debug|x86.ActiveCfg = Debug|Any CPU
		{A47AA02C-6BEB-4228-B8C2-6351D2464CB1}.Debug|x86.Build.0 = Debug|Any CPU
		{A47AA02C-6BEB-4228-B8C2-6351D2464CB1}.Release|Any CPU.ActiveCfg = Release|Any CPU
		{A47AA02C-6BEB-4228-B8C2-6351D2464CB1}.Release|Any CPU.Build.0 = Release|Any CPU
		{A47AA02C-6BEB-4228-B8C2-6351D2464CB1}.Release|ARM.ActiveCfg = Release|Any CPU
		{A47AA02C-6BEB-4228-B8C2-6351D2464CB1}.Release|ARM.Build.0 = Release|Any CPU
		{A47AA02C-6BEB-4228-B8C2-6351D2464CB1}.Release|ARM64.ActiveCfg = Release|Any CPU
		{A47AA02C-6BEB-4228-B8C2-6351D2464CB1}.Release|ARM64.Build.0 = Release|Any CPU
		{A47AA02C-6BEB-4228-B8C2-6351D2464CB1}.Release|x64.ActiveCfg = Release|Any CPU
		{A47AA02C-6BEB-4228-B8C2-6351D2464CB1}.Release|x64.Build.0 = Release|Any CPU
		{A47AA02C-6BEB-4228-B8C2-6351D2464CB1}.Release|x86.ActiveCfg = Release|Any CPU
		{A47AA02C-6BEB-4228-B8C2-6351D2464CB1}.Release|x86.Build.0 = Release|Any CPU
		{EDE3CB02-6D67-4ACE-9928-0869DCF97810}.Debug|Any CPU.ActiveCfg = Debug|Any CPU
		{EDE3CB02-6D67-4ACE-9928-0869DCF97810}.Debug|Any CPU.Build.0 = Debug|Any CPU
		{EDE3CB02-6D67-4ACE-9928-0869DCF97810}.Debug|ARM.ActiveCfg = Debug|Any CPU
		{EDE3CB02-6D67-4ACE-9928-0869DCF97810}.Debug|ARM.Build.0 = Debug|Any CPU
		{EDE3CB02-6D67-4ACE-9928-0869DCF97810}.Debug|ARM64.ActiveCfg = Debug|Any CPU
		{EDE3CB02-6D67-4ACE-9928-0869DCF97810}.Debug|ARM64.Build.0 = Debug|Any CPU
		{EDE3CB02-6D67-4ACE-9928-0869DCF97810}.Debug|x64.ActiveCfg = Debug|Any CPU
		{EDE3CB02-6D67-4ACE-9928-0869DCF97810}.Debug|x64.Build.0 = Debug|Any CPU
		{EDE3CB02-6D67-4ACE-9928-0869DCF97810}.Debug|x86.ActiveCfg = Debug|Any CPU
		{EDE3CB02-6D67-4ACE-9928-0869DCF97810}.Debug|x86.Build.0 = Debug|Any CPU
		{EDE3CB02-6D67-4ACE-9928-0869DCF97810}.Release|Any CPU.ActiveCfg = Release|Any CPU
		{EDE3CB02-6D67-4ACE-9928-0869DCF97810}.Release|Any CPU.Build.0 = Release|Any CPU
		{EDE3CB02-6D67-4ACE-9928-0869DCF97810}.Release|ARM.ActiveCfg = Release|Any CPU
		{EDE3CB02-6D67-4ACE-9928-0869DCF97810}.Release|ARM.Build.0 = Release|Any CPU
		{EDE3CB02-6D67-4ACE-9928-0869DCF97810}.Release|ARM64.ActiveCfg = Release|Any CPU
		{EDE3CB02-6D67-4ACE-9928-0869DCF97810}.Release|ARM64.Build.0 = Release|Any CPU
		{EDE3CB02-6D67-4ACE-9928-0869DCF97810}.Release|x64.ActiveCfg = Release|Any CPU
		{EDE3CB02-6D67-4ACE-9928-0869DCF97810}.Release|x64.Build.0 = Release|Any CPU
		{EDE3CB02-6D67-4ACE-9928-0869DCF97810}.Release|x86.ActiveCfg = Release|Any CPU
		{EDE3CB02-6D67-4ACE-9928-0869DCF97810}.Release|x86.Build.0 = Release|Any CPU
		{4E93EB05-271F-473A-B0B2-76D4E5003A40}.Debug|Any CPU.ActiveCfg = Debug|Any CPU
		{4E93EB05-271F-473A-B0B2-76D4E5003A40}.Debug|Any CPU.Build.0 = Debug|Any CPU
		{4E93EB05-271F-473A-B0B2-76D4E5003A40}.Debug|ARM.ActiveCfg = Debug|Any CPU
		{4E93EB05-271F-473A-B0B2-76D4E5003A40}.Debug|ARM.Build.0 = Debug|Any CPU
		{4E93EB05-271F-473A-B0B2-76D4E5003A40}.Debug|ARM64.ActiveCfg = Debug|Any CPU
		{4E93EB05-271F-473A-B0B2-76D4E5003A40}.Debug|ARM64.Build.0 = Debug|Any CPU
		{4E93EB05-271F-473A-B0B2-76D4E5003A40}.Debug|x64.ActiveCfg = Debug|Any CPU
		{4E93EB05-271F-473A-B0B2-76D4E5003A40}.Debug|x64.Build.0 = Debug|Any CPU
		{4E93EB05-271F-473A-B0B2-76D4E5003A40}.Debug|x86.ActiveCfg = Debug|Any CPU
		{4E93EB05-271F-473A-B0B2-76D4E5003A40}.Debug|x86.Build.0 = Debug|Any CPU
		{4E93EB05-271F-473A-B0B2-76D4E5003A40}.Release|Any CPU.ActiveCfg = Release|Any CPU
		{4E93EB05-271F-473A-B0B2-76D4E5003A40}.Release|Any CPU.Build.0 = Release|Any CPU
		{4E93EB05-271F-473A-B0B2-76D4E5003A40}.Release|ARM.ActiveCfg = Release|Any CPU
		{4E93EB05-271F-473A-B0B2-76D4E5003A40}.Release|ARM.Build.0 = Release|Any CPU
		{4E93EB05-271F-473A-B0B2-76D4E5003A40}.Release|ARM64.ActiveCfg = Release|Any CPU
		{4E93EB05-271F-473A-B0B2-76D4E5003A40}.Release|ARM64.Build.0 = Release|Any CPU
		{4E93EB05-271F-473A-B0B2-76D4E5003A40}.Release|x64.ActiveCfg = Release|Any CPU
		{4E93EB05-271F-473A-B0B2-76D4E5003A40}.Release|x64.Build.0 = Release|Any CPU
		{4E93EB05-271F-473A-B0B2-76D4E5003A40}.Release|x86.ActiveCfg = Release|Any CPU
		{4E93EB05-271F-473A-B0B2-76D4E5003A40}.Release|x86.Build.0 = Release|Any CPU
		{02223AD0-1E4E-4815-8CE4-F9B2176B30B9}.Debug|Any CPU.ActiveCfg = Debug|Any CPU
		{02223AD0-1E4E-4815-8CE4-F9B2176B30B9}.Debug|Any CPU.Build.0 = Debug|Any CPU
		{02223AD0-1E4E-4815-8CE4-F9B2176B30B9}.Debug|ARM.ActiveCfg = Debug|Any CPU
		{02223AD0-1E4E-4815-8CE4-F9B2176B30B9}.Debug|ARM.Build.0 = Debug|Any CPU
		{02223AD0-1E4E-4815-8CE4-F9B2176B30B9}.Debug|ARM64.ActiveCfg = Debug|Any CPU
		{02223AD0-1E4E-4815-8CE4-F9B2176B30B9}.Debug|ARM64.Build.0 = Debug|Any CPU
		{02223AD0-1E4E-4815-8CE4-F9B2176B30B9}.Debug|x64.ActiveCfg = Debug|Any CPU
		{02223AD0-1E4E-4815-8CE4-F9B2176B30B9}.Debug|x64.Build.0 = Debug|Any CPU
		{02223AD0-1E4E-4815-8CE4-F9B2176B30B9}.Debug|x86.ActiveCfg = Debug|Any CPU
		{02223AD0-1E4E-4815-8CE4-F9B2176B30B9}.Debug|x86.Build.0 = Debug|Any CPU
		{02223AD0-1E4E-4815-8CE4-F9B2176B30B9}.Release|Any CPU.ActiveCfg = Release|Any CPU
		{02223AD0-1E4E-4815-8CE4-F9B2176B30B9}.Release|Any CPU.Build.0 = Release|Any CPU
		{02223AD0-1E4E-4815-8CE4-F9B2176B30B9}.Release|ARM.ActiveCfg = Release|Any CPU
		{02223AD0-1E4E-4815-8CE4-F9B2176B30B9}.Release|ARM.Build.0 = Release|Any CPU
		{02223AD0-1E4E-4815-8CE4-F9B2176B30B9}.Release|ARM64.ActiveCfg = Release|Any CPU
		{02223AD0-1E4E-4815-8CE4-F9B2176B30B9}.Release|ARM64.Build.0 = Release|Any CPU
		{02223AD0-1E4E-4815-8CE4-F9B2176B30B9}.Release|x64.ActiveCfg = Release|Any CPU
		{02223AD0-1E4E-4815-8CE4-F9B2176B30B9}.Release|x64.Build.0 = Release|Any CPU
		{02223AD0-1E4E-4815-8CE4-F9B2176B30B9}.Release|x86.ActiveCfg = Release|Any CPU
		{02223AD0-1E4E-4815-8CE4-F9B2176B30B9}.Release|x86.Build.0 = Release|Any CPU
		{E5891A3C-DEAE-4D01-A834-46F710047E20}.Debug|Any CPU.ActiveCfg = Debug|Any CPU
		{E5891A3C-DEAE-4D01-A834-46F710047E20}.Debug|Any CPU.Build.0 = Debug|Any CPU
		{E5891A3C-DEAE-4D01-A834-46F710047E20}.Debug|ARM.ActiveCfg = Debug|Any CPU
		{E5891A3C-DEAE-4D01-A834-46F710047E20}.Debug|ARM.Build.0 = Debug|Any CPU
		{E5891A3C-DEAE-4D01-A834-46F710047E20}.Debug|ARM64.ActiveCfg = Debug|Any CPU
		{E5891A3C-DEAE-4D01-A834-46F710047E20}.Debug|ARM64.Build.0 = Debug|Any CPU
		{E5891A3C-DEAE-4D01-A834-46F710047E20}.Debug|x64.ActiveCfg = Debug|Any CPU
		{E5891A3C-DEAE-4D01-A834-46F710047E20}.Debug|x64.Build.0 = Debug|Any CPU
		{E5891A3C-DEAE-4D01-A834-46F710047E20}.Debug|x86.ActiveCfg = Debug|Any CPU
		{E5891A3C-DEAE-4D01-A834-46F710047E20}.Debug|x86.Build.0 = Debug|Any CPU
		{E5891A3C-DEAE-4D01-A834-46F710047E20}.Release|Any CPU.ActiveCfg = Release|Any CPU
		{E5891A3C-DEAE-4D01-A834-46F710047E20}.Release|Any CPU.Build.0 = Release|Any CPU
		{E5891A3C-DEAE-4D01-A834-46F710047E20}.Release|ARM.ActiveCfg = Release|Any CPU
		{E5891A3C-DEAE-4D01-A834-46F710047E20}.Release|ARM.Build.0 = Release|Any CPU
		{E5891A3C-DEAE-4D01-A834-46F710047E20}.Release|ARM64.ActiveCfg = Release|Any CPU
		{E5891A3C-DEAE-4D01-A834-46F710047E20}.Release|ARM64.Build.0 = Release|Any CPU
		{E5891A3C-DEAE-4D01-A834-46F710047E20}.Release|x64.ActiveCfg = Release|Any CPU
		{E5891A3C-DEAE-4D01-A834-46F710047E20}.Release|x64.Build.0 = Release|Any CPU
		{E5891A3C-DEAE-4D01-A834-46F710047E20}.Release|x86.ActiveCfg = Release|Any CPU
		{E5891A3C-DEAE-4D01-A834-46F710047E20}.Release|x86.Build.0 = Release|Any CPU
		{5638149C-0825-4CC3-BCC3-C69143426B2B}.Debug|Any CPU.ActiveCfg = Debug|Any CPU
		{5638149C-0825-4CC3-BCC3-C69143426B2B}.Debug|Any CPU.Build.0 = Debug|Any CPU
		{5638149C-0825-4CC3-BCC3-C69143426B2B}.Debug|ARM.ActiveCfg = Debug|Any CPU
		{5638149C-0825-4CC3-BCC3-C69143426B2B}.Debug|ARM.Build.0 = Debug|Any CPU
		{5638149C-0825-4CC3-BCC3-C69143426B2B}.Debug|ARM64.ActiveCfg = Debug|Any CPU
		{5638149C-0825-4CC3-BCC3-C69143426B2B}.Debug|ARM64.Build.0 = Debug|Any CPU
		{5638149C-0825-4CC3-BCC3-C69143426B2B}.Debug|x64.ActiveCfg = Debug|Any CPU
		{5638149C-0825-4CC3-BCC3-C69143426B2B}.Debug|x64.Build.0 = Debug|Any CPU
		{5638149C-0825-4CC3-BCC3-C69143426B2B}.Debug|x86.ActiveCfg = Debug|Any CPU
		{5638149C-0825-4CC3-BCC3-C69143426B2B}.Debug|x86.Build.0 = Debug|Any CPU
		{5638149C-0825-4CC3-BCC3-C69143426B2B}.Release|Any CPU.ActiveCfg = Release|Any CPU
		{5638149C-0825-4CC3-BCC3-C69143426B2B}.Release|Any CPU.Build.0 = Release|Any CPU
		{5638149C-0825-4CC3-BCC3-C69143426B2B}.Release|ARM.ActiveCfg = Release|Any CPU
		{5638149C-0825-4CC3-BCC3-C69143426B2B}.Release|ARM.Build.0 = Release|Any CPU
		{5638149C-0825-4CC3-BCC3-C69143426B2B}.Release|ARM64.ActiveCfg = Release|Any CPU
		{5638149C-0825-4CC3-BCC3-C69143426B2B}.Release|ARM64.Build.0 = Release|Any CPU
		{5638149C-0825-4CC3-BCC3-C69143426B2B}.Release|x64.ActiveCfg = Release|Any CPU
		{5638149C-0825-4CC3-BCC3-C69143426B2B}.Release|x64.Build.0 = Release|Any CPU
		{5638149C-0825-4CC3-BCC3-C69143426B2B}.Release|x86.ActiveCfg = Release|Any CPU
		{5638149C-0825-4CC3-BCC3-C69143426B2B}.Release|x86.Build.0 = Release|Any CPU
		{3C8014F3-5EFA-48F0-8081-19FF30AE5423}.Debug|Any CPU.ActiveCfg = Debug|Any CPU
		{3C8014F3-5EFA-48F0-8081-19FF30AE5423}.Debug|Any CPU.Build.0 = Debug|Any CPU
		{3C8014F3-5EFA-48F0-8081-19FF30AE5423}.Debug|ARM.ActiveCfg = Debug|Any CPU
		{3C8014F3-5EFA-48F0-8081-19FF30AE5423}.Debug|ARM.Build.0 = Debug|Any CPU
		{3C8014F3-5EFA-48F0-8081-19FF30AE5423}.Debug|ARM64.ActiveCfg = Debug|Any CPU
		{3C8014F3-5EFA-48F0-8081-19FF30AE5423}.Debug|ARM64.Build.0 = Debug|Any CPU
		{3C8014F3-5EFA-48F0-8081-19FF30AE5423}.Debug|x64.ActiveCfg = Debug|Any CPU
		{3C8014F3-5EFA-48F0-8081-19FF30AE5423}.Debug|x64.Build.0 = Debug|Any CPU
		{3C8014F3-5EFA-48F0-8081-19FF30AE5423}.Debug|x86.ActiveCfg = Debug|Any CPU
		{3C8014F3-5EFA-48F0-8081-19FF30AE5423}.Debug|x86.Build.0 = Debug|Any CPU
		{3C8014F3-5EFA-48F0-8081-19FF30AE5423}.Release|Any CPU.ActiveCfg = Release|Any CPU
		{3C8014F3-5EFA-48F0-8081-19FF30AE5423}.Release|Any CPU.Build.0 = Release|Any CPU
		{3C8014F3-5EFA-48F0-8081-19FF30AE5423}.Release|ARM.ActiveCfg = Release|Any CPU
		{3C8014F3-5EFA-48F0-8081-19FF30AE5423}.Release|ARM.Build.0 = Release|Any CPU
		{3C8014F3-5EFA-48F0-8081-19FF30AE5423}.Release|ARM64.ActiveCfg = Release|Any CPU
		{3C8014F3-5EFA-48F0-8081-19FF30AE5423}.Release|ARM64.Build.0 = Release|Any CPU
		{3C8014F3-5EFA-48F0-8081-19FF30AE5423}.Release|x64.ActiveCfg = Release|Any CPU
		{3C8014F3-5EFA-48F0-8081-19FF30AE5423}.Release|x64.Build.0 = Release|Any CPU
		{3C8014F3-5EFA-48F0-8081-19FF30AE5423}.Release|x86.ActiveCfg = Release|Any CPU
		{3C8014F3-5EFA-48F0-8081-19FF30AE5423}.Release|x86.Build.0 = Release|Any CPU
		{FF544710-8B00-46A0-953D-6BE52A305483}.Debug|Any CPU.ActiveCfg = Debug|Any CPU
		{FF544710-8B00-46A0-953D-6BE52A305483}.Debug|Any CPU.Build.0 = Debug|Any CPU
		{FF544710-8B00-46A0-953D-6BE52A305483}.Debug|ARM.ActiveCfg = Debug|Any CPU
		{FF544710-8B00-46A0-953D-6BE52A305483}.Debug|ARM.Build.0 = Debug|Any CPU
		{FF544710-8B00-46A0-953D-6BE52A305483}.Debug|ARM64.ActiveCfg = Debug|Any CPU
		{FF544710-8B00-46A0-953D-6BE52A305483}.Debug|ARM64.Build.0 = Debug|Any CPU
		{FF544710-8B00-46A0-953D-6BE52A305483}.Debug|x64.ActiveCfg = Debug|Any CPU
		{FF544710-8B00-46A0-953D-6BE52A305483}.Debug|x64.Build.0 = Debug|Any CPU
		{FF544710-8B00-46A0-953D-6BE52A305483}.Debug|x86.ActiveCfg = Debug|Any CPU
		{FF544710-8B00-46A0-953D-6BE52A305483}.Debug|x86.Build.0 = Debug|Any CPU
		{FF544710-8B00-46A0-953D-6BE52A305483}.Release|Any CPU.ActiveCfg = Release|Any CPU
		{FF544710-8B00-46A0-953D-6BE52A305483}.Release|Any CPU.Build.0 = Release|Any CPU
		{FF544710-8B00-46A0-953D-6BE52A305483}.Release|ARM.ActiveCfg = Release|Any CPU
		{FF544710-8B00-46A0-953D-6BE52A305483}.Release|ARM.Build.0 = Release|Any CPU
		{FF544710-8B00-46A0-953D-6BE52A305483}.Release|ARM64.ActiveCfg = Release|Any CPU
		{FF544710-8B00-46A0-953D-6BE52A305483}.Release|ARM64.Build.0 = Release|Any CPU
		{FF544710-8B00-46A0-953D-6BE52A305483}.Release|x64.ActiveCfg = Release|Any CPU
		{FF544710-8B00-46A0-953D-6BE52A305483}.Release|x64.Build.0 = Release|Any CPU
		{FF544710-8B00-46A0-953D-6BE52A305483}.Release|x86.ActiveCfg = Release|Any CPU
		{FF544710-8B00-46A0-953D-6BE52A305483}.Release|x86.Build.0 = Release|Any CPU
		{E926D760-A087-41E6-8F62-A873E0B6ED93}.Debug|Any CPU.ActiveCfg = Debug|x86
		{E926D760-A087-41E6-8F62-A873E0B6ED93}.Debug|ARM.ActiveCfg = Debug|ARM
		{E926D760-A087-41E6-8F62-A873E0B6ED93}.Debug|ARM.Build.0 = Debug|ARM
		{E926D760-A087-41E6-8F62-A873E0B6ED93}.Debug|ARM.Deploy.0 = Debug|ARM
		{E926D760-A087-41E6-8F62-A873E0B6ED93}.Debug|ARM64.ActiveCfg = Debug|ARM64
		{E926D760-A087-41E6-8F62-A873E0B6ED93}.Debug|ARM64.Build.0 = Debug|ARM64
		{E926D760-A087-41E6-8F62-A873E0B6ED93}.Debug|ARM64.Deploy.0 = Debug|ARM64
		{E926D760-A087-41E6-8F62-A873E0B6ED93}.Debug|x64.ActiveCfg = Debug|x64
		{E926D760-A087-41E6-8F62-A873E0B6ED93}.Debug|x64.Build.0 = Debug|x64
		{E926D760-A087-41E6-8F62-A873E0B6ED93}.Debug|x64.Deploy.0 = Debug|x64
		{E926D760-A087-41E6-8F62-A873E0B6ED93}.Debug|x86.ActiveCfg = Debug|x86
		{E926D760-A087-41E6-8F62-A873E0B6ED93}.Debug|x86.Build.0 = Debug|x86
		{E926D760-A087-41E6-8F62-A873E0B6ED93}.Debug|x86.Deploy.0 = Debug|x86
		{E926D760-A087-41E6-8F62-A873E0B6ED93}.Release|Any CPU.ActiveCfg = Release|x86
		{E926D760-A087-41E6-8F62-A873E0B6ED93}.Release|ARM.ActiveCfg = Release|ARM
		{E926D760-A087-41E6-8F62-A873E0B6ED93}.Release|ARM.Build.0 = Release|ARM
		{E926D760-A087-41E6-8F62-A873E0B6ED93}.Release|ARM.Deploy.0 = Release|ARM
		{E926D760-A087-41E6-8F62-A873E0B6ED93}.Release|ARM64.ActiveCfg = Release|ARM64
		{E926D760-A087-41E6-8F62-A873E0B6ED93}.Release|ARM64.Build.0 = Release|ARM64
		{E926D760-A087-41E6-8F62-A873E0B6ED93}.Release|ARM64.Deploy.0 = Release|ARM64
		{E926D760-A087-41E6-8F62-A873E0B6ED93}.Release|x64.ActiveCfg = Release|x64
		{E926D760-A087-41E6-8F62-A873E0B6ED93}.Release|x64.Build.0 = Release|x64
		{E926D760-A087-41E6-8F62-A873E0B6ED93}.Release|x64.Deploy.0 = Release|x64
		{E926D760-A087-41E6-8F62-A873E0B6ED93}.Release|x86.ActiveCfg = Release|x86
		{E926D760-A087-41E6-8F62-A873E0B6ED93}.Release|x86.Build.0 = Release|x86
		{E926D760-A087-41E6-8F62-A873E0B6ED93}.Release|x86.Deploy.0 = Release|x86
		{382FC147-E240-417E-8979-0A81F1508B6C}.Debug|Any CPU.ActiveCfg = Debug|x86
		{382FC147-E240-417E-8979-0A81F1508B6C}.Debug|ARM.ActiveCfg = Debug|ARM
		{382FC147-E240-417E-8979-0A81F1508B6C}.Debug|ARM.Build.0 = Debug|ARM
		{382FC147-E240-417E-8979-0A81F1508B6C}.Debug|ARM.Deploy.0 = Debug|ARM
		{382FC147-E240-417E-8979-0A81F1508B6C}.Debug|ARM64.ActiveCfg = Debug|ARM64
		{382FC147-E240-417E-8979-0A81F1508B6C}.Debug|ARM64.Build.0 = Debug|ARM64
		{382FC147-E240-417E-8979-0A81F1508B6C}.Debug|ARM64.Deploy.0 = Debug|ARM64
		{382FC147-E240-417E-8979-0A81F1508B6C}.Debug|x64.ActiveCfg = Debug|x64
		{382FC147-E240-417E-8979-0A81F1508B6C}.Debug|x64.Build.0 = Debug|x64
		{382FC147-E240-417E-8979-0A81F1508B6C}.Debug|x64.Deploy.0 = Debug|x64
		{382FC147-E240-417E-8979-0A81F1508B6C}.Debug|x86.ActiveCfg = Debug|x86
		{382FC147-E240-417E-8979-0A81F1508B6C}.Debug|x86.Build.0 = Debug|x86
		{382FC147-E240-417E-8979-0A81F1508B6C}.Debug|x86.Deploy.0 = Debug|x86
		{382FC147-E240-417E-8979-0A81F1508B6C}.Release|Any CPU.ActiveCfg = Release|x86
		{382FC147-E240-417E-8979-0A81F1508B6C}.Release|ARM.ActiveCfg = Release|ARM
		{382FC147-E240-417E-8979-0A81F1508B6C}.Release|ARM.Build.0 = Release|ARM
		{382FC147-E240-417E-8979-0A81F1508B6C}.Release|ARM.Deploy.0 = Release|ARM
		{382FC147-E240-417E-8979-0A81F1508B6C}.Release|ARM64.ActiveCfg = Release|ARM64
		{382FC147-E240-417E-8979-0A81F1508B6C}.Release|ARM64.Build.0 = Release|ARM64
		{382FC147-E240-417E-8979-0A81F1508B6C}.Release|ARM64.Deploy.0 = Release|ARM64
		{382FC147-E240-417E-8979-0A81F1508B6C}.Release|x64.ActiveCfg = Release|x64
		{382FC147-E240-417E-8979-0A81F1508B6C}.Release|x64.Build.0 = Release|x64
		{382FC147-E240-417E-8979-0A81F1508B6C}.Release|x64.Deploy.0 = Release|x64
		{382FC147-E240-417E-8979-0A81F1508B6C}.Release|x86.ActiveCfg = Release|x86
		{382FC147-E240-417E-8979-0A81F1508B6C}.Release|x86.Build.0 = Release|x86
		{382FC147-E240-417E-8979-0A81F1508B6C}.Release|x86.Deploy.0 = Release|x86
		{026F32D4-2E97-4993-AB3F-AAB03B3D520C}.Debug|Any CPU.ActiveCfg = Debug|Any CPU
		{026F32D4-2E97-4993-AB3F-AAB03B3D520C}.Debug|Any CPU.Build.0 = Debug|Any CPU
		{026F32D4-2E97-4993-AB3F-AAB03B3D520C}.Debug|ARM.ActiveCfg = Debug|Any CPU
		{026F32D4-2E97-4993-AB3F-AAB03B3D520C}.Debug|ARM.Build.0 = Debug|Any CPU
		{026F32D4-2E97-4993-AB3F-AAB03B3D520C}.Debug|ARM64.ActiveCfg = Debug|Any CPU
		{026F32D4-2E97-4993-AB3F-AAB03B3D520C}.Debug|ARM64.Build.0 = Debug|Any CPU
		{026F32D4-2E97-4993-AB3F-AAB03B3D520C}.Debug|x64.ActiveCfg = Debug|Any CPU
		{026F32D4-2E97-4993-AB3F-AAB03B3D520C}.Debug|x64.Build.0 = Debug|Any CPU
		{026F32D4-2E97-4993-AB3F-AAB03B3D520C}.Debug|x86.ActiveCfg = Debug|Any CPU
		{026F32D4-2E97-4993-AB3F-AAB03B3D520C}.Debug|x86.Build.0 = Debug|Any CPU
		{026F32D4-2E97-4993-AB3F-AAB03B3D520C}.Release|Any CPU.ActiveCfg = Release|Any CPU
		{026F32D4-2E97-4993-AB3F-AAB03B3D520C}.Release|Any CPU.Build.0 = Release|Any CPU
		{026F32D4-2E97-4993-AB3F-AAB03B3D520C}.Release|ARM.ActiveCfg = Release|Any CPU
		{026F32D4-2E97-4993-AB3F-AAB03B3D520C}.Release|ARM.Build.0 = Release|Any CPU
		{026F32D4-2E97-4993-AB3F-AAB03B3D520C}.Release|ARM64.ActiveCfg = Release|Any CPU
		{026F32D4-2E97-4993-AB3F-AAB03B3D520C}.Release|ARM64.Build.0 = Release|Any CPU
		{026F32D4-2E97-4993-AB3F-AAB03B3D520C}.Release|x64.ActiveCfg = Release|Any CPU
		{026F32D4-2E97-4993-AB3F-AAB03B3D520C}.Release|x64.Build.0 = Release|Any CPU
		{026F32D4-2E97-4993-AB3F-AAB03B3D520C}.Release|x86.ActiveCfg = Release|Any CPU
		{026F32D4-2E97-4993-AB3F-AAB03B3D520C}.Release|x86.Build.0 = Release|Any CPU
		{06F8D467-BED2-4E5A-A67A-A3FAB252AA30}.Debug|Any CPU.ActiveCfg = Debug|Any CPU
		{06F8D467-BED2-4E5A-A67A-A3FAB252AA30}.Debug|Any CPU.Build.0 = Debug|Any CPU
		{06F8D467-BED2-4E5A-A67A-A3FAB252AA30}.Debug|ARM.ActiveCfg = Debug|Any CPU
		{06F8D467-BED2-4E5A-A67A-A3FAB252AA30}.Debug|ARM.Build.0 = Debug|Any CPU
		{06F8D467-BED2-4E5A-A67A-A3FAB252AA30}.Debug|ARM64.ActiveCfg = Debug|Any CPU
		{06F8D467-BED2-4E5A-A67A-A3FAB252AA30}.Debug|ARM64.Build.0 = Debug|Any CPU
		{06F8D467-BED2-4E5A-A67A-A3FAB252AA30}.Debug|x64.ActiveCfg = Debug|Any CPU
		{06F8D467-BED2-4E5A-A67A-A3FAB252AA30}.Debug|x64.Build.0 = Debug|Any CPU
		{06F8D467-BED2-4E5A-A67A-A3FAB252AA30}.Debug|x86.ActiveCfg = Debug|Any CPU
		{06F8D467-BED2-4E5A-A67A-A3FAB252AA30}.Debug|x86.Build.0 = Debug|Any CPU
		{06F8D467-BED2-4E5A-A67A-A3FAB252AA30}.Release|Any CPU.ActiveCfg = Release|Any CPU
		{06F8D467-BED2-4E5A-A67A-A3FAB252AA30}.Release|Any CPU.Build.0 = Release|Any CPU
		{06F8D467-BED2-4E5A-A67A-A3FAB252AA30}.Release|ARM.ActiveCfg = Release|Any CPU
		{06F8D467-BED2-4E5A-A67A-A3FAB252AA30}.Release|ARM.Build.0 = Release|Any CPU
		{06F8D467-BED2-4E5A-A67A-A3FAB252AA30}.Release|ARM64.ActiveCfg = Release|Any CPU
		{06F8D467-BED2-4E5A-A67A-A3FAB252AA30}.Release|ARM64.Build.0 = Release|Any CPU
		{06F8D467-BED2-4E5A-A67A-A3FAB252AA30}.Release|x64.ActiveCfg = Release|Any CPU
		{06F8D467-BED2-4E5A-A67A-A3FAB252AA30}.Release|x64.Build.0 = Release|Any CPU
		{06F8D467-BED2-4E5A-A67A-A3FAB252AA30}.Release|x86.ActiveCfg = Release|Any CPU
		{06F8D467-BED2-4E5A-A67A-A3FAB252AA30}.Release|x86.Build.0 = Release|Any CPU
		{8553A63D-79AB-464F-A587-74CACD107FA9}.Debug|Any CPU.ActiveCfg = Debug|Any CPU
		{8553A63D-79AB-464F-A587-74CACD107FA9}.Debug|Any CPU.Build.0 = Debug|Any CPU
		{8553A63D-79AB-464F-A587-74CACD107FA9}.Debug|ARM.ActiveCfg = Debug|Any CPU
		{8553A63D-79AB-464F-A587-74CACD107FA9}.Debug|ARM.Build.0 = Debug|Any CPU
		{8553A63D-79AB-464F-A587-74CACD107FA9}.Debug|ARM64.ActiveCfg = Debug|Any CPU
		{8553A63D-79AB-464F-A587-74CACD107FA9}.Debug|ARM64.Build.0 = Debug|Any CPU
		{8553A63D-79AB-464F-A587-74CACD107FA9}.Debug|x64.ActiveCfg = Debug|Any CPU
		{8553A63D-79AB-464F-A587-74CACD107FA9}.Debug|x64.Build.0 = Debug|Any CPU
		{8553A63D-79AB-464F-A587-74CACD107FA9}.Debug|x86.ActiveCfg = Debug|Any CPU
		{8553A63D-79AB-464F-A587-74CACD107FA9}.Debug|x86.Build.0 = Debug|Any CPU
		{8553A63D-79AB-464F-A587-74CACD107FA9}.Release|Any CPU.ActiveCfg = Release|Any CPU
		{8553A63D-79AB-464F-A587-74CACD107FA9}.Release|Any CPU.Build.0 = Release|Any CPU
		{8553A63D-79AB-464F-A587-74CACD107FA9}.Release|ARM.ActiveCfg = Release|Any CPU
		{8553A63D-79AB-464F-A587-74CACD107FA9}.Release|ARM.Build.0 = Release|Any CPU
		{8553A63D-79AB-464F-A587-74CACD107FA9}.Release|ARM64.ActiveCfg = Release|Any CPU
		{8553A63D-79AB-464F-A587-74CACD107FA9}.Release|ARM64.Build.0 = Release|Any CPU
		{8553A63D-79AB-464F-A587-74CACD107FA9}.Release|x64.ActiveCfg = Release|Any CPU
		{8553A63D-79AB-464F-A587-74CACD107FA9}.Release|x64.Build.0 = Release|Any CPU
		{8553A63D-79AB-464F-A587-74CACD107FA9}.Release|x86.ActiveCfg = Release|Any CPU
		{8553A63D-79AB-464F-A587-74CACD107FA9}.Release|x86.Build.0 = Release|Any CPU
	EndGlobalSection
	GlobalSection(SolutionProperties) = preSolution
		HideSolutionNode = FALSE
	EndGlobalSection
	GlobalSection(NestedProjects) = preSolution
		{320B9D9F-7F13-4A35-9CD0-1694D87DF975} = {145CF822-F5C4-482A-9E2B-D0B143AB04F6}
		{EF865CC4-35E7-46DF-B26F-6DA34D55FF03} = {145CF822-F5C4-482A-9E2B-D0B143AB04F6}
		{A47AA02C-6BEB-4228-B8C2-6351D2464CB1} = {A46DD0B3-1569-472D-9C7D-3CFCF02E0797}
		{EDE3CB02-6D67-4ACE-9928-0869DCF97810} = {55BC4F6C-BA81-4FBD-B21A-18895C5DF30A}
		{E252F5BF-71B0-49F0-B4F5-6B6F232288CA} = {55BC4F6C-BA81-4FBD-B21A-18895C5DF30A}
		{4E93EB05-271F-473A-B0B2-76D4E5003A40} = {E252F5BF-71B0-49F0-B4F5-6B6F232288CA}
		{02223AD0-1E4E-4815-8CE4-F9B2176B30B9} = {E23AC699-5252-49EE-AE4B-D7574AE80C50}
		{E5891A3C-DEAE-4D01-A834-46F710047E20} = {E23AC699-5252-49EE-AE4B-D7574AE80C50}
		{5638149C-0825-4CC3-BCC3-C69143426B2B} = {42194B3D-59E7-493D-9A64-53368B6BAE4A}
		{4EF48EA5-FDBC-4B92-95AD-DA88F4BB2AD1} = {B3DACDD9-9778-41D0-9108-2BB7BC21F3C3}
		{3C8014F3-5EFA-48F0-8081-19FF30AE5423} = {4EF48EA5-FDBC-4B92-95AD-DA88F4BB2AD1}
		{FF544710-8B00-46A0-953D-6BE52A305483} = {4EF48EA5-FDBC-4B92-95AD-DA88F4BB2AD1}
		{442F3125-E541-4FEE-B8EF-5C4E03804CD6} = {145CF822-F5C4-482A-9E2B-D0B143AB04F6}
		{8D2CBA03-F180-4586-9E63-FEA8006E2D1D} = {145CF822-F5C4-482A-9E2B-D0B143AB04F6}
		{E926D760-A087-41E6-8F62-A873E0B6ED93} = {8D2CBA03-F180-4586-9E63-FEA8006E2D1D}
		{382FC147-E240-417E-8979-0A81F1508B6C} = {8D2CBA03-F180-4586-9E63-FEA8006E2D1D}
		{026F32D4-2E97-4993-AB3F-AAB03B3D520C} = {E252F5BF-71B0-49F0-B4F5-6B6F232288CA}
		{06F8D467-BED2-4E5A-A67A-A3FAB252AA30} = {442F3125-E541-4FEE-B8EF-5C4E03804CD6}
		{8553A63D-79AB-464F-A587-74CACD107FA9} = {442F3125-E541-4FEE-B8EF-5C4E03804CD6}
	EndGlobalSection
	GlobalSection(ExtensibilityGlobals) = postSolution
		SolutionGuid = {F07AC154-6D4A-4E9E-AAB4-48BB13BD6014}
	EndGlobalSection
EndGlobal
