<Solution>
  <Configurations>
    <Platform Name="Any CPU" />
    <Platform Name="ARM64" />
    <Platform Name="x64" />
    <Platform Name="x86" />
  </Configurations>
  <Folder Name="/Application/">
    <Project Path="Application/Application/Application.csproj">
      <Platform Solution="*|Any CPU" Project="x64" />
      <Platform Solution="*|ARM64" Project="x64" />
      <Platform Solution="*|x64" Project="x64" />
      <Platform Solution="*|x86" Project="x86" />
    </Project>
  </Folder>
  <Folder Name="/Domain/">
    <Project Path="Domain/Domain/Domain.csproj">
      <Platform Solution="*|Any CPU" Project="x64" />
      <Platform Solution="*|ARM64" Project="x64" />
      <Platform Solution="*|x64" Project="x64" />
      <Platform Solution="*|x86" Project="x86" />
    </Project>
  </Folder>
  <Folder Name="/Infrastructure/">
    <Project Path="Infrastructure/Infrastructure/Infrastructure.csproj">
      <Platform Solution="*|Any CPU" Project="x64" />
      <Platform Solution="*|ARM64" Project="x64" />
      <Platform Solution="*|x64" Project="x64" />
      <Platform Solution="*|x86" Project="x86" />
    </Project>
  </Folder>
  <Folder Name="/Infrastructure/Persistence/">
    <Project Path="Infrastructure/Persistence/Persistence.Nhb/Persistence.Nhb.csproj">
      <Platform Solution="*|Any CPU" Project="x64" />
      <Platform Solution="*|ARM64" Project="x64" />
      <Platform Solution="*|x64" Project="x64" />
      <Platform Solution="*|x86" Project="x86" />
    </Project>
  </Folder>
  <Folder Name="/Presentation/">
    <Project Path="Presentation/Mvvm/Mvvm.csproj">
      <Platform Solution="*|Any CPU" Project="x64" />
      <Platform Solution="*|ARM64" Project="x64" />
      <Platform Solution="*|x64" Project="x64" />
      <Platform Solution="*|x86" Project="x86" />
      <Build Solution="*|Any CPU" Project="false" />
      <Build Solution="*|ARM64" Project="false" />
      <Build Solution="*|x86" Project="false" />
      <Build Solution="Release|x64" Project="false" />
    </Project>
  </Folder>
  <Folder Name="/Presentation/Forms/">
    <Project Path="Presentation/Forms/AppForm/FormsApp.csproj">
      <Platform Solution="*|Any CPU" Project="x64" />
      <Platform Solution="*|ARM64" Project="x64" />
      <Platform Solution="*|x64" Project="x64" />
      <Platform Solution="*|x86" Project="x86" />
      <Build Solution="*|ARM64" Project="false" />
    </Project>
  </Folder>
  <Folder Name="/Presentation/WinUi/">
    <Project Path="Presentation/WinUi/WinUiBackend/WinUiBackend.csproj">
      <Platform Solution="*|Any CPU" Project="x64" />
      <Platform Solution="*|ARM64" Project="x64" />
      <Platform Solution="*|x64" Project="x64" />
      <Platform Solution="*|x86" Project="x86" />
    </Project>
    <Project Path="Presentation/WinUi/WinUiMenu/WinUiMenu.csproj">
      <Platform Solution="*|Any CPU" Project="x64" />
      <Platform Solution="*|ARM64" Project="x64" />
      <Platform Solution="*|x64" Project="x64" />
      <Platform Solution="*|x86" Project="x86" />
      <Deploy />
    </Project>
    <Project Path="Presentation/WinUi/WinUiNav/WinUiNav.csproj">
      <Platform Solution="*|Any CPU" Project="x64" />
      <Platform Solution="*|ARM64" Project="x64" />
      <Platform Solution="*|x64" Project="x64" />
      <Platform Solution="*|x86" Project="x86" />
      <Deploy />
    </Project>
  </Folder>
  <Folder Name="/Presentation/WPF/">
    <Project Path="Presentation/Wpf/WpfApp/WpfApp.csproj">
      <Platform Solution="*|Any CPU" Project="x64" />
      <Platform Solution="*|ARM64" Project="x64" />
      <Platform Solution="*|x64" Project="x64" />
      <Platform Solution="*|x86" Project="x86" />
      <Build Solution="*|ARM64" Project="false" />
    </Project>
    <Project Path="Presentation/Wpf/WpfBackend/WpfBackend.csproj">
      <Platform Solution="*|Any CPU" Project="x64" />
      <Platform Solution="*|ARM64" Project="x64" />
      <Platform Solution="*|x64" Project="x64" />
      <Platform Solution="*|x86" Project="x86" />
      <Build Solution="*|ARM64" Project="false" />
    </Project>
    <Project Path="Presentation/Wpf/WpfMetroApp/WpfMetroApp.csproj">
      <Platform Solution="*|Any CPU" Project="x64" />
      <Platform Solution="*|ARM64" Project="x64" />
      <Platform Solution="*|x64" Project="x64" />
      <Platform Solution="*|x86" Project="x86" />
      <Build Solution="*|ARM64" Project="false" />
    </Project>
  </Folder>
  <Folder Name="/Test/">
    <Project Path="Test/CiccioGest.Test.Domain/TestDomain.csproj">
      <Platform Solution="*|Any CPU" Project="x64" />
      <Platform Solution="*|ARM64" Project="x64" />
      <Platform Solution="*|x64" Project="x64" />
      <Platform Solution="*|x86" Project="x86" />
      <Build Solution="*|Any CPU" Project="false" />
      <Build Solution="*|ARM64" Project="false" />
    </Project>
  </Folder>
</Solution>
