
Microsoft Visual Studio Solution File, Format Version 12.00
# Visual Studio Version 16
VisualStudioVersion = 16.0.29020.237
MinimumVisualStudioVersion = 10.0.40219.1
Project("{2150E333-8FDC-42A3-9474-1A3956D46DE8}") = "Persistence", "Persistence", "{721C6919-2573-4F95-A3E5-6BFA1CC32105}"
EndProject
Project("{2150E333-8FDC-42A3-9474-1A3956D46DE8}") = "Presentation", "Presentation", "{145CF822-F5C4-482A-9E2B-D0B143AB04F6}"
EndProject
Project("{FAE04EC0-301F-11D3-BF4B-00C04F79EFBC}") = "AppForm", "Presentation\AppForm\AppForm.csproj", "{30476955-DCD7-4EF9-A6E5-F15CD4A78505}"
EndProject
Project("{2150E333-8FDC-42A3-9474-1A3956D46DE8}") = "Interface", "Interface", "{B3DACDD9-9778-41D0-9108-2BB7BC21F3C3}"
EndProject
Project("{FAE04EC0-301F-11D3-BF4B-00C04F79EFBC}") = "AppWcf", "Interface\AppWcf\AppWcf.csproj", "{2ED66C79-5524-4D0D-9245-D4D837CC8CA1}"
EndProject
Project("{FAE04EC0-301F-11D3-BF4B-00C04F79EFBC}") = "WcfService", "Interface\WcfService\WcfService.csproj", "{656A7601-0A9F-4B86-B025-DB9841D13646}"
EndProject
Project("{FAE04EC0-301F-11D3-BF4B-00C04F79EFBC}") = "AppWpf", "Presentation\AppWpf\AppWpf.csproj", "{AAD7EEED-658C-4543-99C9-ECDBBA79218A}"
EndProject
Project("{9A19103F-16F7-4668-BE54-9A1E7A4F7556}") = "Domain", "Domain\Domain.csproj", "{FD1F57BF-A1AD-4CE3-B0DE-5EB3CA9B5A17}"
EndProject
Project("{9A19103F-16F7-4668-BE54-9A1E7A4F7556}") = "Application", "Application\Application.csproj", "{5B44D296-CDA6-4479-AF36-C43AD8B1826E}"
EndProject
Project("{9A19103F-16F7-4668-BE54-9A1E7A4F7556}") = "Infrastructure", "Infrastructure\Infrastructure.csproj", "{12946739-E894-42A4-BBDD-0235F06DC6C9}"
EndProject
Project("{9A19103F-16F7-4668-BE54-9A1E7A4F7556}") = "Persistence.Nhb", "Persistence\Persistence.Nhb\Persistence.Nhb.csproj", "{E5844C1B-8E43-4495-BEA6-F12678D4DAAF}"
EndProject
Project("{FAE04EC0-301F-11D3-BF4B-00C04F79EFBC}") = "Persistence.LiteDB", "Persistence\Persistence.LiteDB\Persistence.LiteDB.csproj", "{456C2561-6A0D-479A-82C4-D4B05E5BE784}"
EndProject
Project("{FAE04EC0-301F-11D3-BF4B-00C04F79EFBC}") = "Persistence.EF", "Persistence\Persistence.EF\Persistence.EF.csproj", "{C5FD9921-CCAA-4E6A-B63E-5703F5D24D4B}"
EndProject
Project("{FAE04EC0-301F-11D3-BF4B-00C04F79EFBC}") = "Persistence.Db4o", "Persistence\Persistence.Db4o\Persistence.Db4o.csproj", "{C7E9F747-34A8-4609-80D7-59A8240FD256}"
EndProject
Project("{9A19103F-16F7-4668-BE54-9A1E7A4F7556}") = "AppWpfCore", "Presentation\AppWpfCore\AppWpfCore.csproj", "{BD54C00F-3513-42DA-9FB8-30D3DF6ED68C}"
EndProject
Project("{FAE04EC0-301F-11D3-BF4B-00C04F79EFBC}") = "Client", "Presentation\Client\Client.csproj", "{F2ECE62F-DAE0-4E63-8FA0-2A3EAC655B86}"
EndProject
Project("{2150E333-8FDC-42A3-9474-1A3956D46DE8}") = "Test", "Test", "{A46DD0B3-1569-472D-9C7D-3CFCF02E0797}"
EndProject
Project("{9A19103F-16F7-4668-BE54-9A1E7A4F7556}") = "ClientCore", "Presentation\ClientCore\ClientCore.csproj", "{320B9D9F-7F13-4A35-9CD0-1694D87DF975}"
EndProject
Project("{9A19103F-16F7-4668-BE54-9A1E7A4F7556}") = "LoadSampleData", "Presentation\LoadSampleData\LoadSampleData.csproj", "{EF865CC4-35E7-46DF-B26F-6DA34D55FF03}"
EndProject
Project("{FAE04EC0-301F-11D3-BF4B-00C04F79EFBC}") = "AppUwp1", "Presentation\AppUwp1\AppUwp1.csproj", "{C07EB562-7A97-4E62-BD48-DAE218432E7B}"
EndProject
Project("{FAE04EC0-301F-11D3-BF4B-00C04F79EFBC}") = "AppUwp2", "Presentation\AppUwp2\AppUwp2.csproj", "{5774CF92-F51B-431E-803D-811AEA621BBF}"
EndProject
Project("{9A19103F-16F7-4668-BE54-9A1E7A4F7556}") = "TestDomain", "Test\CiccioGest.Test.Domain\TestDomain.csproj", "{A47AA02C-6BEB-4228-B8C2-6351D2464CB1}"
EndProject
Project("{9A19103F-16F7-4668-BE54-9A1E7A4F7556}") = "AppWpf1", "Presentation\AppWpf1\AppWpf1.csproj", "{96606669-0422-4D92-8037-B8F410F1A289}"
EndProject
Project("{9A19103F-16F7-4668-BE54-9A1E7A4F7556}") = "AppFormCore", "Presentation\AppFormCore\AppFormCore.csproj", "{E3803F2C-48B8-40AA-A43E-6E1501FABFB1}"
EndProject
Global
	GlobalSection(SolutionConfigurationPlatforms) = preSolution
		Debug|Any CPU = Debug|Any CPU
		Debug|ARM = Debug|ARM
		Debug|ARM64 = Debug|ARM64
		Debug|x64 = Debug|x64
		Debug|x86 = Debug|x86
		Release|Any CPU = Release|Any CPU
		Release|ARM = Release|ARM
		Release|ARM64 = Release|ARM64
		Release|x64 = Release|x64
		Release|x86 = Release|x86
	EndGlobalSection
	GlobalSection(ProjectConfigurationPlatforms) = postSolution
		{30476955-DCD7-4EF9-A6E5-F15CD4A78505}.Debug|Any CPU.ActiveCfg = Debug|Any CPU
		{30476955-DCD7-4EF9-A6E5-F15CD4A78505}.Debug|Any CPU.Build.0 = Debug|Any CPU
		{30476955-DCD7-4EF9-A6E5-F15CD4A78505}.Debug|ARM.ActiveCfg = Debug|Any CPU
		{30476955-DCD7-4EF9-A6E5-F15CD4A78505}.Debug|ARM.Build.0 = Debug|Any CPU
		{30476955-DCD7-4EF9-A6E5-F15CD4A78505}.Debug|ARM64.ActiveCfg = Debug|Any CPU
		{30476955-DCD7-4EF9-A6E5-F15CD4A78505}.Debug|x64.ActiveCfg = Debug|Any CPU
		{30476955-DCD7-4EF9-A6E5-F15CD4A78505}.Debug|x64.Build.0 = Debug|Any CPU
		{30476955-DCD7-4EF9-A6E5-F15CD4A78505}.Debug|x86.ActiveCfg = Debug|Any CPU
		{30476955-DCD7-4EF9-A6E5-F15CD4A78505}.Debug|x86.Build.0 = Debug|Any CPU
		{30476955-DCD7-4EF9-A6E5-F15CD4A78505}.Release|Any CPU.ActiveCfg = Release|Any CPU
		{30476955-DCD7-4EF9-A6E5-F15CD4A78505}.Release|Any CPU.Build.0 = Release|Any CPU
		{30476955-DCD7-4EF9-A6E5-F15CD4A78505}.Release|ARM.ActiveCfg = Release|Any CPU
		{30476955-DCD7-4EF9-A6E5-F15CD4A78505}.Release|ARM.Build.0 = Release|Any CPU
		{30476955-DCD7-4EF9-A6E5-F15CD4A78505}.Release|ARM64.ActiveCfg = Release|Any CPU
		{30476955-DCD7-4EF9-A6E5-F15CD4A78505}.Release|x64.ActiveCfg = Release|Any CPU
		{30476955-DCD7-4EF9-A6E5-F15CD4A78505}.Release|x64.Build.0 = Release|Any CPU
		{30476955-DCD7-4EF9-A6E5-F15CD4A78505}.Release|x86.ActiveCfg = Release|Any CPU
		{30476955-DCD7-4EF9-A6E5-F15CD4A78505}.Release|x86.Build.0 = Release|Any CPU
		{2ED66C79-5524-4D0D-9245-D4D837CC8CA1}.Debug|Any CPU.ActiveCfg = Debug|Any CPU
		{2ED66C79-5524-4D0D-9245-D4D837CC8CA1}.Debug|Any CPU.Build.0 = Debug|Any CPU
		{2ED66C79-5524-4D0D-9245-D4D837CC8CA1}.Debug|ARM.ActiveCfg = Debug|Any CPU
		{2ED66C79-5524-4D0D-9245-D4D837CC8CA1}.Debug|ARM64.ActiveCfg = Debug|Any CPU
		{2ED66C79-5524-4D0D-9245-D4D837CC8CA1}.Debug|x64.ActiveCfg = Debug|Any CPU
		{2ED66C79-5524-4D0D-9245-D4D837CC8CA1}.Debug|x86.ActiveCfg = Debug|Any CPU
		{2ED66C79-5524-4D0D-9245-D4D837CC8CA1}.Debug|x86.Build.0 = Debug|Any CPU
		{2ED66C79-5524-4D0D-9245-D4D837CC8CA1}.Release|Any CPU.ActiveCfg = Release|Any CPU
		{2ED66C79-5524-4D0D-9245-D4D837CC8CA1}.Release|Any CPU.Build.0 = Release|Any CPU
		{2ED66C79-5524-4D0D-9245-D4D837CC8CA1}.Release|ARM.ActiveCfg = Release|Any CPU
		{2ED66C79-5524-4D0D-9245-D4D837CC8CA1}.Release|ARM64.ActiveCfg = Release|Any CPU
		{2ED66C79-5524-4D0D-9245-D4D837CC8CA1}.Release|x64.ActiveCfg = Release|Any CPU
		{2ED66C79-5524-4D0D-9245-D4D837CC8CA1}.Release|x86.ActiveCfg = Release|Any CPU
		{2ED66C79-5524-4D0D-9245-D4D837CC8CA1}.Release|x86.Build.0 = Release|Any CPU
		{656A7601-0A9F-4B86-B025-DB9841D13646}.Debug|Any CPU.ActiveCfg = Debug|Any CPU
		{656A7601-0A9F-4B86-B025-DB9841D13646}.Debug|Any CPU.Build.0 = Debug|Any CPU
		{656A7601-0A9F-4B86-B025-DB9841D13646}.Debug|ARM.ActiveCfg = Debug|Any CPU
		{656A7601-0A9F-4B86-B025-DB9841D13646}.Debug|ARM64.ActiveCfg = Debug|Any CPU
		{656A7601-0A9F-4B86-B025-DB9841D13646}.Debug|x64.ActiveCfg = Debug|Any CPU
		{656A7601-0A9F-4B86-B025-DB9841D13646}.Debug|x86.ActiveCfg = Debug|Any CPU
		{656A7601-0A9F-4B86-B025-DB9841D13646}.Debug|x86.Build.0 = Debug|Any CPU
		{656A7601-0A9F-4B86-B025-DB9841D13646}.Release|Any CPU.ActiveCfg = Release|Any CPU
		{656A7601-0A9F-4B86-B025-DB9841D13646}.Release|Any CPU.Build.0 = Release|Any CPU
		{656A7601-0A9F-4B86-B025-DB9841D13646}.Release|ARM.ActiveCfg = Release|Any CPU
		{656A7601-0A9F-4B86-B025-DB9841D13646}.Release|ARM64.ActiveCfg = Release|Any CPU
		{656A7601-0A9F-4B86-B025-DB9841D13646}.Release|x64.ActiveCfg = Release|Any CPU
		{656A7601-0A9F-4B86-B025-DB9841D13646}.Release|x86.ActiveCfg = Release|Any CPU
		{656A7601-0A9F-4B86-B025-DB9841D13646}.Release|x86.Build.0 = Release|Any CPU
		{AAD7EEED-658C-4543-99C9-ECDBBA79218A}.Debug|Any CPU.ActiveCfg = Debug|Any CPU
		{AAD7EEED-658C-4543-99C9-ECDBBA79218A}.Debug|Any CPU.Build.0 = Debug|Any CPU
		{AAD7EEED-658C-4543-99C9-ECDBBA79218A}.Debug|ARM.ActiveCfg = Debug|Any CPU
		{AAD7EEED-658C-4543-99C9-ECDBBA79218A}.Debug|ARM.Build.0 = Debug|Any CPU
		{AAD7EEED-658C-4543-99C9-ECDBBA79218A}.Debug|ARM64.ActiveCfg = Debug|Any CPU
		{AAD7EEED-658C-4543-99C9-ECDBBA79218A}.Debug|x64.ActiveCfg = Debug|Any CPU
		{AAD7EEED-658C-4543-99C9-ECDBBA79218A}.Debug|x64.Build.0 = Debug|Any CPU
		{AAD7EEED-658C-4543-99C9-ECDBBA79218A}.Debug|x86.ActiveCfg = Debug|Any CPU
		{AAD7EEED-658C-4543-99C9-ECDBBA79218A}.Debug|x86.Build.0 = Debug|Any CPU
		{AAD7EEED-658C-4543-99C9-ECDBBA79218A}.Release|Any CPU.ActiveCfg = Release|Any CPU
		{AAD7EEED-658C-4543-99C9-ECDBBA79218A}.Release|Any CPU.Build.0 = Release|Any CPU
		{AAD7EEED-658C-4543-99C9-ECDBBA79218A}.Release|ARM.ActiveCfg = Release|Any CPU
		{AAD7EEED-658C-4543-99C9-ECDBBA79218A}.Release|ARM.Build.0 = Release|Any CPU
		{AAD7EEED-658C-4543-99C9-ECDBBA79218A}.Release|ARM64.ActiveCfg = Release|Any CPU
		{AAD7EEED-658C-4543-99C9-ECDBBA79218A}.Release|x64.ActiveCfg = Release|Any CPU
		{AAD7EEED-658C-4543-99C9-ECDBBA79218A}.Release|x64.Build.0 = Release|Any CPU
		{AAD7EEED-658C-4543-99C9-ECDBBA79218A}.Release|x86.ActiveCfg = Release|Any CPU
		{AAD7EEED-658C-4543-99C9-ECDBBA79218A}.Release|x86.Build.0 = Release|Any CPU
		{FD1F57BF-A1AD-4CE3-B0DE-5EB3CA9B5A17}.Debug|Any CPU.ActiveCfg = Debug|Any CPU
		{FD1F57BF-A1AD-4CE3-B0DE-5EB3CA9B5A17}.Debug|Any CPU.Build.0 = Debug|Any CPU
		{FD1F57BF-A1AD-4CE3-B0DE-5EB3CA9B5A17}.Debug|ARM.ActiveCfg = Debug|Any CPU
		{FD1F57BF-A1AD-4CE3-B0DE-5EB3CA9B5A17}.Debug|ARM.Build.0 = Debug|Any CPU
		{FD1F57BF-A1AD-4CE3-B0DE-5EB3CA9B5A17}.Debug|ARM64.ActiveCfg = Debug|Any CPU
		{FD1F57BF-A1AD-4CE3-B0DE-5EB3CA9B5A17}.Debug|ARM64.Build.0 = Debug|Any CPU
		{FD1F57BF-A1AD-4CE3-B0DE-5EB3CA9B5A17}.Debug|x64.ActiveCfg = Debug|Any CPU
		{FD1F57BF-A1AD-4CE3-B0DE-5EB3CA9B5A17}.Debug|x64.Build.0 = Debug|Any CPU
		{FD1F57BF-A1AD-4CE3-B0DE-5EB3CA9B5A17}.Debug|x86.ActiveCfg = Debug|Any CPU
		{FD1F57BF-A1AD-4CE3-B0DE-5EB3CA9B5A17}.Debug|x86.Build.0 = Debug|Any CPU
		{FD1F57BF-A1AD-4CE3-B0DE-5EB3CA9B5A17}.Release|Any CPU.ActiveCfg = Release|Any CPU
		{FD1F57BF-A1AD-4CE3-B0DE-5EB3CA9B5A17}.Release|Any CPU.Build.0 = Release|Any CPU
		{FD1F57BF-A1AD-4CE3-B0DE-5EB3CA9B5A17}.Release|ARM.ActiveCfg = Release|Any CPU
		{FD1F57BF-A1AD-4CE3-B0DE-5EB3CA9B5A17}.Release|ARM.Build.0 = Release|Any CPU
		{FD1F57BF-A1AD-4CE3-B0DE-5EB3CA9B5A17}.Release|ARM64.ActiveCfg = Release|Any CPU
		{FD1F57BF-A1AD-4CE3-B0DE-5EB3CA9B5A17}.Release|ARM64.Build.0 = Release|Any CPU
		{FD1F57BF-A1AD-4CE3-B0DE-5EB3CA9B5A17}.Release|x64.ActiveCfg = Release|Any CPU
		{FD1F57BF-A1AD-4CE3-B0DE-5EB3CA9B5A17}.Release|x64.Build.0 = Release|Any CPU
		{FD1F57BF-A1AD-4CE3-B0DE-5EB3CA9B5A17}.Release|x86.ActiveCfg = Release|Any CPU
		{FD1F57BF-A1AD-4CE3-B0DE-5EB3CA9B5A17}.Release|x86.Build.0 = Release|Any CPU
		{5B44D296-CDA6-4479-AF36-C43AD8B1826E}.Debug|Any CPU.ActiveCfg = Debug|Any CPU
		{5B44D296-CDA6-4479-AF36-C43AD8B1826E}.Debug|Any CPU.Build.0 = Debug|Any CPU
		{5B44D296-CDA6-4479-AF36-C43AD8B1826E}.Debug|ARM.ActiveCfg = Debug|Any CPU
		{5B44D296-CDA6-4479-AF36-C43AD8B1826E}.Debug|ARM.Build.0 = Debug|Any CPU
		{5B44D296-CDA6-4479-AF36-C43AD8B1826E}.Debug|ARM64.ActiveCfg = Debug|Any CPU
		{5B44D296-CDA6-4479-AF36-C43AD8B1826E}.Debug|ARM64.Build.0 = Debug|Any CPU
		{5B44D296-CDA6-4479-AF36-C43AD8B1826E}.Debug|x64.ActiveCfg = Debug|Any CPU
		{5B44D296-CDA6-4479-AF36-C43AD8B1826E}.Debug|x64.Build.0 = Debug|Any CPU
		{5B44D296-CDA6-4479-AF36-C43AD8B1826E}.Debug|x86.ActiveCfg = Debug|Any CPU
		{5B44D296-CDA6-4479-AF36-C43AD8B1826E}.Debug|x86.Build.0 = Debug|Any CPU
		{5B44D296-CDA6-4479-AF36-C43AD8B1826E}.Release|Any CPU.ActiveCfg = Release|Any CPU
		{5B44D296-CDA6-4479-AF36-C43AD8B1826E}.Release|Any CPU.Build.0 = Release|Any CPU
		{5B44D296-CDA6-4479-AF36-C43AD8B1826E}.Release|ARM.ActiveCfg = Release|Any CPU
		{5B44D296-CDA6-4479-AF36-C43AD8B1826E}.Release|ARM.Build.0 = Release|Any CPU
		{5B44D296-CDA6-4479-AF36-C43AD8B1826E}.Release|ARM64.ActiveCfg = Release|Any CPU
		{5B44D296-CDA6-4479-AF36-C43AD8B1826E}.Release|ARM64.Build.0 = Release|Any CPU
		{5B44D296-CDA6-4479-AF36-C43AD8B1826E}.Release|x64.ActiveCfg = Release|Any CPU
		{5B44D296-CDA6-4479-AF36-C43AD8B1826E}.Release|x64.Build.0 = Release|Any CPU
		{5B44D296-CDA6-4479-AF36-C43AD8B1826E}.Release|x86.ActiveCfg = Release|Any CPU
		{5B44D296-CDA6-4479-AF36-C43AD8B1826E}.Release|x86.Build.0 = Release|Any CPU
		{12946739-E894-42A4-BBDD-0235F06DC6C9}.Debug|Any CPU.ActiveCfg = Debug|Any CPU
		{12946739-E894-42A4-BBDD-0235F06DC6C9}.Debug|Any CPU.Build.0 = Debug|Any CPU
		{12946739-E894-42A4-BBDD-0235F06DC6C9}.Debug|ARM.ActiveCfg = Debug|Any CPU
		{12946739-E894-42A4-BBDD-0235F06DC6C9}.Debug|ARM.Build.0 = Debug|Any CPU
		{12946739-E894-42A4-BBDD-0235F06DC6C9}.Debug|ARM64.ActiveCfg = Debug|Any CPU
		{12946739-E894-42A4-BBDD-0235F06DC6C9}.Debug|ARM64.Build.0 = Debug|Any CPU
		{12946739-E894-42A4-BBDD-0235F06DC6C9}.Debug|x64.ActiveCfg = Debug|Any CPU
		{12946739-E894-42A4-BBDD-0235F06DC6C9}.Debug|x64.Build.0 = Debug|Any CPU
		{12946739-E894-42A4-BBDD-0235F06DC6C9}.Debug|x86.ActiveCfg = Debug|Any CPU
		{12946739-E894-42A4-BBDD-0235F06DC6C9}.Debug|x86.Build.0 = Debug|Any CPU
		{12946739-E894-42A4-BBDD-0235F06DC6C9}.Release|Any CPU.ActiveCfg = Release|Any CPU
		{12946739-E894-42A4-BBDD-0235F06DC6C9}.Release|Any CPU.Build.0 = Release|Any CPU
		{12946739-E894-42A4-BBDD-0235F06DC6C9}.Release|ARM.ActiveCfg = Release|Any CPU
		{12946739-E894-42A4-BBDD-0235F06DC6C9}.Release|ARM.Build.0 = Release|Any CPU
		{12946739-E894-42A4-BBDD-0235F06DC6C9}.Release|ARM64.ActiveCfg = Release|Any CPU
		{12946739-E894-42A4-BBDD-0235F06DC6C9}.Release|ARM64.Build.0 = Release|Any CPU
		{12946739-E894-42A4-BBDD-0235F06DC6C9}.Release|x64.ActiveCfg = Release|Any CPU
		{12946739-E894-42A4-BBDD-0235F06DC6C9}.Release|x64.Build.0 = Release|Any CPU
		{12946739-E894-42A4-BBDD-0235F06DC6C9}.Release|x86.ActiveCfg = Release|Any CPU
		{12946739-E894-42A4-BBDD-0235F06DC6C9}.Release|x86.Build.0 = Release|Any CPU
		{E5844C1B-8E43-4495-BEA6-F12678D4DAAF}.Debug|Any CPU.ActiveCfg = Debug|Any CPU
		{E5844C1B-8E43-4495-BEA6-F12678D4DAAF}.Debug|Any CPU.Build.0 = Debug|Any CPU
		{E5844C1B-8E43-4495-BEA6-F12678D4DAAF}.Debug|ARM.ActiveCfg = Debug|Any CPU
		{E5844C1B-8E43-4495-BEA6-F12678D4DAAF}.Debug|ARM.Build.0 = Debug|Any CPU
		{E5844C1B-8E43-4495-BEA6-F12678D4DAAF}.Debug|ARM64.ActiveCfg = Debug|Any CPU
		{E5844C1B-8E43-4495-BEA6-F12678D4DAAF}.Debug|ARM64.Build.0 = Debug|Any CPU
		{E5844C1B-8E43-4495-BEA6-F12678D4DAAF}.Debug|x64.ActiveCfg = Debug|Any CPU
		{E5844C1B-8E43-4495-BEA6-F12678D4DAAF}.Debug|x64.Build.0 = Debug|Any CPU
		{E5844C1B-8E43-4495-BEA6-F12678D4DAAF}.Debug|x86.ActiveCfg = Debug|Any CPU
		{E5844C1B-8E43-4495-BEA6-F12678D4DAAF}.Debug|x86.Build.0 = Debug|Any CPU
		{E5844C1B-8E43-4495-BEA6-F12678D4DAAF}.Release|Any CPU.ActiveCfg = Release|Any CPU
		{E5844C1B-8E43-4495-BEA6-F12678D4DAAF}.Release|Any CPU.Build.0 = Release|Any CPU
		{E5844C1B-8E43-4495-BEA6-F12678D4DAAF}.Release|ARM.ActiveCfg = Release|Any CPU
		{E5844C1B-8E43-4495-BEA6-F12678D4DAAF}.Release|ARM.Build.0 = Release|Any CPU
		{E5844C1B-8E43-4495-BEA6-F12678D4DAAF}.Release|ARM64.ActiveCfg = Release|Any CPU
		{E5844C1B-8E43-4495-BEA6-F12678D4DAAF}.Release|ARM64.Build.0 = Release|Any CPU
		{E5844C1B-8E43-4495-BEA6-F12678D4DAAF}.Release|x64.ActiveCfg = Release|Any CPU
		{E5844C1B-8E43-4495-BEA6-F12678D4DAAF}.Release|x64.Build.0 = Release|Any CPU
		{E5844C1B-8E43-4495-BEA6-F12678D4DAAF}.Release|x86.ActiveCfg = Release|Any CPU
		{E5844C1B-8E43-4495-BEA6-F12678D4DAAF}.Release|x86.Build.0 = Release|Any CPU
		{456C2561-6A0D-479A-82C4-D4B05E5BE784}.Debug|Any CPU.ActiveCfg = Debug|Any CPU
		{456C2561-6A0D-479A-82C4-D4B05E5BE784}.Debug|Any CPU.Build.0 = Debug|Any CPU
		{456C2561-6A0D-479A-82C4-D4B05E5BE784}.Debug|ARM.ActiveCfg = Debug|Any CPU
		{456C2561-6A0D-479A-82C4-D4B05E5BE784}.Debug|ARM.Build.0 = Debug|Any CPU
		{456C2561-6A0D-479A-82C4-D4B05E5BE784}.Debug|ARM64.ActiveCfg = Debug|Any CPU
		{456C2561-6A0D-479A-82C4-D4B05E5BE784}.Debug|x64.ActiveCfg = Debug|Any CPU
		{456C2561-6A0D-479A-82C4-D4B05E5BE784}.Debug|x64.Build.0 = Debug|Any CPU
		{456C2561-6A0D-479A-82C4-D4B05E5BE784}.Debug|x86.ActiveCfg = Debug|Any CPU
		{456C2561-6A0D-479A-82C4-D4B05E5BE784}.Debug|x86.Build.0 = Debug|Any CPU
		{456C2561-6A0D-479A-82C4-D4B05E5BE784}.Release|Any CPU.ActiveCfg = Release|Any CPU
		{456C2561-6A0D-479A-82C4-D4B05E5BE784}.Release|Any CPU.Build.0 = Release|Any CPU
		{456C2561-6A0D-479A-82C4-D4B05E5BE784}.Release|ARM.ActiveCfg = Release|Any CPU
		{456C2561-6A0D-479A-82C4-D4B05E5BE784}.Release|ARM.Build.0 = Release|Any CPU
		{456C2561-6A0D-479A-82C4-D4B05E5BE784}.Release|ARM64.ActiveCfg = Release|Any CPU
		{456C2561-6A0D-479A-82C4-D4B05E5BE784}.Release|x64.ActiveCfg = Release|Any CPU
		{456C2561-6A0D-479A-82C4-D4B05E5BE784}.Release|x64.Build.0 = Release|Any CPU
		{456C2561-6A0D-479A-82C4-D4B05E5BE784}.Release|x86.ActiveCfg = Release|Any CPU
		{456C2561-6A0D-479A-82C4-D4B05E5BE784}.Release|x86.Build.0 = Release|Any CPU
		{C5FD9921-CCAA-4E6A-B63E-5703F5D24D4B}.Debug|Any CPU.ActiveCfg = Debug|Any CPU
		{C5FD9921-CCAA-4E6A-B63E-5703F5D24D4B}.Debug|Any CPU.Build.0 = Debug|Any CPU
		{C5FD9921-CCAA-4E6A-B63E-5703F5D24D4B}.Debug|ARM.ActiveCfg = Debug|Any CPU
		{C5FD9921-CCAA-4E6A-B63E-5703F5D24D4B}.Debug|ARM.Build.0 = Debug|Any CPU
		{C5FD9921-CCAA-4E6A-B63E-5703F5D24D4B}.Debug|ARM64.ActiveCfg = Debug|Any CPU
		{C5FD9921-CCAA-4E6A-B63E-5703F5D24D4B}.Debug|x64.ActiveCfg = Debug|Any CPU
		{C5FD9921-CCAA-4E6A-B63E-5703F5D24D4B}.Debug|x64.Build.0 = Debug|Any CPU
		{C5FD9921-CCAA-4E6A-B63E-5703F5D24D4B}.Debug|x86.ActiveCfg = Debug|Any CPU
		{C5FD9921-CCAA-4E6A-B63E-5703F5D24D4B}.Debug|x86.Build.0 = Debug|Any CPU
		{C5FD9921-CCAA-4E6A-B63E-5703F5D24D4B}.Release|Any CPU.ActiveCfg = Release|Any CPU
		{C5FD9921-CCAA-4E6A-B63E-5703F5D24D4B}.Release|Any CPU.Build.0 = Release|Any CPU
		{C5FD9921-CCAA-4E6A-B63E-5703F5D24D4B}.Release|ARM.ActiveCfg = Release|Any CPU
		{C5FD9921-CCAA-4E6A-B63E-5703F5D24D4B}.Release|ARM.Build.0 = Release|Any CPU
		{C5FD9921-CCAA-4E6A-B63E-5703F5D24D4B}.Release|ARM64.ActiveCfg = Release|Any CPU
		{C5FD9921-CCAA-4E6A-B63E-5703F5D24D4B}.Release|x64.ActiveCfg = Release|Any CPU
		{C5FD9921-CCAA-4E6A-B63E-5703F5D24D4B}.Release|x64.Build.0 = Release|Any CPU
		{C5FD9921-CCAA-4E6A-B63E-5703F5D24D4B}.Release|x86.ActiveCfg = Release|Any CPU
		{C5FD9921-CCAA-4E6A-B63E-5703F5D24D4B}.Release|x86.Build.0 = Release|Any CPU
		{C7E9F747-34A8-4609-80D7-59A8240FD256}.Debug|Any CPU.ActiveCfg = Debug|Any CPU
		{C7E9F747-34A8-4609-80D7-59A8240FD256}.Debug|Any CPU.Build.0 = Debug|Any CPU
		{C7E9F747-34A8-4609-80D7-59A8240FD256}.Debug|ARM.ActiveCfg = Debug|Any CPU
		{C7E9F747-34A8-4609-80D7-59A8240FD256}.Debug|ARM.Build.0 = Debug|Any CPU
		{C7E9F747-34A8-4609-80D7-59A8240FD256}.Debug|ARM64.ActiveCfg = Debug|Any CPU
		{C7E9F747-34A8-4609-80D7-59A8240FD256}.Debug|x64.ActiveCfg = Debug|Any CPU
		{C7E9F747-34A8-4609-80D7-59A8240FD256}.Debug|x64.Build.0 = Debug|Any CPU
		{C7E9F747-34A8-4609-80D7-59A8240FD256}.Debug|x86.ActiveCfg = Debug|Any CPU
		{C7E9F747-34A8-4609-80D7-59A8240FD256}.Debug|x86.Build.0 = Debug|Any CPU
		{C7E9F747-34A8-4609-80D7-59A8240FD256}.Release|Any CPU.ActiveCfg = Release|Any CPU
		{C7E9F747-34A8-4609-80D7-59A8240FD256}.Release|Any CPU.Build.0 = Release|Any CPU
		{C7E9F747-34A8-4609-80D7-59A8240FD256}.Release|ARM.ActiveCfg = Release|Any CPU
		{C7E9F747-34A8-4609-80D7-59A8240FD256}.Release|ARM.Build.0 = Release|Any CPU
		{C7E9F747-34A8-4609-80D7-59A8240FD256}.Release|ARM64.ActiveCfg = Release|Any CPU
		{C7E9F747-34A8-4609-80D7-59A8240FD256}.Release|x64.ActiveCfg = Release|Any CPU
		{C7E9F747-34A8-4609-80D7-59A8240FD256}.Release|x64.Build.0 = Release|Any CPU
		{C7E9F747-34A8-4609-80D7-59A8240FD256}.Release|x86.ActiveCfg = Release|Any CPU
		{C7E9F747-34A8-4609-80D7-59A8240FD256}.Release|x86.Build.0 = Release|Any CPU
		{BD54C00F-3513-42DA-9FB8-30D3DF6ED68C}.Debug|Any CPU.ActiveCfg = Debug|Any CPU
		{BD54C00F-3513-42DA-9FB8-30D3DF6ED68C}.Debug|Any CPU.Build.0 = Debug|Any CPU
		{BD54C00F-3513-42DA-9FB8-30D3DF6ED68C}.Debug|ARM.ActiveCfg = Debug|Any CPU
		{BD54C00F-3513-42DA-9FB8-30D3DF6ED68C}.Debug|ARM.Build.0 = Debug|Any CPU
		{BD54C00F-3513-42DA-9FB8-30D3DF6ED68C}.Debug|ARM64.ActiveCfg = Debug|Any CPU
		{BD54C00F-3513-42DA-9FB8-30D3DF6ED68C}.Debug|ARM64.Build.0 = Debug|Any CPU
		{BD54C00F-3513-42DA-9FB8-30D3DF6ED68C}.Debug|x64.ActiveCfg = Debug|Any CPU
		{BD54C00F-3513-42DA-9FB8-30D3DF6ED68C}.Debug|x64.Build.0 = Debug|Any CPU
		{BD54C00F-3513-42DA-9FB8-30D3DF6ED68C}.Debug|x86.ActiveCfg = Debug|Any CPU
		{BD54C00F-3513-42DA-9FB8-30D3DF6ED68C}.Debug|x86.Build.0 = Debug|Any CPU
		{BD54C00F-3513-42DA-9FB8-30D3DF6ED68C}.Release|Any CPU.ActiveCfg = Release|Any CPU
		{BD54C00F-3513-42DA-9FB8-30D3DF6ED68C}.Release|Any CPU.Build.0 = Release|Any CPU
		{BD54C00F-3513-42DA-9FB8-30D3DF6ED68C}.Release|ARM.ActiveCfg = Release|Any CPU
		{BD54C00F-3513-42DA-9FB8-30D3DF6ED68C}.Release|ARM.Build.0 = Release|Any CPU
		{BD54C00F-3513-42DA-9FB8-30D3DF6ED68C}.Release|ARM64.ActiveCfg = Release|Any CPU
		{BD54C00F-3513-42DA-9FB8-30D3DF6ED68C}.Release|ARM64.Build.0 = Release|Any CPU
		{BD54C00F-3513-42DA-9FB8-30D3DF6ED68C}.Release|x64.ActiveCfg = Release|Any CPU
		{BD54C00F-3513-42DA-9FB8-30D3DF6ED68C}.Release|x64.Build.0 = Release|Any CPU
		{BD54C00F-3513-42DA-9FB8-30D3DF6ED68C}.Release|x86.ActiveCfg = Release|Any CPU
		{BD54C00F-3513-42DA-9FB8-30D3DF6ED68C}.Release|x86.Build.0 = Release|Any CPU
		{F2ECE62F-DAE0-4E63-8FA0-2A3EAC655B86}.Debug|Any CPU.ActiveCfg = Debug|Any CPU
		{F2ECE62F-DAE0-4E63-8FA0-2A3EAC655B86}.Debug|Any CPU.Build.0 = Debug|Any CPU
		{F2ECE62F-DAE0-4E63-8FA0-2A3EAC655B86}.Debug|ARM.ActiveCfg = Debug|Any CPU
		{F2ECE62F-DAE0-4E63-8FA0-2A3EAC655B86}.Debug|ARM.Build.0 = Debug|Any CPU
		{F2ECE62F-DAE0-4E63-8FA0-2A3EAC655B86}.Debug|ARM64.ActiveCfg = Debug|Any CPU
		{F2ECE62F-DAE0-4E63-8FA0-2A3EAC655B86}.Debug|ARM64.Build.0 = Debug|Any CPU
		{F2ECE62F-DAE0-4E63-8FA0-2A3EAC655B86}.Debug|x64.ActiveCfg = Debug|Any CPU
		{F2ECE62F-DAE0-4E63-8FA0-2A3EAC655B86}.Debug|x64.Build.0 = Debug|Any CPU
		{F2ECE62F-DAE0-4E63-8FA0-2A3EAC655B86}.Debug|x86.ActiveCfg = Debug|Any CPU
		{F2ECE62F-DAE0-4E63-8FA0-2A3EAC655B86}.Debug|x86.Build.0 = Debug|Any CPU
		{F2ECE62F-DAE0-4E63-8FA0-2A3EAC655B86}.Release|Any CPU.ActiveCfg = Release|Any CPU
		{F2ECE62F-DAE0-4E63-8FA0-2A3EAC655B86}.Release|Any CPU.Build.0 = Release|Any CPU
		{F2ECE62F-DAE0-4E63-8FA0-2A3EAC655B86}.Release|ARM.ActiveCfg = Release|Any CPU
		{F2ECE62F-DAE0-4E63-8FA0-2A3EAC655B86}.Release|ARM.Build.0 = Release|Any CPU
		{F2ECE62F-DAE0-4E63-8FA0-2A3EAC655B86}.Release|ARM64.ActiveCfg = Release|Any CPU
		{F2ECE62F-DAE0-4E63-8FA0-2A3EAC655B86}.Release|ARM64.Build.0 = Release|Any CPU
		{F2ECE62F-DAE0-4E63-8FA0-2A3EAC655B86}.Release|x64.ActiveCfg = Release|Any CPU
		{F2ECE62F-DAE0-4E63-8FA0-2A3EAC655B86}.Release|x64.Build.0 = Release|Any CPU
		{F2ECE62F-DAE0-4E63-8FA0-2A3EAC655B86}.Release|x86.ActiveCfg = Release|Any CPU
		{F2ECE62F-DAE0-4E63-8FA0-2A3EAC655B86}.Release|x86.Build.0 = Release|Any CPU
		{320B9D9F-7F13-4A35-9CD0-1694D87DF975}.Debug|Any CPU.ActiveCfg = Debug|Any CPU
		{320B9D9F-7F13-4A35-9CD0-1694D87DF975}.Debug|Any CPU.Build.0 = Debug|Any CPU
		{320B9D9F-7F13-4A35-9CD0-1694D87DF975}.Debug|ARM.ActiveCfg = Debug|Any CPU
		{320B9D9F-7F13-4A35-9CD0-1694D87DF975}.Debug|ARM.Build.0 = Debug|Any CPU
		{320B9D9F-7F13-4A35-9CD0-1694D87DF975}.Debug|ARM64.ActiveCfg = Debug|Any CPU
		{320B9D9F-7F13-4A35-9CD0-1694D87DF975}.Debug|ARM64.Build.0 = Debug|Any CPU
		{320B9D9F-7F13-4A35-9CD0-1694D87DF975}.Debug|x64.ActiveCfg = Debug|Any CPU
		{320B9D9F-7F13-4A35-9CD0-1694D87DF975}.Debug|x64.Build.0 = Debug|Any CPU
		{320B9D9F-7F13-4A35-9CD0-1694D87DF975}.Debug|x86.ActiveCfg = Debug|Any CPU
		{320B9D9F-7F13-4A35-9CD0-1694D87DF975}.Debug|x86.Build.0 = Debug|Any CPU
		{320B9D9F-7F13-4A35-9CD0-1694D87DF975}.Release|Any CPU.ActiveCfg = Release|Any CPU
		{320B9D9F-7F13-4A35-9CD0-1694D87DF975}.Release|Any CPU.Build.0 = Release|Any CPU
		{320B9D9F-7F13-4A35-9CD0-1694D87DF975}.Release|ARM.ActiveCfg = Release|Any CPU
		{320B9D9F-7F13-4A35-9CD0-1694D87DF975}.Release|ARM.Build.0 = Release|Any CPU
		{320B9D9F-7F13-4A35-9CD0-1694D87DF975}.Release|ARM64.ActiveCfg = Release|Any CPU
		{320B9D9F-7F13-4A35-9CD0-1694D87DF975}.Release|ARM64.Build.0 = Release|Any CPU
		{320B9D9F-7F13-4A35-9CD0-1694D87DF975}.Release|x64.ActiveCfg = Release|Any CPU
		{320B9D9F-7F13-4A35-9CD0-1694D87DF975}.Release|x64.Build.0 = Release|Any CPU
		{320B9D9F-7F13-4A35-9CD0-1694D87DF975}.Release|x86.ActiveCfg = Release|Any CPU
		{320B9D9F-7F13-4A35-9CD0-1694D87DF975}.Release|x86.Build.0 = Release|Any CPU
		{EF865CC4-35E7-46DF-B26F-6DA34D55FF03}.Debug|Any CPU.ActiveCfg = Debug|Any CPU
		{EF865CC4-35E7-46DF-B26F-6DA34D55FF03}.Debug|Any CPU.Build.0 = Debug|Any CPU
		{EF865CC4-35E7-46DF-B26F-6DA34D55FF03}.Debug|ARM.ActiveCfg = Debug|Any CPU
		{EF865CC4-35E7-46DF-B26F-6DA34D55FF03}.Debug|ARM.Build.0 = Debug|Any CPU
		{EF865CC4-35E7-46DF-B26F-6DA34D55FF03}.Debug|ARM64.ActiveCfg = Debug|Any CPU
		{EF865CC4-35E7-46DF-B26F-6DA34D55FF03}.Debug|ARM64.Build.0 = Debug|Any CPU
		{EF865CC4-35E7-46DF-B26F-6DA34D55FF03}.Debug|x64.ActiveCfg = Debug|Any CPU
		{EF865CC4-35E7-46DF-B26F-6DA34D55FF03}.Debug|x64.Build.0 = Debug|Any CPU
		{EF865CC4-35E7-46DF-B26F-6DA34D55FF03}.Debug|x86.ActiveCfg = Debug|Any CPU
		{EF865CC4-35E7-46DF-B26F-6DA34D55FF03}.Debug|x86.Build.0 = Debug|Any CPU
		{EF865CC4-35E7-46DF-B26F-6DA34D55FF03}.Release|Any CPU.ActiveCfg = Release|Any CPU
		{EF865CC4-35E7-46DF-B26F-6DA34D55FF03}.Release|Any CPU.Build.0 = Release|Any CPU
		{EF865CC4-35E7-46DF-B26F-6DA34D55FF03}.Release|ARM.ActiveCfg = Release|Any CPU
		{EF865CC4-35E7-46DF-B26F-6DA34D55FF03}.Release|ARM.Build.0 = Release|Any CPU
		{EF865CC4-35E7-46DF-B26F-6DA34D55FF03}.Release|ARM64.ActiveCfg = Release|Any CPU
		{EF865CC4-35E7-46DF-B26F-6DA34D55FF03}.Release|ARM64.Build.0 = Release|Any CPU
		{EF865CC4-35E7-46DF-B26F-6DA34D55FF03}.Release|x64.ActiveCfg = Release|Any CPU
		{EF865CC4-35E7-46DF-B26F-6DA34D55FF03}.Release|x64.Build.0 = Release|Any CPU
		{EF865CC4-35E7-46DF-B26F-6DA34D55FF03}.Release|x86.ActiveCfg = Release|Any CPU
		{EF865CC4-35E7-46DF-B26F-6DA34D55FF03}.Release|x86.Build.0 = Release|Any CPU
		{C07EB562-7A97-4E62-BD48-DAE218432E7B}.Debug|Any CPU.ActiveCfg = Debug|x86
		{C07EB562-7A97-4E62-BD48-DAE218432E7B}.Debug|ARM.ActiveCfg = Debug|ARM
		{C07EB562-7A97-4E62-BD48-DAE218432E7B}.Debug|ARM.Build.0 = Debug|ARM
		{C07EB562-7A97-4E62-BD48-DAE218432E7B}.Debug|ARM.Deploy.0 = Debug|ARM
		{C07EB562-7A97-4E62-BD48-DAE218432E7B}.Debug|ARM64.ActiveCfg = Debug|ARM64
		{C07EB562-7A97-4E62-BD48-DAE218432E7B}.Debug|ARM64.Build.0 = Debug|ARM64
		{C07EB562-7A97-4E62-BD48-DAE218432E7B}.Debug|ARM64.Deploy.0 = Debug|ARM64
		{C07EB562-7A97-4E62-BD48-DAE218432E7B}.Debug|x64.ActiveCfg = Debug|x64
		{C07EB562-7A97-4E62-BD48-DAE218432E7B}.Debug|x64.Build.0 = Debug|x64
		{C07EB562-7A97-4E62-BD48-DAE218432E7B}.Debug|x64.Deploy.0 = Debug|x64
		{C07EB562-7A97-4E62-BD48-DAE218432E7B}.Debug|x86.ActiveCfg = Debug|x86
		{C07EB562-7A97-4E62-BD48-DAE218432E7B}.Debug|x86.Build.0 = Debug|x86
		{C07EB562-7A97-4E62-BD48-DAE218432E7B}.Debug|x86.Deploy.0 = Debug|x86
		{C07EB562-7A97-4E62-BD48-DAE218432E7B}.Release|Any CPU.ActiveCfg = Release|x86
		{C07EB562-7A97-4E62-BD48-DAE218432E7B}.Release|ARM.ActiveCfg = Release|ARM
		{C07EB562-7A97-4E62-BD48-DAE218432E7B}.Release|ARM.Build.0 = Release|ARM
		{C07EB562-7A97-4E62-BD48-DAE218432E7B}.Release|ARM.Deploy.0 = Release|ARM
		{C07EB562-7A97-4E62-BD48-DAE218432E7B}.Release|ARM64.ActiveCfg = Release|ARM64
		{C07EB562-7A97-4E62-BD48-DAE218432E7B}.Release|ARM64.Build.0 = Release|ARM64
		{C07EB562-7A97-4E62-BD48-DAE218432E7B}.Release|ARM64.Deploy.0 = Release|ARM64
		{C07EB562-7A97-4E62-BD48-DAE218432E7B}.Release|x64.ActiveCfg = Release|x64
		{C07EB562-7A97-4E62-BD48-DAE218432E7B}.Release|x64.Build.0 = Release|x64
		{C07EB562-7A97-4E62-BD48-DAE218432E7B}.Release|x64.Deploy.0 = Release|x64
		{C07EB562-7A97-4E62-BD48-DAE218432E7B}.Release|x86.ActiveCfg = Release|x86
		{C07EB562-7A97-4E62-BD48-DAE218432E7B}.Release|x86.Build.0 = Release|x86
		{C07EB562-7A97-4E62-BD48-DAE218432E7B}.Release|x86.Deploy.0 = Release|x86
		{5774CF92-F51B-431E-803D-811AEA621BBF}.Debug|Any CPU.ActiveCfg = Debug|x86
		{5774CF92-F51B-431E-803D-811AEA621BBF}.Debug|ARM.ActiveCfg = Debug|ARM
		{5774CF92-F51B-431E-803D-811AEA621BBF}.Debug|ARM.Build.0 = Debug|ARM
		{5774CF92-F51B-431E-803D-811AEA621BBF}.Debug|ARM.Deploy.0 = Debug|ARM
		{5774CF92-F51B-431E-803D-811AEA621BBF}.Debug|ARM64.ActiveCfg = Debug|ARM64
		{5774CF92-F51B-431E-803D-811AEA621BBF}.Debug|ARM64.Build.0 = Debug|ARM64
		{5774CF92-F51B-431E-803D-811AEA621BBF}.Debug|ARM64.Deploy.0 = Debug|ARM64
		{5774CF92-F51B-431E-803D-811AEA621BBF}.Debug|x64.ActiveCfg = Debug|x64
		{5774CF92-F51B-431E-803D-811AEA621BBF}.Debug|x64.Build.0 = Debug|x64
		{5774CF92-F51B-431E-803D-811AEA621BBF}.Debug|x64.Deploy.0 = Debug|x64
		{5774CF92-F51B-431E-803D-811AEA621BBF}.Debug|x86.ActiveCfg = Debug|x86
		{5774CF92-F51B-431E-803D-811AEA621BBF}.Debug|x86.Build.0 = Debug|x86
		{5774CF92-F51B-431E-803D-811AEA621BBF}.Debug|x86.Deploy.0 = Debug|x86
		{5774CF92-F51B-431E-803D-811AEA621BBF}.Release|Any CPU.ActiveCfg = Release|x86
		{5774CF92-F51B-431E-803D-811AEA621BBF}.Release|ARM.ActiveCfg = Release|ARM
		{5774CF92-F51B-431E-803D-811AEA621BBF}.Release|ARM.Build.0 = Release|ARM
		{5774CF92-F51B-431E-803D-811AEA621BBF}.Release|ARM.Deploy.0 = Release|ARM
		{5774CF92-F51B-431E-803D-811AEA621BBF}.Release|ARM64.ActiveCfg = Release|ARM64
		{5774CF92-F51B-431E-803D-811AEA621BBF}.Release|ARM64.Build.0 = Release|ARM64
		{5774CF92-F51B-431E-803D-811AEA621BBF}.Release|ARM64.Deploy.0 = Release|ARM64
		{5774CF92-F51B-431E-803D-811AEA621BBF}.Release|x64.ActiveCfg = Release|x64
		{5774CF92-F51B-431E-803D-811AEA621BBF}.Release|x64.Build.0 = Release|x64
		{5774CF92-F51B-431E-803D-811AEA621BBF}.Release|x64.Deploy.0 = Release|x64
		{5774CF92-F51B-431E-803D-811AEA621BBF}.Release|x86.ActiveCfg = Release|x86
		{5774CF92-F51B-431E-803D-811AEA621BBF}.Release|x86.Build.0 = Release|x86
		{5774CF92-F51B-431E-803D-811AEA621BBF}.Release|x86.Deploy.0 = Release|x86
		{A47AA02C-6BEB-4228-B8C2-6351D2464CB1}.Debug|Any CPU.ActiveCfg = Debug|Any CPU
		{A47AA02C-6BEB-4228-B8C2-6351D2464CB1}.Debug|Any CPU.Build.0 = Debug|Any CPU
		{A47AA02C-6BEB-4228-B8C2-6351D2464CB1}.Debug|ARM.ActiveCfg = Debug|Any CPU
		{A47AA02C-6BEB-4228-B8C2-6351D2464CB1}.Debug|ARM.Build.0 = Debug|Any CPU
		{A47AA02C-6BEB-4228-B8C2-6351D2464CB1}.Debug|ARM64.ActiveCfg = Debug|Any CPU
		{A47AA02C-6BEB-4228-B8C2-6351D2464CB1}.Debug|ARM64.Build.0 = Debug|Any CPU
		{A47AA02C-6BEB-4228-B8C2-6351D2464CB1}.Debug|x64.ActiveCfg = Debug|Any CPU
		{A47AA02C-6BEB-4228-B8C2-6351D2464CB1}.Debug|x64.Build.0 = Debug|Any CPU
		{A47AA02C-6BEB-4228-B8C2-6351D2464CB1}.Debug|x86.ActiveCfg = Debug|Any CPU
		{A47AA02C-6BEB-4228-B8C2-6351D2464CB1}.Debug|x86.Build.0 = Debug|Any CPU
		{A47AA02C-6BEB-4228-B8C2-6351D2464CB1}.Release|Any CPU.ActiveCfg = Release|Any CPU
		{A47AA02C-6BEB-4228-B8C2-6351D2464CB1}.Release|Any CPU.Build.0 = Release|Any CPU
		{A47AA02C-6BEB-4228-B8C2-6351D2464CB1}.Release|ARM.ActiveCfg = Release|Any CPU
		{A47AA02C-6BEB-4228-B8C2-6351D2464CB1}.Release|ARM.Build.0 = Release|Any CPU
		{A47AA02C-6BEB-4228-B8C2-6351D2464CB1}.Release|ARM64.ActiveCfg = Release|Any CPU
		{A47AA02C-6BEB-4228-B8C2-6351D2464CB1}.Release|ARM64.Build.0 = Release|Any CPU
		{A47AA02C-6BEB-4228-B8C2-6351D2464CB1}.Release|x64.ActiveCfg = Release|Any CPU
		{A47AA02C-6BEB-4228-B8C2-6351D2464CB1}.Release|x64.Build.0 = Release|Any CPU
		{A47AA02C-6BEB-4228-B8C2-6351D2464CB1}.Release|x86.ActiveCfg = Release|Any CPU
		{A47AA02C-6BEB-4228-B8C2-6351D2464CB1}.Release|x86.Build.0 = Release|Any CPU
		{96606669-0422-4D92-8037-B8F410F1A289}.Debug|Any CPU.ActiveCfg = Debug|Any CPU
		{96606669-0422-4D92-8037-B8F410F1A289}.Debug|Any CPU.Build.0 = Debug|Any CPU
		{96606669-0422-4D92-8037-B8F410F1A289}.Debug|ARM.ActiveCfg = Debug|Any CPU
		{96606669-0422-4D92-8037-B8F410F1A289}.Debug|ARM.Build.0 = Debug|Any CPU
		{96606669-0422-4D92-8037-B8F410F1A289}.Debug|ARM64.ActiveCfg = Debug|Any CPU
		{96606669-0422-4D92-8037-B8F410F1A289}.Debug|ARM64.Build.0 = Debug|Any CPU
		{96606669-0422-4D92-8037-B8F410F1A289}.Debug|x64.ActiveCfg = Debug|Any CPU
		{96606669-0422-4D92-8037-B8F410F1A289}.Debug|x64.Build.0 = Debug|Any CPU
		{96606669-0422-4D92-8037-B8F410F1A289}.Debug|x86.ActiveCfg = Debug|Any CPU
		{96606669-0422-4D92-8037-B8F410F1A289}.Debug|x86.Build.0 = Debug|Any CPU
		{96606669-0422-4D92-8037-B8F410F1A289}.Release|Any CPU.ActiveCfg = Release|Any CPU
		{96606669-0422-4D92-8037-B8F410F1A289}.Release|Any CPU.Build.0 = Release|Any CPU
		{96606669-0422-4D92-8037-B8F410F1A289}.Release|ARM.ActiveCfg = Release|Any CPU
		{96606669-0422-4D92-8037-B8F410F1A289}.Release|ARM.Build.0 = Release|Any CPU
		{96606669-0422-4D92-8037-B8F410F1A289}.Release|ARM64.ActiveCfg = Release|Any CPU
		{96606669-0422-4D92-8037-B8F410F1A289}.Release|ARM64.Build.0 = Release|Any CPU
		{96606669-0422-4D92-8037-B8F410F1A289}.Release|x64.ActiveCfg = Release|Any CPU
		{96606669-0422-4D92-8037-B8F410F1A289}.Release|x64.Build.0 = Release|Any CPU
		{96606669-0422-4D92-8037-B8F410F1A289}.Release|x86.ActiveCfg = Release|Any CPU
		{96606669-0422-4D92-8037-B8F410F1A289}.Release|x86.Build.0 = Release|Any CPU
		{E3803F2C-48B8-40AA-A43E-6E1501FABFB1}.Debug|Any CPU.ActiveCfg = Debug|Any CPU
		{E3803F2C-48B8-40AA-A43E-6E1501FABFB1}.Debug|Any CPU.Build.0 = Debug|Any CPU
		{E3803F2C-48B8-40AA-A43E-6E1501FABFB1}.Debug|ARM.ActiveCfg = Debug|Any CPU
		{E3803F2C-48B8-40AA-A43E-6E1501FABFB1}.Debug|ARM.Build.0 = Debug|Any CPU
		{E3803F2C-48B8-40AA-A43E-6E1501FABFB1}.Debug|ARM64.ActiveCfg = Debug|Any CPU
		{E3803F2C-48B8-40AA-A43E-6E1501FABFB1}.Debug|ARM64.Build.0 = Debug|Any CPU
		{E3803F2C-48B8-40AA-A43E-6E1501FABFB1}.Debug|x64.ActiveCfg = Debug|Any CPU
		{E3803F2C-48B8-40AA-A43E-6E1501FABFB1}.Debug|x64.Build.0 = Debug|Any CPU
		{E3803F2C-48B8-40AA-A43E-6E1501FABFB1}.Debug|x86.ActiveCfg = Debug|Any CPU
		{E3803F2C-48B8-40AA-A43E-6E1501FABFB1}.Debug|x86.Build.0 = Debug|Any CPU
		{E3803F2C-48B8-40AA-A43E-6E1501FABFB1}.Release|Any CPU.ActiveCfg = Release|Any CPU
		{E3803F2C-48B8-40AA-A43E-6E1501FABFB1}.Release|Any CPU.Build.0 = Release|Any CPU
		{E3803F2C-48B8-40AA-A43E-6E1501FABFB1}.Release|ARM.ActiveCfg = Release|Any CPU
		{E3803F2C-48B8-40AA-A43E-6E1501FABFB1}.Release|ARM.Build.0 = Release|Any CPU
		{E3803F2C-48B8-40AA-A43E-6E1501FABFB1}.Release|ARM64.ActiveCfg = Release|Any CPU
		{E3803F2C-48B8-40AA-A43E-6E1501FABFB1}.Release|ARM64.Build.0 = Release|Any CPU
		{E3803F2C-48B8-40AA-A43E-6E1501FABFB1}.Release|x64.ActiveCfg = Release|Any CPU
		{E3803F2C-48B8-40AA-A43E-6E1501FABFB1}.Release|x64.Build.0 = Release|Any CPU
		{E3803F2C-48B8-40AA-A43E-6E1501FABFB1}.Release|x86.ActiveCfg = Release|Any CPU
		{E3803F2C-48B8-40AA-A43E-6E1501FABFB1}.Release|x86.Build.0 = Release|Any CPU
	EndGlobalSection
	GlobalSection(SolutionProperties) = preSolution
		HideSolutionNode = FALSE
	EndGlobalSection
	GlobalSection(NestedProjects) = preSolution
		{30476955-DCD7-4EF9-A6E5-F15CD4A78505} = {145CF822-F5C4-482A-9E2B-D0B143AB04F6}
		{2ED66C79-5524-4D0D-9245-D4D837CC8CA1} = {B3DACDD9-9778-41D0-9108-2BB7BC21F3C3}
		{656A7601-0A9F-4B86-B025-DB9841D13646} = {B3DACDD9-9778-41D0-9108-2BB7BC21F3C3}
		{AAD7EEED-658C-4543-99C9-ECDBBA79218A} = {145CF822-F5C4-482A-9E2B-D0B143AB04F6}
		{E5844C1B-8E43-4495-BEA6-F12678D4DAAF} = {721C6919-2573-4F95-A3E5-6BFA1CC32105}
		{456C2561-6A0D-479A-82C4-D4B05E5BE784} = {721C6919-2573-4F95-A3E5-6BFA1CC32105}
		{C5FD9921-CCAA-4E6A-B63E-5703F5D24D4B} = {721C6919-2573-4F95-A3E5-6BFA1CC32105}
		{C7E9F747-34A8-4609-80D7-59A8240FD256} = {721C6919-2573-4F95-A3E5-6BFA1CC32105}
		{BD54C00F-3513-42DA-9FB8-30D3DF6ED68C} = {145CF822-F5C4-482A-9E2B-D0B143AB04F6}
		{F2ECE62F-DAE0-4E63-8FA0-2A3EAC655B86} = {145CF822-F5C4-482A-9E2B-D0B143AB04F6}
		{320B9D9F-7F13-4A35-9CD0-1694D87DF975} = {145CF822-F5C4-482A-9E2B-D0B143AB04F6}
		{EF865CC4-35E7-46DF-B26F-6DA34D55FF03} = {145CF822-F5C4-482A-9E2B-D0B143AB04F6}
		{C07EB562-7A97-4E62-BD48-DAE218432E7B} = {145CF822-F5C4-482A-9E2B-D0B143AB04F6}
		{5774CF92-F51B-431E-803D-811AEA621BBF} = {145CF822-F5C4-482A-9E2B-D0B143AB04F6}
		{A47AA02C-6BEB-4228-B8C2-6351D2464CB1} = {A46DD0B3-1569-472D-9C7D-3CFCF02E0797}
		{96606669-0422-4D92-8037-B8F410F1A289} = {145CF822-F5C4-482A-9E2B-D0B143AB04F6}
		{E3803F2C-48B8-40AA-A43E-6E1501FABFB1} = {145CF822-F5C4-482A-9E2B-D0B143AB04F6}
	EndGlobalSection
	GlobalSection(ExtensibilityGlobals) = postSolution
		SolutionGuid = {F07AC154-6D4A-4E9E-AAB4-48BB13BD6014}
	EndGlobalSection
EndGlobal
