
Microsoft Visual Studio Solution File, Format Version 12.00
# Visual Studio Version 16
VisualStudioVersion = 16.0.29020.237
MinimumVisualStudioVersion = 10.0.40219.1
Project("{2150E333-8FDC-42A3-9474-1A3956D46DE8}") = "Domain", "Domain", "{721C6919-2573-4F95-A3E5-6BFA1CC32105}"
EndProject
Project("{2150E333-8FDC-42A3-9474-1A3956D46DE8}") = "Presentation", "Presentation", "{145CF822-F5C4-482A-9E2B-D0B143AB04F6}"
EndProject
Project("{2150E333-8FDC-42A3-9474-1A3956D46DE8}") = "Interface", "Interface", "{B3DACDD9-9778-41D0-9108-2BB7BC21F3C3}"
EndProject
Project("{2150E333-8FDC-42A3-9474-1A3956D46DE8}") = "Test", "Test", "{A46DD0B3-1569-472D-9C7D-3CFCF02E0797}"
EndProject
Project("{9A19103F-16F7-4668-BE54-9A1E7A4F7556}") = "TestDomain", "Test\CiccioGest.Test.Domain\TestDomain.csproj", "{A47AA02C-6BEB-4228-B8C2-6351D2464CB1}"
EndProject
Project("{2150E333-8FDC-42A3-9474-1A3956D46DE8}") = "Wcf", "Wcf", "{26E0F87D-A74C-430D-A636-353944164DA0}"
EndProject
Project("{2150E333-8FDC-42A3-9474-1A3956D46DE8}") = "Rest", "Rest", "{5AE70E0E-514E-4450-B91B-1B2EC121D9A1}"
EndProject
Project("{2150E333-8FDC-42A3-9474-1A3956D46DE8}") = "Infrastructure", "Infrastructure", "{88419833-94E5-4A6A-85D7-968EDE82EB37}"
EndProject
Project("{9A19103F-16F7-4668-BE54-9A1E7A4F7556}") = "Infrastructure", "Infrastructure\Infrastructure\Infrastructure.csproj", "{A575D8A9-9460-4BC0-9898-DDEF555195C1}"
EndProject
Project("{2150E333-8FDC-42A3-9474-1A3956D46DE8}") = "Persistence", "Persistence", "{1DCF22F3-F5FA-4C18-A9E3-75BB5718D6CF}"
EndProject
Project("{9A19103F-16F7-4668-BE54-9A1E7A4F7556}") = "Persistence.Nhb", "Infrastructure\Persistence\Persistence.Nhb\Persistence.Nhb.csproj", "{53BB7BDA-42EC-48B0-8361-726F59AA5568}"
EndProject
Project("{FAE04EC0-301F-11D3-BF4B-00C04F79EFBC}") = "Persistence.Db4o", "Infrastructure\Persistence\Persistence.Db4o\Persistence.Db4o.csproj", "{C7E9F747-34A8-4609-80D7-59A8240FD256}"
EndProject
Project("{9A19103F-16F7-4668-BE54-9A1E7A4F7556}") = "Domain", "Domain\Domain\Domain.csproj", "{87E08E73-2C4F-4F31-BEAB-55E08711144A}"
EndProject
Project("{2150E333-8FDC-42A3-9474-1A3956D46DE8}") = "Application", "Application", "{78EFD67C-0932-4AEF-99EC-521118886AF2}"
EndProject
Project("{9A19103F-16F7-4668-BE54-9A1E7A4F7556}") = "Application", "Application\Application\Application.csproj", "{FC486B81-D474-478E-9A77-0F912D7AA393}"
EndProject
Project("{FAE04EC0-301F-11D3-BF4B-00C04F79EFBC}") = "Persistence.EF", "Infrastructure\Persistence\Persistence.EF\Persistence.EF.csproj", "{74814BF0-0B88-4922-AA8C-42E8DE15034D}"
EndProject
Project("{FAE04EC0-301F-11D3-BF4B-00C04F79EFBC}") = "WebService", "Interface\Wcf\WebService\WebService.csproj", "{3C8014F3-5EFA-48F0-8081-19FF30AE5423}"
EndProject
Project("{2150E333-8FDC-42A3-9474-1A3956D46DE8}") = "Forms", "Forms", "{824D7526-959E-4467-BBFE-D99953361F74}"
EndProject
Project("{2150E333-8FDC-42A3-9474-1A3956D46DE8}") = "Uwp", "Uwp", "{52855C50-B1E5-4DCE-AFC8-226887C7C9E1}"
EndProject
Project("{9A19103F-16F7-4668-BE54-9A1E7A4F7556}") = "Application.Impl", "Application\Application.Impl\Application.Impl.csproj", "{C8FEBEFA-4F77-4001-B5B8-DBE758685EB3}"
EndProject
Project("{9A19103F-16F7-4668-BE54-9A1E7A4F7556}") = "Persistence.LiteDB", "Infrastructure\Persistence\Persistence.LiteDB\Persistence.LiteDB.csproj", "{AE48D2EE-11CB-44AF-A99D-9FF4B20F2276}"
EndProject
Project("{FAE04EC0-301F-11D3-BF4B-00C04F79EFBC}") = "AppForm", "Presentation\Forms\App1\AppForm.csproj", "{30476955-DCD7-4EF9-A6E5-F15CD4A78505}"
EndProject
Project("{FAE04EC0-301F-11D3-BF4B-00C04F79EFBC}") = "App1", "Presentation\Uwp\App1\App1.csproj", "{8645863F-9ACA-4723-802A-45AD8C7A738F}"
EndProject
Project("{FAE04EC0-301F-11D3-BF4B-00C04F79EFBC}") = "Client", "Presentation\Uwp\Client\Client.csproj", "{75F1379A-30AD-44AD-806C-5AB7DC78AA53}"
	ProjectSection(ProjectDependencies) = postProject
		{3C8014F3-5EFA-48F0-8081-19FF30AE5423} = {3C8014F3-5EFA-48F0-8081-19FF30AE5423}
	EndProjectSection
EndProject
Project("{FAE04EC0-301F-11D3-BF4B-00C04F79EFBC}") = "AppService", "Interface\Wcf\AppService\AppService.csproj", "{23ED1C64-C9F0-4DDC-969E-BB60EEC20E5F}"
EndProject
Project("{9A19103F-16F7-4668-BE54-9A1E7A4F7556}") = "Persistence.Memory", "Infrastructure\Persistence\Persistence.Memory\Persistence.Memory.csproj", "{7397271E-82D2-49C3-8093-09898A397B88}"
EndProject
Project("{2150E333-8FDC-42A3-9474-1A3956D46DE8}") = "Wpf", "Wpf", "{E62BE8E1-5EDD-46AC-AD40-EB7744F05029}"
EndProject
Project("{9A19103F-16F7-4668-BE54-9A1E7A4F7556}") = "App1", "Presentation\Wpf\App1\App1.csproj", "{C86C3749-6743-4B04-9A2C-0FFF7DBE5A21}"
EndProject
Project("{9A19103F-16F7-4668-BE54-9A1E7A4F7556}") = "App2", "Presentation\Wpf\App2\App2.csproj", "{8C84A972-50E8-4967-A792-97CB5CE2E24F}"
EndProject
Project("{9A19103F-16F7-4668-BE54-9A1E7A4F7556}") = "Client", "Presentation\Client\Client.csproj", "{CD5E37C0-B58E-4BBE-8886-7B4FA0294516}"
EndProject
Project("{2150E333-8FDC-42A3-9474-1A3956D46DE8}") = "Gtk", "Gtk", "{A897041A-69AB-47DC-826B-18CBB96E4999}"
EndProject
Project("{9A19103F-16F7-4668-BE54-9A1E7A4F7556}") = "AppGtk", "Presentation\Gtk\AppGtk\AppGtk.csproj", "{0E2A60EA-E559-42A0-A201-73070646A790}"
EndProject
Project("{9A19103F-16F7-4668-BE54-9A1E7A4F7556}") = "Mvp", "Presentation\CiccioGest.Presentation.Mvp\Mvp.csproj", "{2CFE3B43-D918-4868-AE1A-A83EB662990B}"
EndProject
Project("{FAE04EC0-301F-11D3-BF4B-00C04F79EFBC}") = "App2", "Presentation\Uwp\App2\App2.csproj", "{1471A271-3F9B-4EC8-866A-C01E93C3F21D}"
EndProject
Global
	GlobalSection(SolutionConfigurationPlatforms) = preSolution
		Debug|Any CPU = Debug|Any CPU
		Debug|ARM = Debug|ARM
		Debug|ARM64 = Debug|ARM64
		Debug|x64 = Debug|x64
		Debug|x86 = Debug|x86
		Release|Any CPU = Release|Any CPU
		Release|ARM = Release|ARM
		Release|ARM64 = Release|ARM64
		Release|x64 = Release|x64
		Release|x86 = Release|x86
	EndGlobalSection
	GlobalSection(ProjectConfigurationPlatforms) = postSolution
		{A47AA02C-6BEB-4228-B8C2-6351D2464CB1}.Debug|Any CPU.ActiveCfg = Debug|Any CPU
		{A47AA02C-6BEB-4228-B8C2-6351D2464CB1}.Debug|Any CPU.Build.0 = Debug|Any CPU
		{A47AA02C-6BEB-4228-B8C2-6351D2464CB1}.Debug|ARM.ActiveCfg = Debug|Any CPU
		{A47AA02C-6BEB-4228-B8C2-6351D2464CB1}.Debug|ARM.Build.0 = Debug|Any CPU
		{A47AA02C-6BEB-4228-B8C2-6351D2464CB1}.Debug|ARM64.ActiveCfg = Debug|Any CPU
		{A47AA02C-6BEB-4228-B8C2-6351D2464CB1}.Debug|ARM64.Build.0 = Debug|Any CPU
		{A47AA02C-6BEB-4228-B8C2-6351D2464CB1}.Debug|x64.ActiveCfg = Debug|x64
		{A47AA02C-6BEB-4228-B8C2-6351D2464CB1}.Debug|x64.Build.0 = Debug|x64
		{A47AA02C-6BEB-4228-B8C2-6351D2464CB1}.Debug|x86.ActiveCfg = Debug|x86
		{A47AA02C-6BEB-4228-B8C2-6351D2464CB1}.Debug|x86.Build.0 = Debug|x86
		{A47AA02C-6BEB-4228-B8C2-6351D2464CB1}.Release|Any CPU.ActiveCfg = Release|Any CPU
		{A47AA02C-6BEB-4228-B8C2-6351D2464CB1}.Release|Any CPU.Build.0 = Release|Any CPU
		{A47AA02C-6BEB-4228-B8C2-6351D2464CB1}.Release|ARM.ActiveCfg = Release|Any CPU
		{A47AA02C-6BEB-4228-B8C2-6351D2464CB1}.Release|ARM.Build.0 = Release|Any CPU
		{A47AA02C-6BEB-4228-B8C2-6351D2464CB1}.Release|ARM64.ActiveCfg = Release|Any CPU
		{A47AA02C-6BEB-4228-B8C2-6351D2464CB1}.Release|ARM64.Build.0 = Release|Any CPU
		{A47AA02C-6BEB-4228-B8C2-6351D2464CB1}.Release|x64.ActiveCfg = Release|Any CPU
		{A47AA02C-6BEB-4228-B8C2-6351D2464CB1}.Release|x64.Build.0 = Release|Any CPU
		{A47AA02C-6BEB-4228-B8C2-6351D2464CB1}.Release|x86.ActiveCfg = Release|Any CPU
		{A47AA02C-6BEB-4228-B8C2-6351D2464CB1}.Release|x86.Build.0 = Release|Any CPU
		{A575D8A9-9460-4BC0-9898-DDEF555195C1}.Debug|Any CPU.ActiveCfg = Debug|Any CPU
		{A575D8A9-9460-4BC0-9898-DDEF555195C1}.Debug|Any CPU.Build.0 = Debug|Any CPU
		{A575D8A9-9460-4BC0-9898-DDEF555195C1}.Debug|ARM.ActiveCfg = Debug|Any CPU
		{A575D8A9-9460-4BC0-9898-DDEF555195C1}.Debug|ARM.Build.0 = Debug|Any CPU
		{A575D8A9-9460-4BC0-9898-DDEF555195C1}.Debug|ARM64.ActiveCfg = Debug|Any CPU
		{A575D8A9-9460-4BC0-9898-DDEF555195C1}.Debug|ARM64.Build.0 = Debug|Any CPU
		{A575D8A9-9460-4BC0-9898-DDEF555195C1}.Debug|x64.ActiveCfg = Debug|x64
		{A575D8A9-9460-4BC0-9898-DDEF555195C1}.Debug|x64.Build.0 = Debug|x64
		{A575D8A9-9460-4BC0-9898-DDEF555195C1}.Debug|x86.ActiveCfg = Debug|x86
		{A575D8A9-9460-4BC0-9898-DDEF555195C1}.Debug|x86.Build.0 = Debug|x86
		{A575D8A9-9460-4BC0-9898-DDEF555195C1}.Release|Any CPU.ActiveCfg = Release|Any CPU
		{A575D8A9-9460-4BC0-9898-DDEF555195C1}.Release|Any CPU.Build.0 = Release|Any CPU
		{A575D8A9-9460-4BC0-9898-DDEF555195C1}.Release|ARM.ActiveCfg = Release|Any CPU
		{A575D8A9-9460-4BC0-9898-DDEF555195C1}.Release|ARM.Build.0 = Release|Any CPU
		{A575D8A9-9460-4BC0-9898-DDEF555195C1}.Release|ARM64.ActiveCfg = Release|Any CPU
		{A575D8A9-9460-4BC0-9898-DDEF555195C1}.Release|ARM64.Build.0 = Release|Any CPU
		{A575D8A9-9460-4BC0-9898-DDEF555195C1}.Release|x64.ActiveCfg = Release|Any CPU
		{A575D8A9-9460-4BC0-9898-DDEF555195C1}.Release|x64.Build.0 = Release|Any CPU
		{A575D8A9-9460-4BC0-9898-DDEF555195C1}.Release|x86.ActiveCfg = Release|Any CPU
		{A575D8A9-9460-4BC0-9898-DDEF555195C1}.Release|x86.Build.0 = Release|Any CPU
		{53BB7BDA-42EC-48B0-8361-726F59AA5568}.Debug|Any CPU.ActiveCfg = Debug|Any CPU
		{53BB7BDA-42EC-48B0-8361-726F59AA5568}.Debug|Any CPU.Build.0 = Debug|Any CPU
		{53BB7BDA-42EC-48B0-8361-726F59AA5568}.Debug|ARM.ActiveCfg = Debug|Any CPU
		{53BB7BDA-42EC-48B0-8361-726F59AA5568}.Debug|ARM.Build.0 = Debug|Any CPU
		{53BB7BDA-42EC-48B0-8361-726F59AA5568}.Debug|ARM64.ActiveCfg = Debug|Any CPU
		{53BB7BDA-42EC-48B0-8361-726F59AA5568}.Debug|ARM64.Build.0 = Debug|Any CPU
		{53BB7BDA-42EC-48B0-8361-726F59AA5568}.Debug|x64.ActiveCfg = Debug|x64
		{53BB7BDA-42EC-48B0-8361-726F59AA5568}.Debug|x64.Build.0 = Debug|x64
		{53BB7BDA-42EC-48B0-8361-726F59AA5568}.Debug|x86.ActiveCfg = Debug|x86
		{53BB7BDA-42EC-48B0-8361-726F59AA5568}.Debug|x86.Build.0 = Debug|x86
		{53BB7BDA-42EC-48B0-8361-726F59AA5568}.Release|Any CPU.ActiveCfg = Release|Any CPU
		{53BB7BDA-42EC-48B0-8361-726F59AA5568}.Release|Any CPU.Build.0 = Release|Any CPU
		{53BB7BDA-42EC-48B0-8361-726F59AA5568}.Release|ARM.ActiveCfg = Release|Any CPU
		{53BB7BDA-42EC-48B0-8361-726F59AA5568}.Release|ARM.Build.0 = Release|Any CPU
		{53BB7BDA-42EC-48B0-8361-726F59AA5568}.Release|ARM64.ActiveCfg = Release|Any CPU
		{53BB7BDA-42EC-48B0-8361-726F59AA5568}.Release|ARM64.Build.0 = Release|Any CPU
		{53BB7BDA-42EC-48B0-8361-726F59AA5568}.Release|x64.ActiveCfg = Release|Any CPU
		{53BB7BDA-42EC-48B0-8361-726F59AA5568}.Release|x64.Build.0 = Release|Any CPU
		{53BB7BDA-42EC-48B0-8361-726F59AA5568}.Release|x86.ActiveCfg = Release|Any CPU
		{53BB7BDA-42EC-48B0-8361-726F59AA5568}.Release|x86.Build.0 = Release|Any CPU
		{C7E9F747-34A8-4609-80D7-59A8240FD256}.Debug|Any CPU.ActiveCfg = Debug|Any CPU
		{C7E9F747-34A8-4609-80D7-59A8240FD256}.Debug|Any CPU.Build.0 = Debug|Any CPU
		{C7E9F747-34A8-4609-80D7-59A8240FD256}.Debug|ARM.ActiveCfg = Debug|Any CPU
		{C7E9F747-34A8-4609-80D7-59A8240FD256}.Debug|ARM64.ActiveCfg = Debug|Any CPU
		{C7E9F747-34A8-4609-80D7-59A8240FD256}.Debug|x64.ActiveCfg = Debug|Any CPU
		{C7E9F747-34A8-4609-80D7-59A8240FD256}.Debug|x64.Build.0 = Debug|Any CPU
		{C7E9F747-34A8-4609-80D7-59A8240FD256}.Debug|x86.ActiveCfg = Debug|Any CPU
		{C7E9F747-34A8-4609-80D7-59A8240FD256}.Debug|x86.Build.0 = Debug|Any CPU
		{C7E9F747-34A8-4609-80D7-59A8240FD256}.Release|Any CPU.ActiveCfg = Release|Any CPU
		{C7E9F747-34A8-4609-80D7-59A8240FD256}.Release|Any CPU.Build.0 = Release|Any CPU
		{C7E9F747-34A8-4609-80D7-59A8240FD256}.Release|ARM.ActiveCfg = Release|Any CPU
		{C7E9F747-34A8-4609-80D7-59A8240FD256}.Release|ARM64.ActiveCfg = Release|Any CPU
		{C7E9F747-34A8-4609-80D7-59A8240FD256}.Release|x64.ActiveCfg = Release|Any CPU
		{C7E9F747-34A8-4609-80D7-59A8240FD256}.Release|x64.Build.0 = Release|Any CPU
		{C7E9F747-34A8-4609-80D7-59A8240FD256}.Release|x86.ActiveCfg = Release|Any CPU
		{C7E9F747-34A8-4609-80D7-59A8240FD256}.Release|x86.Build.0 = Release|Any CPU
		{87E08E73-2C4F-4F31-BEAB-55E08711144A}.Debug|Any CPU.ActiveCfg = Debug|Any CPU
		{87E08E73-2C4F-4F31-BEAB-55E08711144A}.Debug|Any CPU.Build.0 = Debug|Any CPU
		{87E08E73-2C4F-4F31-BEAB-55E08711144A}.Debug|ARM.ActiveCfg = Debug|Any CPU
		{87E08E73-2C4F-4F31-BEAB-55E08711144A}.Debug|ARM.Build.0 = Debug|Any CPU
		{87E08E73-2C4F-4F31-BEAB-55E08711144A}.Debug|ARM64.ActiveCfg = Debug|Any CPU
		{87E08E73-2C4F-4F31-BEAB-55E08711144A}.Debug|ARM64.Build.0 = Debug|Any CPU
		{87E08E73-2C4F-4F31-BEAB-55E08711144A}.Debug|x64.ActiveCfg = Debug|x64
		{87E08E73-2C4F-4F31-BEAB-55E08711144A}.Debug|x64.Build.0 = Debug|x64
		{87E08E73-2C4F-4F31-BEAB-55E08711144A}.Debug|x86.ActiveCfg = Debug|x86
		{87E08E73-2C4F-4F31-BEAB-55E08711144A}.Debug|x86.Build.0 = Debug|x86
		{87E08E73-2C4F-4F31-BEAB-55E08711144A}.Release|Any CPU.ActiveCfg = Release|Any CPU
		{87E08E73-2C4F-4F31-BEAB-55E08711144A}.Release|Any CPU.Build.0 = Release|Any CPU
		{87E08E73-2C4F-4F31-BEAB-55E08711144A}.Release|ARM.ActiveCfg = Release|Any CPU
		{87E08E73-2C4F-4F31-BEAB-55E08711144A}.Release|ARM.Build.0 = Release|Any CPU
		{87E08E73-2C4F-4F31-BEAB-55E08711144A}.Release|ARM64.ActiveCfg = Release|Any CPU
		{87E08E73-2C4F-4F31-BEAB-55E08711144A}.Release|ARM64.Build.0 = Release|Any CPU
		{87E08E73-2C4F-4F31-BEAB-55E08711144A}.Release|x64.ActiveCfg = Release|Any CPU
		{87E08E73-2C4F-4F31-BEAB-55E08711144A}.Release|x64.Build.0 = Release|Any CPU
		{87E08E73-2C4F-4F31-BEAB-55E08711144A}.Release|x86.ActiveCfg = Release|Any CPU
		{87E08E73-2C4F-4F31-BEAB-55E08711144A}.Release|x86.Build.0 = Release|Any CPU
		{FC486B81-D474-478E-9A77-0F912D7AA393}.Debug|Any CPU.ActiveCfg = Debug|Any CPU
		{FC486B81-D474-478E-9A77-0F912D7AA393}.Debug|Any CPU.Build.0 = Debug|Any CPU
		{FC486B81-D474-478E-9A77-0F912D7AA393}.Debug|ARM.ActiveCfg = Debug|Any CPU
		{FC486B81-D474-478E-9A77-0F912D7AA393}.Debug|ARM.Build.0 = Debug|Any CPU
		{FC486B81-D474-478E-9A77-0F912D7AA393}.Debug|ARM64.ActiveCfg = Debug|Any CPU
		{FC486B81-D474-478E-9A77-0F912D7AA393}.Debug|ARM64.Build.0 = Debug|Any CPU
		{FC486B81-D474-478E-9A77-0F912D7AA393}.Debug|x64.ActiveCfg = Debug|x64
		{FC486B81-D474-478E-9A77-0F912D7AA393}.Debug|x64.Build.0 = Debug|x64
		{FC486B81-D474-478E-9A77-0F912D7AA393}.Debug|x86.ActiveCfg = Debug|x86
		{FC486B81-D474-478E-9A77-0F912D7AA393}.Debug|x86.Build.0 = Debug|x86
		{FC486B81-D474-478E-9A77-0F912D7AA393}.Release|Any CPU.ActiveCfg = Release|Any CPU
		{FC486B81-D474-478E-9A77-0F912D7AA393}.Release|Any CPU.Build.0 = Release|Any CPU
		{FC486B81-D474-478E-9A77-0F912D7AA393}.Release|ARM.ActiveCfg = Release|Any CPU
		{FC486B81-D474-478E-9A77-0F912D7AA393}.Release|ARM.Build.0 = Release|Any CPU
		{FC486B81-D474-478E-9A77-0F912D7AA393}.Release|ARM64.ActiveCfg = Release|Any CPU
		{FC486B81-D474-478E-9A77-0F912D7AA393}.Release|ARM64.Build.0 = Release|Any CPU
		{FC486B81-D474-478E-9A77-0F912D7AA393}.Release|x64.ActiveCfg = Release|Any CPU
		{FC486B81-D474-478E-9A77-0F912D7AA393}.Release|x64.Build.0 = Release|Any CPU
		{FC486B81-D474-478E-9A77-0F912D7AA393}.Release|x86.ActiveCfg = Release|Any CPU
		{FC486B81-D474-478E-9A77-0F912D7AA393}.Release|x86.Build.0 = Release|Any CPU
		{74814BF0-0B88-4922-AA8C-42E8DE15034D}.Debug|Any CPU.ActiveCfg = Debug|Any CPU
		{74814BF0-0B88-4922-AA8C-42E8DE15034D}.Debug|Any CPU.Build.0 = Debug|Any CPU
		{74814BF0-0B88-4922-AA8C-42E8DE15034D}.Debug|ARM.ActiveCfg = Debug|Any CPU
		{74814BF0-0B88-4922-AA8C-42E8DE15034D}.Debug|ARM64.ActiveCfg = Debug|Any CPU
		{74814BF0-0B88-4922-AA8C-42E8DE15034D}.Debug|x64.ActiveCfg = Debug|Any CPU
		{74814BF0-0B88-4922-AA8C-42E8DE15034D}.Debug|x64.Build.0 = Debug|Any CPU
		{74814BF0-0B88-4922-AA8C-42E8DE15034D}.Debug|x86.ActiveCfg = Debug|Any CPU
		{74814BF0-0B88-4922-AA8C-42E8DE15034D}.Debug|x86.Build.0 = Debug|Any CPU
		{74814BF0-0B88-4922-AA8C-42E8DE15034D}.Release|Any CPU.ActiveCfg = Release|Any CPU
		{74814BF0-0B88-4922-AA8C-42E8DE15034D}.Release|Any CPU.Build.0 = Release|Any CPU
		{74814BF0-0B88-4922-AA8C-42E8DE15034D}.Release|ARM.ActiveCfg = Release|Any CPU
		{74814BF0-0B88-4922-AA8C-42E8DE15034D}.Release|ARM64.ActiveCfg = Release|Any CPU
		{74814BF0-0B88-4922-AA8C-42E8DE15034D}.Release|x64.ActiveCfg = Release|Any CPU
		{74814BF0-0B88-4922-AA8C-42E8DE15034D}.Release|x64.Build.0 = Release|Any CPU
		{74814BF0-0B88-4922-AA8C-42E8DE15034D}.Release|x86.ActiveCfg = Release|Any CPU
		{74814BF0-0B88-4922-AA8C-42E8DE15034D}.Release|x86.Build.0 = Release|Any CPU
		{3C8014F3-5EFA-48F0-8081-19FF30AE5423}.Debug|Any CPU.ActiveCfg = Debug|Any CPU
		{3C8014F3-5EFA-48F0-8081-19FF30AE5423}.Debug|Any CPU.Build.0 = Debug|Any CPU
		{3C8014F3-5EFA-48F0-8081-19FF30AE5423}.Debug|ARM.ActiveCfg = Debug|Any CPU
		{3C8014F3-5EFA-48F0-8081-19FF30AE5423}.Debug|ARM.Build.0 = Debug|Any CPU
		{3C8014F3-5EFA-48F0-8081-19FF30AE5423}.Debug|ARM64.ActiveCfg = Debug|Any CPU
		{3C8014F3-5EFA-48F0-8081-19FF30AE5423}.Debug|ARM64.Build.0 = Debug|Any CPU
		{3C8014F3-5EFA-48F0-8081-19FF30AE5423}.Debug|x64.ActiveCfg = Debug|x64
		{3C8014F3-5EFA-48F0-8081-19FF30AE5423}.Debug|x64.Build.0 = Debug|x64
		{3C8014F3-5EFA-48F0-8081-19FF30AE5423}.Debug|x86.ActiveCfg = Debug|x86
		{3C8014F3-5EFA-48F0-8081-19FF30AE5423}.Debug|x86.Build.0 = Debug|x86
		{3C8014F3-5EFA-48F0-8081-19FF30AE5423}.Release|Any CPU.ActiveCfg = Release|Any CPU
		{3C8014F3-5EFA-48F0-8081-19FF30AE5423}.Release|Any CPU.Build.0 = Release|Any CPU
		{3C8014F3-5EFA-48F0-8081-19FF30AE5423}.Release|ARM.ActiveCfg = Release|Any CPU
		{3C8014F3-5EFA-48F0-8081-19FF30AE5423}.Release|ARM.Build.0 = Release|Any CPU
		{3C8014F3-5EFA-48F0-8081-19FF30AE5423}.Release|ARM64.ActiveCfg = Release|Any CPU
		{3C8014F3-5EFA-48F0-8081-19FF30AE5423}.Release|ARM64.Build.0 = Release|Any CPU
		{3C8014F3-5EFA-48F0-8081-19FF30AE5423}.Release|x64.ActiveCfg = Release|Any CPU
		{3C8014F3-5EFA-48F0-8081-19FF30AE5423}.Release|x64.Build.0 = Release|Any CPU
		{3C8014F3-5EFA-48F0-8081-19FF30AE5423}.Release|x86.ActiveCfg = Release|Any CPU
		{3C8014F3-5EFA-48F0-8081-19FF30AE5423}.Release|x86.Build.0 = Release|Any CPU
		{C8FEBEFA-4F77-4001-B5B8-DBE758685EB3}.Debug|Any CPU.ActiveCfg = Debug|Any CPU
		{C8FEBEFA-4F77-4001-B5B8-DBE758685EB3}.Debug|Any CPU.Build.0 = Debug|Any CPU
		{C8FEBEFA-4F77-4001-B5B8-DBE758685EB3}.Debug|ARM.ActiveCfg = Debug|Any CPU
		{C8FEBEFA-4F77-4001-B5B8-DBE758685EB3}.Debug|ARM.Build.0 = Debug|Any CPU
		{C8FEBEFA-4F77-4001-B5B8-DBE758685EB3}.Debug|ARM64.ActiveCfg = Debug|Any CPU
		{C8FEBEFA-4F77-4001-B5B8-DBE758685EB3}.Debug|ARM64.Build.0 = Debug|Any CPU
		{C8FEBEFA-4F77-4001-B5B8-DBE758685EB3}.Debug|x64.ActiveCfg = Debug|x64
		{C8FEBEFA-4F77-4001-B5B8-DBE758685EB3}.Debug|x64.Build.0 = Debug|x64
		{C8FEBEFA-4F77-4001-B5B8-DBE758685EB3}.Debug|x86.ActiveCfg = Debug|x86
		{C8FEBEFA-4F77-4001-B5B8-DBE758685EB3}.Debug|x86.Build.0 = Debug|x86
		{C8FEBEFA-4F77-4001-B5B8-DBE758685EB3}.Release|Any CPU.ActiveCfg = Release|Any CPU
		{C8FEBEFA-4F77-4001-B5B8-DBE758685EB3}.Release|Any CPU.Build.0 = Release|Any CPU
		{C8FEBEFA-4F77-4001-B5B8-DBE758685EB3}.Release|ARM.ActiveCfg = Release|Any CPU
		{C8FEBEFA-4F77-4001-B5B8-DBE758685EB3}.Release|ARM.Build.0 = Release|Any CPU
		{C8FEBEFA-4F77-4001-B5B8-DBE758685EB3}.Release|ARM64.ActiveCfg = Release|Any CPU
		{C8FEBEFA-4F77-4001-B5B8-DBE758685EB3}.Release|ARM64.Build.0 = Release|Any CPU
		{C8FEBEFA-4F77-4001-B5B8-DBE758685EB3}.Release|x64.ActiveCfg = Release|Any CPU
		{C8FEBEFA-4F77-4001-B5B8-DBE758685EB3}.Release|x64.Build.0 = Release|Any CPU
		{C8FEBEFA-4F77-4001-B5B8-DBE758685EB3}.Release|x86.ActiveCfg = Release|Any CPU
		{C8FEBEFA-4F77-4001-B5B8-DBE758685EB3}.Release|x86.Build.0 = Release|Any CPU
		{AE48D2EE-11CB-44AF-A99D-9FF4B20F2276}.Debug|Any CPU.ActiveCfg = Debug|Any CPU
		{AE48D2EE-11CB-44AF-A99D-9FF4B20F2276}.Debug|Any CPU.Build.0 = Debug|Any CPU
		{AE48D2EE-11CB-44AF-A99D-9FF4B20F2276}.Debug|ARM.ActiveCfg = Debug|Any CPU
		{AE48D2EE-11CB-44AF-A99D-9FF4B20F2276}.Debug|ARM.Build.0 = Debug|Any CPU
		{AE48D2EE-11CB-44AF-A99D-9FF4B20F2276}.Debug|ARM64.ActiveCfg = Debug|Any CPU
		{AE48D2EE-11CB-44AF-A99D-9FF4B20F2276}.Debug|ARM64.Build.0 = Debug|Any CPU
		{AE48D2EE-11CB-44AF-A99D-9FF4B20F2276}.Debug|x64.ActiveCfg = Debug|x64
		{AE48D2EE-11CB-44AF-A99D-9FF4B20F2276}.Debug|x64.Build.0 = Debug|x64
		{AE48D2EE-11CB-44AF-A99D-9FF4B20F2276}.Debug|x86.ActiveCfg = Debug|x86
		{AE48D2EE-11CB-44AF-A99D-9FF4B20F2276}.Debug|x86.Build.0 = Debug|x86
		{AE48D2EE-11CB-44AF-A99D-9FF4B20F2276}.Release|Any CPU.ActiveCfg = Release|Any CPU
		{AE48D2EE-11CB-44AF-A99D-9FF4B20F2276}.Release|Any CPU.Build.0 = Release|Any CPU
		{AE48D2EE-11CB-44AF-A99D-9FF4B20F2276}.Release|ARM.ActiveCfg = Release|Any CPU
		{AE48D2EE-11CB-44AF-A99D-9FF4B20F2276}.Release|ARM.Build.0 = Release|Any CPU
		{AE48D2EE-11CB-44AF-A99D-9FF4B20F2276}.Release|ARM64.ActiveCfg = Release|Any CPU
		{AE48D2EE-11CB-44AF-A99D-9FF4B20F2276}.Release|ARM64.Build.0 = Release|Any CPU
		{AE48D2EE-11CB-44AF-A99D-9FF4B20F2276}.Release|x64.ActiveCfg = Release|Any CPU
		{AE48D2EE-11CB-44AF-A99D-9FF4B20F2276}.Release|x64.Build.0 = Release|Any CPU
		{AE48D2EE-11CB-44AF-A99D-9FF4B20F2276}.Release|x86.ActiveCfg = Release|Any CPU
		{AE48D2EE-11CB-44AF-A99D-9FF4B20F2276}.Release|x86.Build.0 = Release|Any CPU
		{30476955-DCD7-4EF9-A6E5-F15CD4A78505}.Debug|Any CPU.ActiveCfg = Debug|x86
		{30476955-DCD7-4EF9-A6E5-F15CD4A78505}.Debug|Any CPU.Build.0 = Debug|x86
		{30476955-DCD7-4EF9-A6E5-F15CD4A78505}.Debug|ARM.ActiveCfg = Debug|Any CPU
		{30476955-DCD7-4EF9-A6E5-F15CD4A78505}.Debug|ARM.Build.0 = Debug|Any CPU
		{30476955-DCD7-4EF9-A6E5-F15CD4A78505}.Debug|ARM64.ActiveCfg = Debug|Any CPU
		{30476955-DCD7-4EF9-A6E5-F15CD4A78505}.Debug|ARM64.Build.0 = Debug|Any CPU
		{30476955-DCD7-4EF9-A6E5-F15CD4A78505}.Debug|x64.ActiveCfg = Debug|x64
		{30476955-DCD7-4EF9-A6E5-F15CD4A78505}.Debug|x64.Build.0 = Debug|x64
		{30476955-DCD7-4EF9-A6E5-F15CD4A78505}.Debug|x86.ActiveCfg = Debug|x86
		{30476955-DCD7-4EF9-A6E5-F15CD4A78505}.Debug|x86.Build.0 = Debug|x86
		{30476955-DCD7-4EF9-A6E5-F15CD4A78505}.Release|Any CPU.ActiveCfg = Release|Any CPU
		{30476955-DCD7-4EF9-A6E5-F15CD4A78505}.Release|Any CPU.Build.0 = Release|Any CPU
		{30476955-DCD7-4EF9-A6E5-F15CD4A78505}.Release|ARM.ActiveCfg = Release|Any CPU
		{30476955-DCD7-4EF9-A6E5-F15CD4A78505}.Release|ARM.Build.0 = Release|Any CPU
		{30476955-DCD7-4EF9-A6E5-F15CD4A78505}.Release|ARM64.ActiveCfg = Release|Any CPU
		{30476955-DCD7-4EF9-A6E5-F15CD4A78505}.Release|ARM64.Build.0 = Release|Any CPU
		{30476955-DCD7-4EF9-A6E5-F15CD4A78505}.Release|x64.ActiveCfg = Release|Any CPU
		{30476955-DCD7-4EF9-A6E5-F15CD4A78505}.Release|x64.Build.0 = Release|Any CPU
		{30476955-DCD7-4EF9-A6E5-F15CD4A78505}.Release|x86.ActiveCfg = Release|Any CPU
		{30476955-DCD7-4EF9-A6E5-F15CD4A78505}.Release|x86.Build.0 = Release|Any CPU
		{8645863F-9ACA-4723-802A-45AD8C7A738F}.Debug|Any CPU.ActiveCfg = Debug|x86
		{8645863F-9ACA-4723-802A-45AD8C7A738F}.Debug|ARM.ActiveCfg = Debug|ARM
		{8645863F-9ACA-4723-802A-45AD8C7A738F}.Debug|ARM.Build.0 = Debug|ARM
		{8645863F-9ACA-4723-802A-45AD8C7A738F}.Debug|ARM.Deploy.0 = Debug|ARM
		{8645863F-9ACA-4723-802A-45AD8C7A738F}.Debug|ARM64.ActiveCfg = Debug|ARM64
		{8645863F-9ACA-4723-802A-45AD8C7A738F}.Debug|ARM64.Build.0 = Debug|ARM64
		{8645863F-9ACA-4723-802A-45AD8C7A738F}.Debug|ARM64.Deploy.0 = Debug|ARM64
		{8645863F-9ACA-4723-802A-45AD8C7A738F}.Debug|x64.ActiveCfg = Debug|x64
		{8645863F-9ACA-4723-802A-45AD8C7A738F}.Debug|x64.Build.0 = Debug|x64
		{8645863F-9ACA-4723-802A-45AD8C7A738F}.Debug|x64.Deploy.0 = Debug|x64
		{8645863F-9ACA-4723-802A-45AD8C7A738F}.Debug|x86.ActiveCfg = Debug|x86
		{8645863F-9ACA-4723-802A-45AD8C7A738F}.Debug|x86.Build.0 = Debug|x86
		{8645863F-9ACA-4723-802A-45AD8C7A738F}.Debug|x86.Deploy.0 = Debug|x86
		{8645863F-9ACA-4723-802A-45AD8C7A738F}.Release|Any CPU.ActiveCfg = Release|x86
		{8645863F-9ACA-4723-802A-45AD8C7A738F}.Release|ARM.ActiveCfg = Release|ARM
		{8645863F-9ACA-4723-802A-45AD8C7A738F}.Release|ARM.Build.0 = Release|ARM
		{8645863F-9ACA-4723-802A-45AD8C7A738F}.Release|ARM.Deploy.0 = Release|ARM
		{8645863F-9ACA-4723-802A-45AD8C7A738F}.Release|ARM64.ActiveCfg = Release|ARM64
		{8645863F-9ACA-4723-802A-45AD8C7A738F}.Release|ARM64.Build.0 = Release|ARM64
		{8645863F-9ACA-4723-802A-45AD8C7A738F}.Release|ARM64.Deploy.0 = Release|ARM64
		{8645863F-9ACA-4723-802A-45AD8C7A738F}.Release|x64.ActiveCfg = Release|x64
		{8645863F-9ACA-4723-802A-45AD8C7A738F}.Release|x64.Build.0 = Release|x64
		{8645863F-9ACA-4723-802A-45AD8C7A738F}.Release|x64.Deploy.0 = Release|x64
		{8645863F-9ACA-4723-802A-45AD8C7A738F}.Release|x86.ActiveCfg = Release|x86
		{8645863F-9ACA-4723-802A-45AD8C7A738F}.Release|x86.Build.0 = Release|x86
		{8645863F-9ACA-4723-802A-45AD8C7A738F}.Release|x86.Deploy.0 = Release|x86
		{75F1379A-30AD-44AD-806C-5AB7DC78AA53}.Debug|Any CPU.ActiveCfg = Debug|Any CPU
		{75F1379A-30AD-44AD-806C-5AB7DC78AA53}.Debug|Any CPU.Build.0 = Debug|Any CPU
		{75F1379A-30AD-44AD-806C-5AB7DC78AA53}.Debug|ARM.ActiveCfg = Debug|ARM
		{75F1379A-30AD-44AD-806C-5AB7DC78AA53}.Debug|ARM.Build.0 = Debug|ARM
		{75F1379A-30AD-44AD-806C-5AB7DC78AA53}.Debug|ARM64.ActiveCfg = Debug|ARM64
		{75F1379A-30AD-44AD-806C-5AB7DC78AA53}.Debug|ARM64.Build.0 = Debug|ARM64
		{75F1379A-30AD-44AD-806C-5AB7DC78AA53}.Debug|x64.ActiveCfg = Debug|x64
		{75F1379A-30AD-44AD-806C-5AB7DC78AA53}.Debug|x64.Build.0 = Debug|x64
		{75F1379A-30AD-44AD-806C-5AB7DC78AA53}.Debug|x86.ActiveCfg = Debug|x86
		{75F1379A-30AD-44AD-806C-5AB7DC78AA53}.Debug|x86.Build.0 = Debug|x86
		{75F1379A-30AD-44AD-806C-5AB7DC78AA53}.Release|Any CPU.ActiveCfg = Release|Any CPU
		{75F1379A-30AD-44AD-806C-5AB7DC78AA53}.Release|Any CPU.Build.0 = Release|Any CPU
		{75F1379A-30AD-44AD-806C-5AB7DC78AA53}.Release|ARM.ActiveCfg = Release|ARM
		{75F1379A-30AD-44AD-806C-5AB7DC78AA53}.Release|ARM.Build.0 = Release|ARM
		{75F1379A-30AD-44AD-806C-5AB7DC78AA53}.Release|ARM64.ActiveCfg = Release|ARM64
		{75F1379A-30AD-44AD-806C-5AB7DC78AA53}.Release|ARM64.Build.0 = Release|ARM64
		{75F1379A-30AD-44AD-806C-5AB7DC78AA53}.Release|x64.ActiveCfg = Release|x64
		{75F1379A-30AD-44AD-806C-5AB7DC78AA53}.Release|x64.Build.0 = Release|x64
		{75F1379A-30AD-44AD-806C-5AB7DC78AA53}.Release|x86.ActiveCfg = Release|x86
		{75F1379A-30AD-44AD-806C-5AB7DC78AA53}.Release|x86.Build.0 = Release|x86
		{23ED1C64-C9F0-4DDC-969E-BB60EEC20E5F}.Debug|Any CPU.ActiveCfg = Debug|Any CPU
		{23ED1C64-C9F0-4DDC-969E-BB60EEC20E5F}.Debug|Any CPU.Build.0 = Debug|Any CPU
		{23ED1C64-C9F0-4DDC-969E-BB60EEC20E5F}.Debug|ARM.ActiveCfg = Debug|Any CPU
		{23ED1C64-C9F0-4DDC-969E-BB60EEC20E5F}.Debug|ARM.Build.0 = Debug|Any CPU
		{23ED1C64-C9F0-4DDC-969E-BB60EEC20E5F}.Debug|ARM64.ActiveCfg = Debug|Any CPU
		{23ED1C64-C9F0-4DDC-969E-BB60EEC20E5F}.Debug|ARM64.Build.0 = Debug|Any CPU
		{23ED1C64-C9F0-4DDC-969E-BB60EEC20E5F}.Debug|x64.ActiveCfg = Debug|x64
		{23ED1C64-C9F0-4DDC-969E-BB60EEC20E5F}.Debug|x64.Build.0 = Debug|x64
		{23ED1C64-C9F0-4DDC-969E-BB60EEC20E5F}.Debug|x86.ActiveCfg = Debug|x86
		{23ED1C64-C9F0-4DDC-969E-BB60EEC20E5F}.Debug|x86.Build.0 = Debug|x86
		{23ED1C64-C9F0-4DDC-969E-BB60EEC20E5F}.Release|Any CPU.ActiveCfg = Release|Any CPU
		{23ED1C64-C9F0-4DDC-969E-BB60EEC20E5F}.Release|Any CPU.Build.0 = Release|Any CPU
		{23ED1C64-C9F0-4DDC-969E-BB60EEC20E5F}.Release|ARM.ActiveCfg = Release|Any CPU
		{23ED1C64-C9F0-4DDC-969E-BB60EEC20E5F}.Release|ARM.Build.0 = Release|Any CPU
		{23ED1C64-C9F0-4DDC-969E-BB60EEC20E5F}.Release|ARM64.ActiveCfg = Release|Any CPU
		{23ED1C64-C9F0-4DDC-969E-BB60EEC20E5F}.Release|ARM64.Build.0 = Release|Any CPU
		{23ED1C64-C9F0-4DDC-969E-BB60EEC20E5F}.Release|x64.ActiveCfg = Release|Any CPU
		{23ED1C64-C9F0-4DDC-969E-BB60EEC20E5F}.Release|x64.Build.0 = Release|Any CPU
		{23ED1C64-C9F0-4DDC-969E-BB60EEC20E5F}.Release|x86.ActiveCfg = Release|Any CPU
		{23ED1C64-C9F0-4DDC-969E-BB60EEC20E5F}.Release|x86.Build.0 = Release|Any CPU
		{7397271E-82D2-49C3-8093-09898A397B88}.Debug|Any CPU.ActiveCfg = Debug|Any CPU
		{7397271E-82D2-49C3-8093-09898A397B88}.Debug|Any CPU.Build.0 = Debug|Any CPU
		{7397271E-82D2-49C3-8093-09898A397B88}.Debug|ARM.ActiveCfg = Debug|Any CPU
		{7397271E-82D2-49C3-8093-09898A397B88}.Debug|ARM.Build.0 = Debug|Any CPU
		{7397271E-82D2-49C3-8093-09898A397B88}.Debug|ARM64.ActiveCfg = Debug|Any CPU
		{7397271E-82D2-49C3-8093-09898A397B88}.Debug|ARM64.Build.0 = Debug|Any CPU
		{7397271E-82D2-49C3-8093-09898A397B88}.Debug|x64.ActiveCfg = Debug|x64
		{7397271E-82D2-49C3-8093-09898A397B88}.Debug|x64.Build.0 = Debug|x64
		{7397271E-82D2-49C3-8093-09898A397B88}.Debug|x86.ActiveCfg = Debug|x86
		{7397271E-82D2-49C3-8093-09898A397B88}.Debug|x86.Build.0 = Debug|x86
		{7397271E-82D2-49C3-8093-09898A397B88}.Release|Any CPU.ActiveCfg = Release|Any CPU
		{7397271E-82D2-49C3-8093-09898A397B88}.Release|Any CPU.Build.0 = Release|Any CPU
		{7397271E-82D2-49C3-8093-09898A397B88}.Release|ARM.ActiveCfg = Release|Any CPU
		{7397271E-82D2-49C3-8093-09898A397B88}.Release|ARM.Build.0 = Release|Any CPU
		{7397271E-82D2-49C3-8093-09898A397B88}.Release|ARM64.ActiveCfg = Release|Any CPU
		{7397271E-82D2-49C3-8093-09898A397B88}.Release|ARM64.Build.0 = Release|Any CPU
		{7397271E-82D2-49C3-8093-09898A397B88}.Release|x64.ActiveCfg = Release|Any CPU
		{7397271E-82D2-49C3-8093-09898A397B88}.Release|x64.Build.0 = Release|Any CPU
		{7397271E-82D2-49C3-8093-09898A397B88}.Release|x86.ActiveCfg = Release|Any CPU
		{7397271E-82D2-49C3-8093-09898A397B88}.Release|x86.Build.0 = Release|Any CPU
		{C86C3749-6743-4B04-9A2C-0FFF7DBE5A21}.Debug|Any CPU.ActiveCfg = Debug|Any CPU
		{C86C3749-6743-4B04-9A2C-0FFF7DBE5A21}.Debug|Any CPU.Build.0 = Debug|Any CPU
		{C86C3749-6743-4B04-9A2C-0FFF7DBE5A21}.Debug|ARM.ActiveCfg = Debug|Any CPU
		{C86C3749-6743-4B04-9A2C-0FFF7DBE5A21}.Debug|ARM.Build.0 = Debug|Any CPU
		{C86C3749-6743-4B04-9A2C-0FFF7DBE5A21}.Debug|ARM64.ActiveCfg = Debug|Any CPU
		{C86C3749-6743-4B04-9A2C-0FFF7DBE5A21}.Debug|ARM64.Build.0 = Debug|Any CPU
		{C86C3749-6743-4B04-9A2C-0FFF7DBE5A21}.Debug|x64.ActiveCfg = Debug|x64
		{C86C3749-6743-4B04-9A2C-0FFF7DBE5A21}.Debug|x64.Build.0 = Debug|x64
		{C86C3749-6743-4B04-9A2C-0FFF7DBE5A21}.Debug|x86.ActiveCfg = Debug|x86
		{C86C3749-6743-4B04-9A2C-0FFF7DBE5A21}.Debug|x86.Build.0 = Debug|x86
		{C86C3749-6743-4B04-9A2C-0FFF7DBE5A21}.Release|Any CPU.ActiveCfg = Release|Any CPU
		{C86C3749-6743-4B04-9A2C-0FFF7DBE5A21}.Release|Any CPU.Build.0 = Release|Any CPU
		{C86C3749-6743-4B04-9A2C-0FFF7DBE5A21}.Release|ARM.ActiveCfg = Release|Any CPU
		{C86C3749-6743-4B04-9A2C-0FFF7DBE5A21}.Release|ARM.Build.0 = Release|Any CPU
		{C86C3749-6743-4B04-9A2C-0FFF7DBE5A21}.Release|ARM64.ActiveCfg = Release|Any CPU
		{C86C3749-6743-4B04-9A2C-0FFF7DBE5A21}.Release|ARM64.Build.0 = Release|Any CPU
		{C86C3749-6743-4B04-9A2C-0FFF7DBE5A21}.Release|x64.ActiveCfg = Release|Any CPU
		{C86C3749-6743-4B04-9A2C-0FFF7DBE5A21}.Release|x64.Build.0 = Release|Any CPU
		{C86C3749-6743-4B04-9A2C-0FFF7DBE5A21}.Release|x86.ActiveCfg = Release|Any CPU
		{C86C3749-6743-4B04-9A2C-0FFF7DBE5A21}.Release|x86.Build.0 = Release|Any CPU
		{8C84A972-50E8-4967-A792-97CB5CE2E24F}.Debug|Any CPU.ActiveCfg = Debug|Any CPU
		{8C84A972-50E8-4967-A792-97CB5CE2E24F}.Debug|Any CPU.Build.0 = Debug|Any CPU
		{8C84A972-50E8-4967-A792-97CB5CE2E24F}.Debug|ARM.ActiveCfg = Debug|Any CPU
		{8C84A972-50E8-4967-A792-97CB5CE2E24F}.Debug|ARM.Build.0 = Debug|Any CPU
		{8C84A972-50E8-4967-A792-97CB5CE2E24F}.Debug|ARM64.ActiveCfg = Debug|Any CPU
		{8C84A972-50E8-4967-A792-97CB5CE2E24F}.Debug|ARM64.Build.0 = Debug|Any CPU
		{8C84A972-50E8-4967-A792-97CB5CE2E24F}.Debug|x64.ActiveCfg = Debug|x64
		{8C84A972-50E8-4967-A792-97CB5CE2E24F}.Debug|x64.Build.0 = Debug|x64
		{8C84A972-50E8-4967-A792-97CB5CE2E24F}.Debug|x86.ActiveCfg = Debug|x86
		{8C84A972-50E8-4967-A792-97CB5CE2E24F}.Debug|x86.Build.0 = Debug|x86
		{8C84A972-50E8-4967-A792-97CB5CE2E24F}.Release|Any CPU.ActiveCfg = Release|Any CPU
		{8C84A972-50E8-4967-A792-97CB5CE2E24F}.Release|Any CPU.Build.0 = Release|Any CPU
		{8C84A972-50E8-4967-A792-97CB5CE2E24F}.Release|ARM.ActiveCfg = Release|Any CPU
		{8C84A972-50E8-4967-A792-97CB5CE2E24F}.Release|ARM.Build.0 = Release|Any CPU
		{8C84A972-50E8-4967-A792-97CB5CE2E24F}.Release|ARM64.ActiveCfg = Release|Any CPU
		{8C84A972-50E8-4967-A792-97CB5CE2E24F}.Release|ARM64.Build.0 = Release|Any CPU
		{8C84A972-50E8-4967-A792-97CB5CE2E24F}.Release|x64.ActiveCfg = Release|Any CPU
		{8C84A972-50E8-4967-A792-97CB5CE2E24F}.Release|x64.Build.0 = Release|Any CPU
		{8C84A972-50E8-4967-A792-97CB5CE2E24F}.Release|x86.ActiveCfg = Release|Any CPU
		{8C84A972-50E8-4967-A792-97CB5CE2E24F}.Release|x86.Build.0 = Release|Any CPU
		{CD5E37C0-B58E-4BBE-8886-7B4FA0294516}.Debug|Any CPU.ActiveCfg = Debug|Any CPU
		{CD5E37C0-B58E-4BBE-8886-7B4FA0294516}.Debug|Any CPU.Build.0 = Debug|Any CPU
		{CD5E37C0-B58E-4BBE-8886-7B4FA0294516}.Debug|ARM.ActiveCfg = Debug|Any CPU
		{CD5E37C0-B58E-4BBE-8886-7B4FA0294516}.Debug|ARM.Build.0 = Debug|Any CPU
		{CD5E37C0-B58E-4BBE-8886-7B4FA0294516}.Debug|ARM64.ActiveCfg = Debug|Any CPU
		{CD5E37C0-B58E-4BBE-8886-7B4FA0294516}.Debug|ARM64.Build.0 = Debug|Any CPU
		{CD5E37C0-B58E-4BBE-8886-7B4FA0294516}.Debug|x64.ActiveCfg = Debug|x64
		{CD5E37C0-B58E-4BBE-8886-7B4FA0294516}.Debug|x64.Build.0 = Debug|x64
		{CD5E37C0-B58E-4BBE-8886-7B4FA0294516}.Debug|x86.ActiveCfg = Debug|x86
		{CD5E37C0-B58E-4BBE-8886-7B4FA0294516}.Debug|x86.Build.0 = Debug|x86
		{CD5E37C0-B58E-4BBE-8886-7B4FA0294516}.Release|Any CPU.ActiveCfg = Release|Any CPU
		{CD5E37C0-B58E-4BBE-8886-7B4FA0294516}.Release|Any CPU.Build.0 = Release|Any CPU
		{CD5E37C0-B58E-4BBE-8886-7B4FA0294516}.Release|ARM.ActiveCfg = Release|Any CPU
		{CD5E37C0-B58E-4BBE-8886-7B4FA0294516}.Release|ARM.Build.0 = Release|Any CPU
		{CD5E37C0-B58E-4BBE-8886-7B4FA0294516}.Release|ARM64.ActiveCfg = Release|Any CPU
		{CD5E37C0-B58E-4BBE-8886-7B4FA0294516}.Release|ARM64.Build.0 = Release|Any CPU
		{CD5E37C0-B58E-4BBE-8886-7B4FA0294516}.Release|x64.ActiveCfg = Release|Any CPU
		{CD5E37C0-B58E-4BBE-8886-7B4FA0294516}.Release|x64.Build.0 = Release|Any CPU
		{CD5E37C0-B58E-4BBE-8886-7B4FA0294516}.Release|x86.ActiveCfg = Release|Any CPU
		{CD5E37C0-B58E-4BBE-8886-7B4FA0294516}.Release|x86.Build.0 = Release|Any CPU
		{0E2A60EA-E559-42A0-A201-73070646A790}.Debug|Any CPU.ActiveCfg = Debug|Any CPU
		{0E2A60EA-E559-42A0-A201-73070646A790}.Debug|Any CPU.Build.0 = Debug|Any CPU
		{0E2A60EA-E559-42A0-A201-73070646A790}.Debug|ARM.ActiveCfg = Debug|Any CPU
		{0E2A60EA-E559-42A0-A201-73070646A790}.Debug|ARM.Build.0 = Debug|Any CPU
		{0E2A60EA-E559-42A0-A201-73070646A790}.Debug|ARM64.ActiveCfg = Debug|Any CPU
		{0E2A60EA-E559-42A0-A201-73070646A790}.Debug|ARM64.Build.0 = Debug|Any CPU
		{0E2A60EA-E559-42A0-A201-73070646A790}.Debug|x64.ActiveCfg = Debug|x64
		{0E2A60EA-E559-42A0-A201-73070646A790}.Debug|x64.Build.0 = Debug|x64
		{0E2A60EA-E559-42A0-A201-73070646A790}.Debug|x86.ActiveCfg = Debug|x86
		{0E2A60EA-E559-42A0-A201-73070646A790}.Debug|x86.Build.0 = Debug|x86
		{0E2A60EA-E559-42A0-A201-73070646A790}.Release|Any CPU.ActiveCfg = Release|Any CPU
		{0E2A60EA-E559-42A0-A201-73070646A790}.Release|Any CPU.Build.0 = Release|Any CPU
		{0E2A60EA-E559-42A0-A201-73070646A790}.Release|ARM.ActiveCfg = Release|Any CPU
		{0E2A60EA-E559-42A0-A201-73070646A790}.Release|ARM.Build.0 = Release|Any CPU
		{0E2A60EA-E559-42A0-A201-73070646A790}.Release|ARM64.ActiveCfg = Release|Any CPU
		{0E2A60EA-E559-42A0-A201-73070646A790}.Release|ARM64.Build.0 = Release|Any CPU
		{0E2A60EA-E559-42A0-A201-73070646A790}.Release|x64.ActiveCfg = Release|Any CPU
		{0E2A60EA-E559-42A0-A201-73070646A790}.Release|x64.Build.0 = Release|Any CPU
		{0E2A60EA-E559-42A0-A201-73070646A790}.Release|x86.ActiveCfg = Release|Any CPU
		{0E2A60EA-E559-42A0-A201-73070646A790}.Release|x86.Build.0 = Release|Any CPU
		{2CFE3B43-D918-4868-AE1A-A83EB662990B}.Debug|Any CPU.ActiveCfg = Debug|Any CPU
		{2CFE3B43-D918-4868-AE1A-A83EB662990B}.Debug|Any CPU.Build.0 = Debug|Any CPU
		{2CFE3B43-D918-4868-AE1A-A83EB662990B}.Debug|ARM.ActiveCfg = Debug|Any CPU
		{2CFE3B43-D918-4868-AE1A-A83EB662990B}.Debug|ARM.Build.0 = Debug|Any CPU
		{2CFE3B43-D918-4868-AE1A-A83EB662990B}.Debug|ARM64.ActiveCfg = Debug|Any CPU
		{2CFE3B43-D918-4868-AE1A-A83EB662990B}.Debug|ARM64.Build.0 = Debug|Any CPU
		{2CFE3B43-D918-4868-AE1A-A83EB662990B}.Debug|x64.ActiveCfg = Debug|Any CPU
		{2CFE3B43-D918-4868-AE1A-A83EB662990B}.Debug|x64.Build.0 = Debug|Any CPU
		{2CFE3B43-D918-4868-AE1A-A83EB662990B}.Debug|x86.ActiveCfg = Debug|Any CPU
		{2CFE3B43-D918-4868-AE1A-A83EB662990B}.Debug|x86.Build.0 = Debug|Any CPU
		{2CFE3B43-D918-4868-AE1A-A83EB662990B}.Release|Any CPU.ActiveCfg = Release|Any CPU
		{2CFE3B43-D918-4868-AE1A-A83EB662990B}.Release|Any CPU.Build.0 = Release|Any CPU
		{2CFE3B43-D918-4868-AE1A-A83EB662990B}.Release|ARM.ActiveCfg = Release|Any CPU
		{2CFE3B43-D918-4868-AE1A-A83EB662990B}.Release|ARM.Build.0 = Release|Any CPU
		{2CFE3B43-D918-4868-AE1A-A83EB662990B}.Release|ARM64.ActiveCfg = Release|Any CPU
		{2CFE3B43-D918-4868-AE1A-A83EB662990B}.Release|ARM64.Build.0 = Release|Any CPU
		{2CFE3B43-D918-4868-AE1A-A83EB662990B}.Release|x64.ActiveCfg = Release|Any CPU
		{2CFE3B43-D918-4868-AE1A-A83EB662990B}.Release|x64.Build.0 = Release|Any CPU
		{2CFE3B43-D918-4868-AE1A-A83EB662990B}.Release|x86.ActiveCfg = Release|Any CPU
		{2CFE3B43-D918-4868-AE1A-A83EB662990B}.Release|x86.Build.0 = Release|Any CPU
		{1471A271-3F9B-4EC8-866A-C01E93C3F21D}.Debug|Any CPU.ActiveCfg = Debug|x86
		{1471A271-3F9B-4EC8-866A-C01E93C3F21D}.Debug|ARM.ActiveCfg = Debug|ARM
		{1471A271-3F9B-4EC8-866A-C01E93C3F21D}.Debug|ARM.Build.0 = Debug|ARM
		{1471A271-3F9B-4EC8-866A-C01E93C3F21D}.Debug|ARM.Deploy.0 = Debug|ARM
		{1471A271-3F9B-4EC8-866A-C01E93C3F21D}.Debug|ARM64.ActiveCfg = Debug|ARM64
		{1471A271-3F9B-4EC8-866A-C01E93C3F21D}.Debug|ARM64.Build.0 = Debug|ARM64
		{1471A271-3F9B-4EC8-866A-C01E93C3F21D}.Debug|ARM64.Deploy.0 = Debug|ARM64
		{1471A271-3F9B-4EC8-866A-C01E93C3F21D}.Debug|x64.ActiveCfg = Debug|x64
		{1471A271-3F9B-4EC8-866A-C01E93C3F21D}.Debug|x64.Build.0 = Debug|x64
		{1471A271-3F9B-4EC8-866A-C01E93C3F21D}.Debug|x64.Deploy.0 = Debug|x64
		{1471A271-3F9B-4EC8-866A-C01E93C3F21D}.Debug|x86.ActiveCfg = Debug|x86
		{1471A271-3F9B-4EC8-866A-C01E93C3F21D}.Debug|x86.Build.0 = Debug|x86
		{1471A271-3F9B-4EC8-866A-C01E93C3F21D}.Debug|x86.Deploy.0 = Debug|x86
		{1471A271-3F9B-4EC8-866A-C01E93C3F21D}.Release|Any CPU.ActiveCfg = Release|x86
		{1471A271-3F9B-4EC8-866A-C01E93C3F21D}.Release|ARM.ActiveCfg = Release|ARM
		{1471A271-3F9B-4EC8-866A-C01E93C3F21D}.Release|ARM.Build.0 = Release|ARM
		{1471A271-3F9B-4EC8-866A-C01E93C3F21D}.Release|ARM.Deploy.0 = Release|ARM
		{1471A271-3F9B-4EC8-866A-C01E93C3F21D}.Release|ARM64.ActiveCfg = Release|ARM64
		{1471A271-3F9B-4EC8-866A-C01E93C3F21D}.Release|ARM64.Build.0 = Release|ARM64
		{1471A271-3F9B-4EC8-866A-C01E93C3F21D}.Release|ARM64.Deploy.0 = Release|ARM64
		{1471A271-3F9B-4EC8-866A-C01E93C3F21D}.Release|x64.ActiveCfg = Release|x64
		{1471A271-3F9B-4EC8-866A-C01E93C3F21D}.Release|x64.Build.0 = Release|x64
		{1471A271-3F9B-4EC8-866A-C01E93C3F21D}.Release|x64.Deploy.0 = Release|x64
		{1471A271-3F9B-4EC8-866A-C01E93C3F21D}.Release|x86.ActiveCfg = Release|x86
		{1471A271-3F9B-4EC8-866A-C01E93C3F21D}.Release|x86.Build.0 = Release|x86
		{1471A271-3F9B-4EC8-866A-C01E93C3F21D}.Release|x86.Deploy.0 = Release|x86
	EndGlobalSection
	GlobalSection(SolutionProperties) = preSolution
		HideSolutionNode = FALSE
	EndGlobalSection
	GlobalSection(NestedProjects) = preSolution
		{721C6919-2573-4F95-A3E5-6BFA1CC32105} = {B3DACDD9-9778-41D0-9108-2BB7BC21F3C3}
		{A47AA02C-6BEB-4228-B8C2-6351D2464CB1} = {A46DD0B3-1569-472D-9C7D-3CFCF02E0797}
		{26E0F87D-A74C-430D-A636-353944164DA0} = {B3DACDD9-9778-41D0-9108-2BB7BC21F3C3}
		{5AE70E0E-514E-4450-B91B-1B2EC121D9A1} = {B3DACDD9-9778-41D0-9108-2BB7BC21F3C3}
		{A575D8A9-9460-4BC0-9898-DDEF555195C1} = {88419833-94E5-4A6A-85D7-968EDE82EB37}
		{1DCF22F3-F5FA-4C18-A9E3-75BB5718D6CF} = {88419833-94E5-4A6A-85D7-968EDE82EB37}
		{53BB7BDA-42EC-48B0-8361-726F59AA5568} = {1DCF22F3-F5FA-4C18-A9E3-75BB5718D6CF}
		{C7E9F747-34A8-4609-80D7-59A8240FD256} = {1DCF22F3-F5FA-4C18-A9E3-75BB5718D6CF}
		{87E08E73-2C4F-4F31-BEAB-55E08711144A} = {721C6919-2573-4F95-A3E5-6BFA1CC32105}
		{FC486B81-D474-478E-9A77-0F912D7AA393} = {78EFD67C-0932-4AEF-99EC-521118886AF2}
		{74814BF0-0B88-4922-AA8C-42E8DE15034D} = {1DCF22F3-F5FA-4C18-A9E3-75BB5718D6CF}
		{3C8014F3-5EFA-48F0-8081-19FF30AE5423} = {26E0F87D-A74C-430D-A636-353944164DA0}
		{824D7526-959E-4467-BBFE-D99953361F74} = {145CF822-F5C4-482A-9E2B-D0B143AB04F6}
		{52855C50-B1E5-4DCE-AFC8-226887C7C9E1} = {145CF822-F5C4-482A-9E2B-D0B143AB04F6}
		{C8FEBEFA-4F77-4001-B5B8-DBE758685EB3} = {78EFD67C-0932-4AEF-99EC-521118886AF2}
		{AE48D2EE-11CB-44AF-A99D-9FF4B20F2276} = {1DCF22F3-F5FA-4C18-A9E3-75BB5718D6CF}
		{30476955-DCD7-4EF9-A6E5-F15CD4A78505} = {824D7526-959E-4467-BBFE-D99953361F74}
		{8645863F-9ACA-4723-802A-45AD8C7A738F} = {52855C50-B1E5-4DCE-AFC8-226887C7C9E1}
		{75F1379A-30AD-44AD-806C-5AB7DC78AA53} = {52855C50-B1E5-4DCE-AFC8-226887C7C9E1}
		{23ED1C64-C9F0-4DDC-969E-BB60EEC20E5F} = {26E0F87D-A74C-430D-A636-353944164DA0}
		{7397271E-82D2-49C3-8093-09898A397B88} = {1DCF22F3-F5FA-4C18-A9E3-75BB5718D6CF}
		{E62BE8E1-5EDD-46AC-AD40-EB7744F05029} = {145CF822-F5C4-482A-9E2B-D0B143AB04F6}
		{C86C3749-6743-4B04-9A2C-0FFF7DBE5A21} = {E62BE8E1-5EDD-46AC-AD40-EB7744F05029}
		{8C84A972-50E8-4967-A792-97CB5CE2E24F} = {E62BE8E1-5EDD-46AC-AD40-EB7744F05029}
		{CD5E37C0-B58E-4BBE-8886-7B4FA0294516} = {145CF822-F5C4-482A-9E2B-D0B143AB04F6}
		{A897041A-69AB-47DC-826B-18CBB96E4999} = {145CF822-F5C4-482A-9E2B-D0B143AB04F6}
		{0E2A60EA-E559-42A0-A201-73070646A790} = {A897041A-69AB-47DC-826B-18CBB96E4999}
		{2CFE3B43-D918-4868-AE1A-A83EB662990B} = {145CF822-F5C4-482A-9E2B-D0B143AB04F6}
		{1471A271-3F9B-4EC8-866A-C01E93C3F21D} = {52855C50-B1E5-4DCE-AFC8-226887C7C9E1}
	EndGlobalSection
	GlobalSection(ExtensibilityGlobals) = postSolution
		SolutionGuid = {F07AC154-6D4A-4E9E-AAB4-48BB13BD6014}
	EndGlobalSection
EndGlobal
